{
  "version": 4,
  "terraform_version": "1.2.6",
  "serial": 1235,
  "lineage": "e1c4347a-064c-4f01-f91f-1d87abf50003",
  "outputs": {},
  "resources": [
    {
      "module": "module.api_gateway",
      "mode": "managed",
      "type": "aws_api_gateway_deployment",
      "name": "rest_api_deployment",
      "provider": "provider[\"registry.terraform.io/hashicorp/aws\"]",
      "instances": [
        {
          "index_key": "dev",
          "schema_version": 0,
          "attributes": {
            "created_date": "2022-09-01T02:10:17Z",
            "description": "",
            "execution_arn": "arn:aws:execute-api:us-east-1:155516267556:9qujtlyj76/dev",
            "id": "skmmx5",
            "invoke_url": "https://9qujtlyj76.execute-api.us-east-1.amazonaws.com/dev",
            "rest_api_id": "9qujtlyj76",
            "stage_description": null,
            "stage_name": "dev",
            "triggers": {
              "redeployment": "d8b9112b41677a2e94cf98ed0106ba8dd42ecb24"
            },
            "variables": null
          },
          "sensitive_attributes": [],
          "private": "bnVsbA==",
          "dependencies": [
            "module.api_gateway.aws_api_gateway_rest_api.rest_api",
            "module.lambda_functions.aws_cloudwatch_log_group.lambda_log_group",
            "module.lambda_functions.aws_iam_role.lambda_execution_role",
            "module.lambda_functions.aws_iam_role_policy_attachment.lambda_policy",
            "module.lambda_functions.aws_lambda_function.lambda_function",
            "module.lambda_functions.aws_s3_bucket.lambda_bucket",
            "module.lambda_functions.aws_s3_bucket_acl.lambda_bucket_acl",
            "module.lambda_functions.aws_s3_object.lambda_code",
            "module.lambda_functions.data.archive_file.lambda_code"
          ],
          "create_before_destroy": true
        },
        {
          "index_key": "ng",
          "schema_version": 0,
          "attributes": {
            "created_date": "2022-09-01T02:10:19Z",
            "description": "",
            "execution_arn": "arn:aws:execute-api:us-east-1:155516267556:9qujtlyj76/ng",
            "id": "ncgwio",
            "invoke_url": "https://9qujtlyj76.execute-api.us-east-1.amazonaws.com/ng",
            "rest_api_id": "9qujtlyj76",
            "stage_description": null,
            "stage_name": "ng",
            "triggers": {
              "redeployment": "d8b9112b41677a2e94cf98ed0106ba8dd42ecb24"
            },
            "variables": null
          },
          "sensitive_attributes": [],
          "private": "bnVsbA==",
          "dependencies": [
            "module.api_gateway.aws_api_gateway_rest_api.rest_api",
            "module.lambda_functions.aws_cloudwatch_log_group.lambda_log_group",
            "module.lambda_functions.aws_iam_role.lambda_execution_role",
            "module.lambda_functions.aws_iam_role_policy_attachment.lambda_policy",
            "module.lambda_functions.aws_lambda_function.lambda_function",
            "module.lambda_functions.aws_s3_bucket.lambda_bucket",
            "module.lambda_functions.aws_s3_bucket_acl.lambda_bucket_acl",
            "module.lambda_functions.aws_s3_object.lambda_code",
            "module.lambda_functions.data.archive_file.lambda_code"
          ],
          "create_before_destroy": true
        },
        {
          "index_key": "qa",
          "schema_version": 0,
          "attributes": {
            "created_date": "2022-09-01T02:10:13Z",
            "description": "",
            "execution_arn": "arn:aws:execute-api:us-east-1:155516267556:9qujtlyj76/qa",
            "id": "pyn3oy",
            "invoke_url": "https://9qujtlyj76.execute-api.us-east-1.amazonaws.com/qa",
            "rest_api_id": "9qujtlyj76",
            "stage_description": null,
            "stage_name": "qa",
            "triggers": {
              "redeployment": "d8b9112b41677a2e94cf98ed0106ba8dd42ecb24"
            },
            "variables": null
          },
          "sensitive_attributes": [],
          "private": "bnVsbA==",
          "dependencies": [
            "module.api_gateway.aws_api_gateway_rest_api.rest_api",
            "module.lambda_functions.aws_cloudwatch_log_group.lambda_log_group",
            "module.lambda_functions.aws_iam_role.lambda_execution_role",
            "module.lambda_functions.aws_iam_role_policy_attachment.lambda_policy",
            "module.lambda_functions.aws_lambda_function.lambda_function",
            "module.lambda_functions.aws_s3_bucket.lambda_bucket",
            "module.lambda_functions.aws_s3_bucket_acl.lambda_bucket_acl",
            "module.lambda_functions.aws_s3_object.lambda_code",
            "module.lambda_functions.data.archive_file.lambda_code"
          ],
          "create_before_destroy": true
        },
        {
          "index_key": "uat",
          "schema_version": 0,
          "attributes": {
            "created_date": "2022-09-01T02:10:14Z",
            "description": "",
            "execution_arn": "arn:aws:execute-api:us-east-1:155516267556:9qujtlyj76/uat",
            "id": "v721cp",
            "invoke_url": "https://9qujtlyj76.execute-api.us-east-1.amazonaws.com/uat",
            "rest_api_id": "9qujtlyj76",
            "stage_description": null,
            "stage_name": "uat",
            "triggers": {
              "redeployment": "d8b9112b41677a2e94cf98ed0106ba8dd42ecb24"
            },
            "variables": null
          },
          "sensitive_attributes": [],
          "private": "bnVsbA==",
          "dependencies": [
            "module.api_gateway.aws_api_gateway_rest_api.rest_api",
            "module.lambda_functions.aws_cloudwatch_log_group.lambda_log_group",
            "module.lambda_functions.aws_iam_role.lambda_execution_role",
            "module.lambda_functions.aws_iam_role_policy_attachment.lambda_policy",
            "module.lambda_functions.aws_lambda_function.lambda_function",
            "module.lambda_functions.aws_s3_bucket.lambda_bucket",
            "module.lambda_functions.aws_s3_bucket_acl.lambda_bucket_acl",
            "module.lambda_functions.aws_s3_object.lambda_code",
            "module.lambda_functions.data.archive_file.lambda_code"
          ],
          "create_before_destroy": true
        }
      ]
    },
    {
      "module": "module.api_gateway",
      "mode": "managed",
      "type": "aws_api_gateway_rest_api",
      "name": "rest_api",
      "provider": "provider[\"registry.terraform.io/hashicorp/aws\"]",
      "instances": [
        {
          "schema_version": 0,
          "attributes": {
            "api_key_source": "HEADER",
            "arn": "arn:aws:apigateway:us-east-1::/restapis/9qujtlyj76",
            "binary_media_types": [],
            "body": "openapi: 3.0.3\n\ninfo:\n  title: Example API\n  description: API defining the operations available in the Example API\n  version: 0.1.0\nservers:\n  - url: 'https://example.com/api/v1'\n    description: Production API endpoint for the Example API\npaths:\n  /hello/{name}:\n    get:\n      operationId: 'sayHello'\n      parameters:\n        - name: 'name'\n          in: 'path'\n          required: true\n          schema:\n            type: 'string'\n      responses:\n        '200':\n          description: '200 response'\n          content:\n            application/json:\n              schema:\n                $ref: '#/components/schemas/Message'\n      x-amazon-apigateway-integration:\n        type: 'AWS_PROXY'\n        credentials: 'arn:aws:iam::155516267556:role/Developer'\n        httpMethod: 'POST'\n        uri: 'arn:aws:apigateway:us-east-1:lambda:path/2015-03-31/functions/arn:aws:lambda:us-east-1:155516267556:function:hello-handler-${stageVariables.envName}/invocations'\n        responses:\n          default:\n            statusCode: '200'\n        passthroughBehavior: 'when_no_match'\n        contentHandling: 'CONVERT_TO_TEXT'\n    options:\n      responses:\n        200:\n          $ref: '#/components/responses/cors'\n        400:\n          $ref: '#/components/responses/cors'\n        500:\n          $ref: '#/components/responses/cors'\n      x-amazon-apigateway-integration:\n        responses:\n          default:\n            statusCode: '200'\n            responseParameters:\n              method.response.header.Access-Control-Max-Age: \"'7200'\"\n              method.response.header.Access-Control-Allow-Methods: \"'OPTIONS,HEAD,GET,POST,PUT,PATCH,DELETE'\"\n              method.response.header.Access-Control-Allow-Headers: \"'Content-Type,X-Amz-Date,Authorization,X-Api-Key,X-Amz-Security-Token'\"\n              method.response.header.Access-Control-Allow-Origin: \"'*'\"\n        passthroughBehavior: 'when_no_match'\n        timeoutInMillis: 29000\n        requestTemplates:\n          application/json: '{ \"statusCode\": 200 }'\n        type: 'MOCK'\n  /goodbye:\n    get:\n      operationId: 'sayGoodbye'\n      responses:\n        '200':\n          description: '200 response'\n          content:\n            application/json:\n              schema:\n                $ref: '#/components/schemas/Message'\n      x-amazon-apigateway-integration:\n        type: 'AWS_PROXY'\n        credentials: 'arn:aws:iam::155516267556:role/Developer'\n        httpMethod: 'POST'\n        uri: 'arn:aws:apigateway:us-east-1:lambda:path/2015-03-31/functions/arn:aws:lambda:us-east-1:155516267556:function:goodbye-handler-${stageVariables.envName}/invocations'\n        responses:\n          default:\n            statusCode: '200'\n        passthroughBehavior: 'when_no_match'\n        contentHandling: 'CONVERT_TO_TEXT'\n    options:\n      responses:\n        200:\n          $ref: '#/components/responses/cors'\n        400:\n          $ref: '#/components/responses/cors'\n        500:\n          $ref: '#/components/responses/cors'\n      x-amazon-apigateway-integration:\n        responses:\n          default:\n            statusCode: '200'\n            responseParameters:\n              method.response.header.Access-Control-Max-Age: \"'7200'\"\n              method.response.header.Access-Control-Allow-Methods: \"'OPTIONS,HEAD,GET,POST,PUT,PATCH,DELETE'\"\n              method.response.header.Access-Control-Allow-Headers: \"'Content-Type,X-Amz-Date,Authorization,X-Api-Key,X-Amz-Security-Token'\"\n              method.response.header.Access-Control-Allow-Origin: \"'*'\"\n        passthroughBehavior: 'when_no_match'\n        timeoutInMillis: 29000\n        requestTemplates:\n          application/json: '{ \"statusCode\": 200 }'\n        type: 'MOCK'\n  /games/{gameId}:\n    get:\n      operationId: 'gameById'\n      responses:\n        '200':\n          description: '200 response'\n          content:\n            application/json:\n              schema:\n                $ref: '#/components/schemas/Message'\n      x-amazon-apigateway-integration:\n        type: 'AWS_PROXY'\n        credentials: 'arn:aws:iam::155516267556:role/Developer'\n        httpMethod: 'POST'\n        uri: 'arn:aws:apigateway:us-east-1:lambda:path/2015-03-31/functions/arn:aws:lambda:us-east-1:155516267556:function:gameById-handler-${stageVariables.envName}/invocations'\n        responses:\n          default:\n            statusCode: '200'\n        passthroughBehavior: 'when_no_match'\n        contentHandling: 'CONVERT_TO_TEXT'\n    options:\n      responses:\n        200:\n          $ref: '#/components/responses/cors'\n        400:\n          $ref: '#/components/responses/cors'\n        500:\n          $ref: '#/components/responses/cors'\n      x-amazon-apigateway-integration:\n        responses:\n          default:\n            statusCode: '200'\n            responseParameters:\n              method.response.header.Access-Control-Max-Age: \"'7200'\"\n              method.response.header.Access-Control-Allow-Methods: \"'OPTIONS,HEAD,GET,POST,PUT,PATCH,DELETE'\"\n              method.response.header.Access-Control-Allow-Headers: \"'Content-Type,X-Amz-Date,Authorization,X-Api-Key,X-Amz-Security-Token'\"\n              method.response.header.Access-Control-Allow-Origin: \"'*'\"\n        passthroughBehavior: 'when_no_match'\n        timeoutInMillis: 29000\n        requestTemplates:\n          application/json: '{ \"statusCode\": 200 }'\n        type: 'MOCK'\ncomponents:\n  schemas:\n    Message:\n      type: object\n      properties:\n        message:\n          type: string\n  responses:\n    404NotFound:\n      description: The specified resource was not found.\n      headers:\n        Access-Control-Allow-Origin:\n          schema:\n            type: 'string'\n        Access-Control-Allow-Methods:\n          schema:\n            type: 'string'\n        Access-Control-Max-Age:\n          schema:\n            type: 'string'\n        Access-Control-Allow-Headers:\n          schema:\n            type: 'string'\n      content:\n        application/json:\n          schema:\n            type: object\n            properties:\n              statusCode:\n                type: string\n                example: '404'\n              message:\n                type: string\n                example: The specified resource was not found\n    500APIError:\n      description: Unexpected error\n      headers:\n        Access-Control-Allow-Origin:\n          schema:\n            type: 'string'\n        Access-Control-Allow-Methods:\n          schema:\n            type: 'string'\n        Access-Control-Max-Age:\n          schema:\n            type: 'string'\n        Access-Control-Allow-Headers:\n          schema:\n            type: 'string'\n      content:\n        application/json:\n          schema:\n            type: object\n            properties:\n              statusCode:\n                type: string\n                example: '500'\n              message:\n                type: string\n                example: This is an error\n    lambda:\n      description: Lambda\n      headers:\n        Access-Control-Allow-Origin:\n          schema:\n            type: 'string'\n        Access-Control-Allow-Methods:\n          schema:\n            type: 'string'\n        Access-Control-Max-Age:\n          schema:\n            type: 'string'\n        Access-Control-Allow-Headers:\n          schema:\n            type: 'string'\n      content:\n        application/json:\n          schema:\n            $ref: '#/components/schemas/Lambda'\n    cors:\n      description: '200 response'\n      headers:\n        Access-Control-Allow-Origin:\n          schema:\n            type: 'string'\n        Access-Control-Allow-Methods:\n          schema:\n            type: 'string'\n        Access-Control-Max-Age:\n          schema:\n            type: 'string'\n        Access-Control-Allow-Headers:\n          schema:\n            type: 'string'\n      content:\n        application/json:\n          schema:\n            $ref: '#/components/schemas/Empty'\n",
            "created_date": "2022-09-01T02:10:11Z",
            "description": "API defining the operations available in the Example API",
            "disable_execute_api_endpoint": false,
            "endpoint_configuration": [
              {
                "types": [
                  "REGIONAL"
                ],
                "vpc_endpoint_ids": []
              }
            ],
            "execution_arn": "arn:aws:execute-api:us-east-1:155516267556:9qujtlyj76",
            "id": "9qujtlyj76",
            "minimum_compression_size": -1,
            "name": "terraform-api-gateway-example",
            "parameters": null,
            "policy": "",
            "put_rest_api_mode": null,
            "root_resource_id": "dbef65ixva",
            "tags": null,
            "tags_all": {}
          },
          "sensitive_attributes": [],
          "private": "bnVsbA==",
          "dependencies": [
            "module.lambda_functions.aws_cloudwatch_log_group.lambda_log_group",
            "module.lambda_functions.aws_iam_role.lambda_execution_role",
            "module.lambda_functions.aws_iam_role_policy_attachment.lambda_policy",
            "module.lambda_functions.aws_lambda_function.lambda_function",
            "module.lambda_functions.aws_s3_bucket.lambda_bucket",
            "module.lambda_functions.aws_s3_bucket_acl.lambda_bucket_acl",
            "module.lambda_functions.aws_s3_object.lambda_code",
            "module.lambda_functions.data.archive_file.lambda_code"
          ],
          "create_before_destroy": true
        }
      ]
    },
    {
      "module": "module.api_gateway",
      "mode": "managed",
      "type": "aws_lambda_permission",
      "name": "api_gateway_lambda",
      "provider": "provider[\"registry.terraform.io/hashicorp/aws\"]",
      "instances": [
        {
          "index_key": "gameById-dev",
          "schema_version": 0,
          "attributes": {
            "action": "lambda:InvokeFunction",
            "event_source_token": null,
            "function_name": "gameById-handler-dev",
            "function_url_auth_type": null,
            "id": "AllowExecutionFromAPIGateway",
            "principal": "apigateway.amazonaws.com",
            "principal_org_id": null,
            "qualifier": "",
            "source_account": null,
            "source_arn": "arn:aws:execute-api:us-east-1:155516267556:9qujtlyj76/*/GET/games/{gameId}}",
            "statement_id": "AllowExecutionFromAPIGateway",
            "statement_id_prefix": ""
          },
          "sensitive_attributes": [],
          "private": "bnVsbA==",
          "dependencies": [
            "module.api_gateway.aws_api_gateway_rest_api.rest_api",
            "module.lambda_functions.aws_cloudwatch_log_group.lambda_log_group",
            "module.lambda_functions.aws_iam_role.lambda_execution_role",
            "module.lambda_functions.aws_iam_role_policy_attachment.lambda_policy",
            "module.lambda_functions.aws_lambda_function.lambda_function",
            "module.lambda_functions.aws_s3_bucket.lambda_bucket",
            "module.lambda_functions.aws_s3_bucket_acl.lambda_bucket_acl",
            "module.lambda_functions.aws_s3_object.lambda_code",
            "module.lambda_functions.data.archive_file.lambda_code"
          ]
        },
        {
          "index_key": "gameById-ng",
          "schema_version": 0,
          "attributes": {
            "action": "lambda:InvokeFunction",
            "event_source_token": null,
            "function_name": "gameById-handler-ng",
            "function_url_auth_type": null,
            "id": "AllowExecutionFromAPIGateway",
            "principal": "apigateway.amazonaws.com",
            "principal_org_id": null,
            "qualifier": "",
            "source_account": null,
            "source_arn": "arn:aws:execute-api:us-east-1:155516267556:9qujtlyj76/*/GET/games/{gameId}}",
            "statement_id": "AllowExecutionFromAPIGateway",
            "statement_id_prefix": ""
          },
          "sensitive_attributes": [],
          "private": "bnVsbA==",
          "dependencies": [
            "module.api_gateway.aws_api_gateway_rest_api.rest_api",
            "module.lambda_functions.aws_cloudwatch_log_group.lambda_log_group",
            "module.lambda_functions.aws_iam_role.lambda_execution_role",
            "module.lambda_functions.aws_iam_role_policy_attachment.lambda_policy",
            "module.lambda_functions.aws_lambda_function.lambda_function",
            "module.lambda_functions.aws_s3_bucket.lambda_bucket",
            "module.lambda_functions.aws_s3_bucket_acl.lambda_bucket_acl",
            "module.lambda_functions.aws_s3_object.lambda_code",
            "module.lambda_functions.data.archive_file.lambda_code"
          ]
        },
        {
          "index_key": "gameById-qa",
          "schema_version": 0,
          "attributes": {
            "action": "lambda:InvokeFunction",
            "event_source_token": null,
            "function_name": "gameById-handler-qa",
            "function_url_auth_type": null,
            "id": "AllowExecutionFromAPIGateway",
            "principal": "apigateway.amazonaws.com",
            "principal_org_id": null,
            "qualifier": "",
            "source_account": null,
            "source_arn": "arn:aws:execute-api:us-east-1:155516267556:9qujtlyj76/*/GET/games/{gameId}}",
            "statement_id": "AllowExecutionFromAPIGateway",
            "statement_id_prefix": ""
          },
          "sensitive_attributes": [],
          "private": "bnVsbA==",
          "dependencies": [
            "module.api_gateway.aws_api_gateway_rest_api.rest_api",
            "module.lambda_functions.aws_cloudwatch_log_group.lambda_log_group",
            "module.lambda_functions.aws_iam_role.lambda_execution_role",
            "module.lambda_functions.aws_iam_role_policy_attachment.lambda_policy",
            "module.lambda_functions.aws_lambda_function.lambda_function",
            "module.lambda_functions.aws_s3_bucket.lambda_bucket",
            "module.lambda_functions.aws_s3_bucket_acl.lambda_bucket_acl",
            "module.lambda_functions.aws_s3_object.lambda_code",
            "module.lambda_functions.data.archive_file.lambda_code"
          ]
        },
        {
          "index_key": "gameById-uat",
          "schema_version": 0,
          "attributes": {
            "action": "lambda:InvokeFunction",
            "event_source_token": null,
            "function_name": "gameById-handler-uat",
            "function_url_auth_type": null,
            "id": "AllowExecutionFromAPIGateway",
            "principal": "apigateway.amazonaws.com",
            "principal_org_id": null,
            "qualifier": "",
            "source_account": null,
            "source_arn": "arn:aws:execute-api:us-east-1:155516267556:9qujtlyj76/*/GET/games/{gameId}}",
            "statement_id": "AllowExecutionFromAPIGateway",
            "statement_id_prefix": ""
          },
          "sensitive_attributes": [],
          "private": "bnVsbA==",
          "dependencies": [
            "module.api_gateway.aws_api_gateway_rest_api.rest_api",
            "module.lambda_functions.aws_cloudwatch_log_group.lambda_log_group",
            "module.lambda_functions.aws_iam_role.lambda_execution_role",
            "module.lambda_functions.aws_iam_role_policy_attachment.lambda_policy",
            "module.lambda_functions.aws_lambda_function.lambda_function",
            "module.lambda_functions.aws_s3_bucket.lambda_bucket",
            "module.lambda_functions.aws_s3_bucket_acl.lambda_bucket_acl",
            "module.lambda_functions.aws_s3_object.lambda_code",
            "module.lambda_functions.data.archive_file.lambda_code"
          ]
        },
        {
          "index_key": "goodbye-dev",
          "schema_version": 0,
          "attributes": {
            "action": "lambda:InvokeFunction",
            "event_source_token": null,
            "function_name": "goodbye-handler-dev",
            "function_url_auth_type": null,
            "id": "AllowExecutionFromAPIGateway",
            "principal": "apigateway.amazonaws.com",
            "principal_org_id": null,
            "qualifier": "",
            "source_account": null,
            "source_arn": "arn:aws:execute-api:us-east-1:155516267556:9qujtlyj76/*/GET/goodbye}",
            "statement_id": "AllowExecutionFromAPIGateway",
            "statement_id_prefix": ""
          },
          "sensitive_attributes": [],
          "private": "bnVsbA==",
          "dependencies": [
            "module.api_gateway.aws_api_gateway_rest_api.rest_api",
            "module.lambda_functions.aws_cloudwatch_log_group.lambda_log_group",
            "module.lambda_functions.aws_iam_role.lambda_execution_role",
            "module.lambda_functions.aws_iam_role_policy_attachment.lambda_policy",
            "module.lambda_functions.aws_lambda_function.lambda_function",
            "module.lambda_functions.aws_s3_bucket.lambda_bucket",
            "module.lambda_functions.aws_s3_bucket_acl.lambda_bucket_acl",
            "module.lambda_functions.aws_s3_object.lambda_code",
            "module.lambda_functions.data.archive_file.lambda_code"
          ]
        },
        {
          "index_key": "goodbye-ng",
          "schema_version": 0,
          "attributes": {
            "action": "lambda:InvokeFunction",
            "event_source_token": null,
            "function_name": "goodbye-handler-ng",
            "function_url_auth_type": null,
            "id": "AllowExecutionFromAPIGateway",
            "principal": "apigateway.amazonaws.com",
            "principal_org_id": null,
            "qualifier": "",
            "source_account": null,
            "source_arn": "arn:aws:execute-api:us-east-1:155516267556:9qujtlyj76/*/GET/goodbye}",
            "statement_id": "AllowExecutionFromAPIGateway",
            "statement_id_prefix": ""
          },
          "sensitive_attributes": [],
          "private": "bnVsbA==",
          "dependencies": [
            "module.api_gateway.aws_api_gateway_rest_api.rest_api",
            "module.lambda_functions.aws_cloudwatch_log_group.lambda_log_group",
            "module.lambda_functions.aws_iam_role.lambda_execution_role",
            "module.lambda_functions.aws_iam_role_policy_attachment.lambda_policy",
            "module.lambda_functions.aws_lambda_function.lambda_function",
            "module.lambda_functions.aws_s3_bucket.lambda_bucket",
            "module.lambda_functions.aws_s3_bucket_acl.lambda_bucket_acl",
            "module.lambda_functions.aws_s3_object.lambda_code",
            "module.lambda_functions.data.archive_file.lambda_code"
          ]
        },
        {
          "index_key": "goodbye-qa",
          "schema_version": 0,
          "attributes": {
            "action": "lambda:InvokeFunction",
            "event_source_token": null,
            "function_name": "goodbye-handler-qa",
            "function_url_auth_type": null,
            "id": "AllowExecutionFromAPIGateway",
            "principal": "apigateway.amazonaws.com",
            "principal_org_id": null,
            "qualifier": "",
            "source_account": null,
            "source_arn": "arn:aws:execute-api:us-east-1:155516267556:9qujtlyj76/*/GET/goodbye}",
            "statement_id": "AllowExecutionFromAPIGateway",
            "statement_id_prefix": ""
          },
          "sensitive_attributes": [],
          "private": "bnVsbA==",
          "dependencies": [
            "module.api_gateway.aws_api_gateway_rest_api.rest_api",
            "module.lambda_functions.aws_cloudwatch_log_group.lambda_log_group",
            "module.lambda_functions.aws_iam_role.lambda_execution_role",
            "module.lambda_functions.aws_iam_role_policy_attachment.lambda_policy",
            "module.lambda_functions.aws_lambda_function.lambda_function",
            "module.lambda_functions.aws_s3_bucket.lambda_bucket",
            "module.lambda_functions.aws_s3_bucket_acl.lambda_bucket_acl",
            "module.lambda_functions.aws_s3_object.lambda_code",
            "module.lambda_functions.data.archive_file.lambda_code"
          ]
        },
        {
          "index_key": "goodbye-uat",
          "schema_version": 0,
          "attributes": {
            "action": "lambda:InvokeFunction",
            "event_source_token": null,
            "function_name": "goodbye-handler-uat",
            "function_url_auth_type": null,
            "id": "AllowExecutionFromAPIGateway",
            "principal": "apigateway.amazonaws.com",
            "principal_org_id": null,
            "qualifier": "",
            "source_account": null,
            "source_arn": "arn:aws:execute-api:us-east-1:155516267556:9qujtlyj76/*/GET/goodbye}",
            "statement_id": "AllowExecutionFromAPIGateway",
            "statement_id_prefix": ""
          },
          "sensitive_attributes": [],
          "private": "bnVsbA==",
          "dependencies": [
            "module.api_gateway.aws_api_gateway_rest_api.rest_api",
            "module.lambda_functions.aws_cloudwatch_log_group.lambda_log_group",
            "module.lambda_functions.aws_iam_role.lambda_execution_role",
            "module.lambda_functions.aws_iam_role_policy_attachment.lambda_policy",
            "module.lambda_functions.aws_lambda_function.lambda_function",
            "module.lambda_functions.aws_s3_bucket.lambda_bucket",
            "module.lambda_functions.aws_s3_bucket_acl.lambda_bucket_acl",
            "module.lambda_functions.aws_s3_object.lambda_code",
            "module.lambda_functions.data.archive_file.lambda_code"
          ]
        },
        {
          "index_key": "hello-dev",
          "schema_version": 0,
          "attributes": {
            "action": "lambda:InvokeFunction",
            "event_source_token": null,
            "function_name": "hello-handler-dev",
            "function_url_auth_type": null,
            "id": "AllowExecutionFromAPIGateway",
            "principal": "apigateway.amazonaws.com",
            "principal_org_id": null,
            "qualifier": "",
            "source_account": null,
            "source_arn": "arn:aws:execute-api:us-east-1:155516267556:9qujtlyj76/*/GET/hello}",
            "statement_id": "AllowExecutionFromAPIGateway",
            "statement_id_prefix": ""
          },
          "sensitive_attributes": [],
          "private": "bnVsbA==",
          "dependencies": [
            "module.api_gateway.aws_api_gateway_rest_api.rest_api",
            "module.lambda_functions.aws_cloudwatch_log_group.lambda_log_group",
            "module.lambda_functions.aws_iam_role.lambda_execution_role",
            "module.lambda_functions.aws_iam_role_policy_attachment.lambda_policy",
            "module.lambda_functions.aws_lambda_function.lambda_function",
            "module.lambda_functions.aws_s3_bucket.lambda_bucket",
            "module.lambda_functions.aws_s3_bucket_acl.lambda_bucket_acl",
            "module.lambda_functions.aws_s3_object.lambda_code",
            "module.lambda_functions.data.archive_file.lambda_code"
          ]
        },
        {
          "index_key": "hello-ng",
          "schema_version": 0,
          "attributes": {
            "action": "lambda:InvokeFunction",
            "event_source_token": null,
            "function_name": "hello-handler-ng",
            "function_url_auth_type": null,
            "id": "AllowExecutionFromAPIGateway",
            "principal": "apigateway.amazonaws.com",
            "principal_org_id": null,
            "qualifier": "",
            "source_account": null,
            "source_arn": "arn:aws:execute-api:us-east-1:155516267556:9qujtlyj76/*/GET/hello}",
            "statement_id": "AllowExecutionFromAPIGateway",
            "statement_id_prefix": ""
          },
          "sensitive_attributes": [],
          "private": "bnVsbA==",
          "dependencies": [
            "module.api_gateway.aws_api_gateway_rest_api.rest_api",
            "module.lambda_functions.aws_cloudwatch_log_group.lambda_log_group",
            "module.lambda_functions.aws_iam_role.lambda_execution_role",
            "module.lambda_functions.aws_iam_role_policy_attachment.lambda_policy",
            "module.lambda_functions.aws_lambda_function.lambda_function",
            "module.lambda_functions.aws_s3_bucket.lambda_bucket",
            "module.lambda_functions.aws_s3_bucket_acl.lambda_bucket_acl",
            "module.lambda_functions.aws_s3_object.lambda_code",
            "module.lambda_functions.data.archive_file.lambda_code"
          ]
        },
        {
          "index_key": "hello-qa",
          "schema_version": 0,
          "attributes": {
            "action": "lambda:InvokeFunction",
            "event_source_token": null,
            "function_name": "hello-handler-qa",
            "function_url_auth_type": null,
            "id": "AllowExecutionFromAPIGateway",
            "principal": "apigateway.amazonaws.com",
            "principal_org_id": null,
            "qualifier": "",
            "source_account": null,
            "source_arn": "arn:aws:execute-api:us-east-1:155516267556:9qujtlyj76/*/GET/hello}",
            "statement_id": "AllowExecutionFromAPIGateway",
            "statement_id_prefix": ""
          },
          "sensitive_attributes": [],
          "private": "bnVsbA==",
          "dependencies": [
            "module.api_gateway.aws_api_gateway_rest_api.rest_api",
            "module.lambda_functions.aws_cloudwatch_log_group.lambda_log_group",
            "module.lambda_functions.aws_iam_role.lambda_execution_role",
            "module.lambda_functions.aws_iam_role_policy_attachment.lambda_policy",
            "module.lambda_functions.aws_lambda_function.lambda_function",
            "module.lambda_functions.aws_s3_bucket.lambda_bucket",
            "module.lambda_functions.aws_s3_bucket_acl.lambda_bucket_acl",
            "module.lambda_functions.aws_s3_object.lambda_code",
            "module.lambda_functions.data.archive_file.lambda_code"
          ]
        },
        {
          "index_key": "hello-uat",
          "schema_version": 0,
          "attributes": {
            "action": "lambda:InvokeFunction",
            "event_source_token": null,
            "function_name": "hello-handler-uat",
            "function_url_auth_type": null,
            "id": "AllowExecutionFromAPIGateway",
            "principal": "apigateway.amazonaws.com",
            "principal_org_id": null,
            "qualifier": "",
            "source_account": null,
            "source_arn": "arn:aws:execute-api:us-east-1:155516267556:9qujtlyj76/*/GET/hello}",
            "statement_id": "AllowExecutionFromAPIGateway",
            "statement_id_prefix": ""
          },
          "sensitive_attributes": [],
          "private": "bnVsbA==",
          "dependencies": [
            "module.api_gateway.aws_api_gateway_rest_api.rest_api",
            "module.lambda_functions.aws_cloudwatch_log_group.lambda_log_group",
            "module.lambda_functions.aws_iam_role.lambda_execution_role",
            "module.lambda_functions.aws_iam_role_policy_attachment.lambda_policy",
            "module.lambda_functions.aws_lambda_function.lambda_function",
            "module.lambda_functions.aws_s3_bucket.lambda_bucket",
            "module.lambda_functions.aws_s3_bucket_acl.lambda_bucket_acl",
            "module.lambda_functions.aws_s3_object.lambda_code",
            "module.lambda_functions.data.archive_file.lambda_code"
          ]
        }
      ]
    },
    {
      "module": "module.lambda_functions",
      "mode": "data",
      "type": "archive_file",
      "name": "lambda_code",
      "provider": "provider[\"registry.terraform.io/hashicorp/archive\"]",
      "instances": [
        {
          "index_key": "gameById-dev",
          "schema_version": 0,
          "attributes": {
            "excludes": null,
            "id": "ebb74ac4909d02eb700b354ac9721f876a2ce8e5",
            "output_base64sha256": "cfFRhtItG9e5aWvGNjFZfncz3uE57yLyL2PXUu3PhWk=",
            "output_file_mode": null,
            "output_md5": "8898acbcf073810d7851f0800fcc4db5",
            "output_path": "./../gameById.zip",
            "output_sha": "ebb74ac4909d02eb700b354ac9721f876a2ce8e5",
            "output_size": 332,
            "source": [],
            "source_content": null,
            "source_content_filename": null,
            "source_dir": "./../handlers/gameById",
            "source_file": null,
            "type": "zip"
          },
          "sensitive_attributes": []
        },
        {
          "index_key": "gameById-ng",
          "schema_version": 0,
          "attributes": {
            "excludes": null,
            "id": "da39a3ee5e6b4b0d3255bfef95601890afd80709",
            "output_base64sha256": "47DEQpj8HBSa+/TImW+5JCeuQeRkm5NMpJWZG3hSuFU=",
            "output_file_mode": null,
            "output_md5": "d41d8cd98f00b204e9800998ecf8427e",
            "output_path": "./../gameById.zip",
            "output_sha": "da39a3ee5e6b4b0d3255bfef95601890afd80709",
            "output_size": 332,
            "source": [],
            "source_content": null,
            "source_content_filename": null,
            "source_dir": "./../handlers/gameById",
            "source_file": null,
            "type": "zip"
          },
          "sensitive_attributes": []
        },
        {
          "index_key": "gameById-qa",
          "schema_version": 0,
          "attributes": {
            "excludes": null,
            "id": "ebb74ac4909d02eb700b354ac9721f876a2ce8e5",
            "output_base64sha256": "cfFRhtItG9e5aWvGNjFZfncz3uE57yLyL2PXUu3PhWk=",
            "output_file_mode": null,
            "output_md5": "8898acbcf073810d7851f0800fcc4db5",
            "output_path": "./../gameById.zip",
            "output_sha": "ebb74ac4909d02eb700b354ac9721f876a2ce8e5",
            "output_size": 332,
            "source": [],
            "source_content": null,
            "source_content_filename": null,
            "source_dir": "./../handlers/gameById",
            "source_file": null,
            "type": "zip"
          },
          "sensitive_attributes": []
        },
        {
          "index_key": "gameById-uat",
          "schema_version": 0,
          "attributes": {
            "excludes": null,
            "id": "ebb74ac4909d02eb700b354ac9721f876a2ce8e5",
            "output_base64sha256": "cfFRhtItG9e5aWvGNjFZfncz3uE57yLyL2PXUu3PhWk=",
            "output_file_mode": null,
            "output_md5": "8898acbcf073810d7851f0800fcc4db5",
            "output_path": "./../gameById.zip",
            "output_sha": "ebb74ac4909d02eb700b354ac9721f876a2ce8e5",
            "output_size": 332,
            "source": [],
            "source_content": null,
            "source_content_filename": null,
            "source_dir": "./../handlers/gameById",
            "source_file": null,
            "type": "zip"
          },
          "sensitive_attributes": []
        },
        {
          "index_key": "goodbye-dev",
          "schema_version": 0,
          "attributes": {
            "excludes": null,
            "id": "cd06565eb0a56911ff65b43f44c28c3b43ca432c",
            "output_base64sha256": "E1W5XQtnsBaWDsLERfZnR4TAwoH3JJ/0OGF4/Pa7oUk=",
            "output_file_mode": null,
            "output_md5": "5be50170cfb621f1fab9ddf5a5d8c73d",
            "output_path": "./../goodbye.zip",
            "output_sha": "cd06565eb0a56911ff65b43f44c28c3b43ca432c",
            "output_size": 330,
            "source": [],
            "source_content": null,
            "source_content_filename": null,
            "source_dir": "./../handlers/goodbye",
            "source_file": null,
            "type": "zip"
          },
          "sensitive_attributes": []
        },
        {
          "index_key": "goodbye-ng",
          "schema_version": 0,
          "attributes": {
            "excludes": null,
            "id": "cd06565eb0a56911ff65b43f44c28c3b43ca432c",
            "output_base64sha256": "E1W5XQtnsBaWDsLERfZnR4TAwoH3JJ/0OGF4/Pa7oUk=",
            "output_file_mode": null,
            "output_md5": "5be50170cfb621f1fab9ddf5a5d8c73d",
            "output_path": "./../goodbye.zip",
            "output_sha": "cd06565eb0a56911ff65b43f44c28c3b43ca432c",
            "output_size": 330,
            "source": [],
            "source_content": null,
            "source_content_filename": null,
            "source_dir": "./../handlers/goodbye",
            "source_file": null,
            "type": "zip"
          },
          "sensitive_attributes": []
        },
        {
          "index_key": "goodbye-qa",
          "schema_version": 0,
          "attributes": {
            "excludes": null,
            "id": "cd06565eb0a56911ff65b43f44c28c3b43ca432c",
            "output_base64sha256": "E1W5XQtnsBaWDsLERfZnR4TAwoH3JJ/0OGF4/Pa7oUk=",
            "output_file_mode": null,
            "output_md5": "5be50170cfb621f1fab9ddf5a5d8c73d",
            "output_path": "./../goodbye.zip",
            "output_sha": "cd06565eb0a56911ff65b43f44c28c3b43ca432c",
            "output_size": 330,
            "source": [],
            "source_content": null,
            "source_content_filename": null,
            "source_dir": "./../handlers/goodbye",
            "source_file": null,
            "type": "zip"
          },
          "sensitive_attributes": []
        },
        {
          "index_key": "goodbye-uat",
          "schema_version": 0,
          "attributes": {
            "excludes": null,
            "id": "cd06565eb0a56911ff65b43f44c28c3b43ca432c",
            "output_base64sha256": "E1W5XQtnsBaWDsLERfZnR4TAwoH3JJ/0OGF4/Pa7oUk=",
            "output_file_mode": null,
            "output_md5": "5be50170cfb621f1fab9ddf5a5d8c73d",
            "output_path": "./../goodbye.zip",
            "output_sha": "cd06565eb0a56911ff65b43f44c28c3b43ca432c",
            "output_size": 330,
            "source": [],
            "source_content": null,
            "source_content_filename": null,
            "source_dir": "./../handlers/goodbye",
            "source_file": null,
            "type": "zip"
          },
          "sensitive_attributes": []
        },
        {
          "index_key": "hello-dev",
          "schema_version": 0,
          "attributes": {
            "excludes": null,
            "id": "a99fdfb5da55c200f3b66931fab4a66baa6084e0",
            "output_base64sha256": "qfmbFQ8dVwnKk0T3/vyz9+J2T81lkIPSq7c+9Lu0BlA=",
            "output_file_mode": null,
            "output_md5": "0d0f4d31dfc8e9f5eafb9e60779b250b",
            "output_path": "./../hello.zip",
            "output_sha": "a99fdfb5da55c200f3b66931fab4a66baa6084e0",
            "output_size": 328,
            "source": [],
            "source_content": null,
            "source_content_filename": null,
            "source_dir": "./../handlers/hello",
            "source_file": null,
            "type": "zip"
          },
          "sensitive_attributes": []
        },
        {
          "index_key": "hello-ng",
          "schema_version": 0,
          "attributes": {
            "excludes": null,
            "id": "a99fdfb5da55c200f3b66931fab4a66baa6084e0",
            "output_base64sha256": "qfmbFQ8dVwnKk0T3/vyz9+J2T81lkIPSq7c+9Lu0BlA=",
            "output_file_mode": null,
            "output_md5": "0d0f4d31dfc8e9f5eafb9e60779b250b",
            "output_path": "./../hello.zip",
            "output_sha": "a99fdfb5da55c200f3b66931fab4a66baa6084e0",
            "output_size": 328,
            "source": [],
            "source_content": null,
            "source_content_filename": null,
            "source_dir": "./../handlers/hello",
            "source_file": null,
            "type": "zip"
          },
          "sensitive_attributes": []
        },
        {
          "index_key": "hello-qa",
          "schema_version": 0,
          "attributes": {
            "excludes": null,
            "id": "a99fdfb5da55c200f3b66931fab4a66baa6084e0",
            "output_base64sha256": "qfmbFQ8dVwnKk0T3/vyz9+J2T81lkIPSq7c+9Lu0BlA=",
            "output_file_mode": null,
            "output_md5": "0d0f4d31dfc8e9f5eafb9e60779b250b",
            "output_path": "./../hello.zip",
            "output_sha": "a99fdfb5da55c200f3b66931fab4a66baa6084e0",
            "output_size": 328,
            "source": [],
            "source_content": null,
            "source_content_filename": null,
            "source_dir": "./../handlers/hello",
            "source_file": null,
            "type": "zip"
          },
          "sensitive_attributes": []
        },
        {
          "index_key": "hello-uat",
          "schema_version": 0,
          "attributes": {
            "excludes": null,
            "id": "a99fdfb5da55c200f3b66931fab4a66baa6084e0",
            "output_base64sha256": "qfmbFQ8dVwnKk0T3/vyz9+J2T81lkIPSq7c+9Lu0BlA=",
            "output_file_mode": null,
            "output_md5": "0d0f4d31dfc8e9f5eafb9e60779b250b",
            "output_path": "./../hello.zip",
            "output_sha": "a99fdfb5da55c200f3b66931fab4a66baa6084e0",
            "output_size": 328,
            "source": [],
            "source_content": null,
            "source_content_filename": null,
            "source_dir": "./../handlers/hello",
            "source_file": null,
            "type": "zip"
          },
          "sensitive_attributes": []
        }
      ]
    },
    {
      "module": "module.lambda_functions",
      "mode": "managed",
      "type": "aws_cloudwatch_log_group",
      "name": "lambda_log_group",
      "provider": "provider[\"registry.terraform.io/hashicorp/aws\"]",
      "instances": [
        {
          "index_key": "gameById-dev",
          "schema_version": 0,
          "attributes": {
            "arn": "arn:aws:logs:us-east-1:155516267556:log-group:/aws/lambda/gameById-handler-dev",
            "id": "/aws/lambda/gameById-handler-dev",
            "kms_key_id": "",
            "name": "/aws/lambda/gameById-handler-dev",
            "name_prefix": null,
            "retention_in_days": 7,
            "tags": null,
            "tags_all": {}
          },
          "sensitive_attributes": [],
          "private": "bnVsbA==",
          "create_before_destroy": true
        },
        {
          "index_key": "gameById-ng",
          "schema_version": 0,
          "attributes": {
            "arn": "arn:aws:logs:us-east-1:155516267556:log-group:/aws/lambda/gameById-handler-ng",
            "id": "/aws/lambda/gameById-handler-ng",
            "kms_key_id": "",
            "name": "/aws/lambda/gameById-handler-ng",
            "name_prefix": null,
            "retention_in_days": 7,
            "tags": null,
            "tags_all": {}
          },
          "sensitive_attributes": [],
          "private": "bnVsbA==",
          "create_before_destroy": true
        },
        {
          "index_key": "gameById-qa",
          "schema_version": 0,
          "attributes": {
            "arn": "arn:aws:logs:us-east-1:155516267556:log-group:/aws/lambda/gameById-handler-qa",
            "id": "/aws/lambda/gameById-handler-qa",
            "kms_key_id": "",
            "name": "/aws/lambda/gameById-handler-qa",
            "name_prefix": null,
            "retention_in_days": 7,
            "tags": null,
            "tags_all": {}
          },
          "sensitive_attributes": [],
          "private": "bnVsbA==",
          "create_before_destroy": true
        },
        {
          "index_key": "gameById-uat",
          "schema_version": 0,
          "attributes": {
            "arn": "arn:aws:logs:us-east-1:155516267556:log-group:/aws/lambda/gameById-handler-uat",
            "id": "/aws/lambda/gameById-handler-uat",
            "kms_key_id": "",
            "name": "/aws/lambda/gameById-handler-uat",
            "name_prefix": null,
            "retention_in_days": 7,
            "tags": null,
            "tags_all": {}
          },
          "sensitive_attributes": [],
          "private": "bnVsbA==",
          "create_before_destroy": true
        },
        {
          "index_key": "goodbye-dev",
          "schema_version": 0,
          "attributes": {
            "arn": "arn:aws:logs:us-east-1:155516267556:log-group:/aws/lambda/goodbye-handler-dev",
            "id": "/aws/lambda/goodbye-handler-dev",
            "kms_key_id": "",
            "name": "/aws/lambda/goodbye-handler-dev",
            "name_prefix": null,
            "retention_in_days": 7,
            "tags": null,
            "tags_all": {}
          },
          "sensitive_attributes": [],
          "private": "bnVsbA==",
          "create_before_destroy": true
        },
        {
          "index_key": "goodbye-ng",
          "schema_version": 0,
          "attributes": {
            "arn": "arn:aws:logs:us-east-1:155516267556:log-group:/aws/lambda/goodbye-handler-ng",
            "id": "/aws/lambda/goodbye-handler-ng",
            "kms_key_id": "",
            "name": "/aws/lambda/goodbye-handler-ng",
            "name_prefix": null,
            "retention_in_days": 7,
            "tags": null,
            "tags_all": {}
          },
          "sensitive_attributes": [],
          "private": "bnVsbA==",
          "create_before_destroy": true
        },
        {
          "index_key": "goodbye-qa",
          "schema_version": 0,
          "attributes": {
            "arn": "arn:aws:logs:us-east-1:155516267556:log-group:/aws/lambda/goodbye-handler-qa",
            "id": "/aws/lambda/goodbye-handler-qa",
            "kms_key_id": "",
            "name": "/aws/lambda/goodbye-handler-qa",
            "name_prefix": null,
            "retention_in_days": 7,
            "tags": null,
            "tags_all": {}
          },
          "sensitive_attributes": [],
          "private": "bnVsbA==",
          "create_before_destroy": true
        },
        {
          "index_key": "goodbye-uat",
          "schema_version": 0,
          "attributes": {
            "arn": "arn:aws:logs:us-east-1:155516267556:log-group:/aws/lambda/goodbye-handler-uat",
            "id": "/aws/lambda/goodbye-handler-uat",
            "kms_key_id": "",
            "name": "/aws/lambda/goodbye-handler-uat",
            "name_prefix": null,
            "retention_in_days": 7,
            "tags": null,
            "tags_all": {}
          },
          "sensitive_attributes": [],
          "private": "bnVsbA==",
          "create_before_destroy": true
        },
        {
          "index_key": "hello-dev",
          "schema_version": 0,
          "attributes": {
            "arn": "arn:aws:logs:us-east-1:155516267556:log-group:/aws/lambda/hello-handler-dev",
            "id": "/aws/lambda/hello-handler-dev",
            "kms_key_id": "",
            "name": "/aws/lambda/hello-handler-dev",
            "name_prefix": null,
            "retention_in_days": 7,
            "tags": null,
            "tags_all": {}
          },
          "sensitive_attributes": [],
          "private": "bnVsbA==",
          "create_before_destroy": true
        },
        {
          "index_key": "hello-ng",
          "schema_version": 0,
          "attributes": {
            "arn": "arn:aws:logs:us-east-1:155516267556:log-group:/aws/lambda/hello-handler-ng",
            "id": "/aws/lambda/hello-handler-ng",
            "kms_key_id": "",
            "name": "/aws/lambda/hello-handler-ng",
            "name_prefix": null,
            "retention_in_days": 7,
            "tags": null,
            "tags_all": {}
          },
          "sensitive_attributes": [],
          "private": "bnVsbA==",
          "create_before_destroy": true
        },
        {
          "index_key": "hello-qa",
          "schema_version": 0,
          "attributes": {
            "arn": "arn:aws:logs:us-east-1:155516267556:log-group:/aws/lambda/hello-handler-qa",
            "id": "/aws/lambda/hello-handler-qa",
            "kms_key_id": "",
            "name": "/aws/lambda/hello-handler-qa",
            "name_prefix": null,
            "retention_in_days": 7,
            "tags": null,
            "tags_all": {}
          },
          "sensitive_attributes": [],
          "private": "bnVsbA==",
          "create_before_destroy": true
        },
        {
          "index_key": "hello-uat",
          "schema_version": 0,
          "attributes": {
            "arn": "arn:aws:logs:us-east-1:155516267556:log-group:/aws/lambda/hello-handler-uat",
            "id": "/aws/lambda/hello-handler-uat",
            "kms_key_id": "",
            "name": "/aws/lambda/hello-handler-uat",
            "name_prefix": null,
            "retention_in_days": 7,
            "tags": null,
            "tags_all": {}
          },
          "sensitive_attributes": [],
          "private": "bnVsbA==",
          "create_before_destroy": true
        }
      ]
    },
    {
      "module": "module.lambda_functions",
      "mode": "managed",
      "type": "aws_iam_role",
      "name": "lambda_execution_role",
      "provider": "provider[\"registry.terraform.io/hashicorp/aws\"]",
      "instances": [
        {
          "index_key": "gameById-dev",
          "schema_version": 0,
          "attributes": {
            "arn": "arn:aws:iam::155516267556:role/lambda_execution_role_gameById-handler-dev",
            "assume_role_policy": "{\"Statement\":[{\"Action\":\"sts:AssumeRole\",\"Effect\":\"Allow\",\"Principal\":{\"Service\":\"lambda.amazonaws.com\"},\"Sid\":\"\"}],\"Version\":\"2012-10-17\"}",
            "create_date": "2022-09-01T02:09:43Z",
            "description": "",
            "force_detach_policies": false,
            "id": "lambda_execution_role_gameById-handler-dev",
            "inline_policy": [],
            "managed_policy_arns": [],
            "max_session_duration": 3600,
            "name": "lambda_execution_role_gameById-handler-dev",
            "name_prefix": "",
            "path": "/",
            "permissions_boundary": null,
            "tags": null,
            "tags_all": {},
            "unique_id": "AROASINL55QSBK6O7WLBQ"
          },
          "sensitive_attributes": [],
          "private": "bnVsbA==",
          "create_before_destroy": true
        },
        {
          "index_key": "gameById-ng",
          "schema_version": 0,
          "attributes": {
            "arn": "arn:aws:iam::155516267556:role/lambda_execution_role_gameById-handler-ng",
            "assume_role_policy": "{\"Statement\":[{\"Action\":\"sts:AssumeRole\",\"Effect\":\"Allow\",\"Principal\":{\"Service\":\"lambda.amazonaws.com\"},\"Sid\":\"\"}],\"Version\":\"2012-10-17\"}",
            "create_date": "2022-09-01T02:09:44Z",
            "description": "",
            "force_detach_policies": false,
            "id": "lambda_execution_role_gameById-handler-ng",
            "inline_policy": [],
            "managed_policy_arns": [],
            "max_session_duration": 3600,
            "name": "lambda_execution_role_gameById-handler-ng",
            "name_prefix": "",
            "path": "/",
            "permissions_boundary": null,
            "tags": null,
            "tags_all": {},
            "unique_id": "AROASINL55QSLMMAYUJCL"
          },
          "sensitive_attributes": [],
          "private": "bnVsbA==",
          "create_before_destroy": true
        },
        {
          "index_key": "gameById-qa",
          "schema_version": 0,
          "attributes": {
            "arn": "arn:aws:iam::155516267556:role/lambda_execution_role_gameById-handler-qa",
            "assume_role_policy": "{\"Statement\":[{\"Action\":\"sts:AssumeRole\",\"Effect\":\"Allow\",\"Principal\":{\"Service\":\"lambda.amazonaws.com\"},\"Sid\":\"\"}],\"Version\":\"2012-10-17\"}",
            "create_date": "2022-09-01T02:09:43Z",
            "description": "",
            "force_detach_policies": false,
            "id": "lambda_execution_role_gameById-handler-qa",
            "inline_policy": [],
            "managed_policy_arns": [],
            "max_session_duration": 3600,
            "name": "lambda_execution_role_gameById-handler-qa",
            "name_prefix": "",
            "path": "/",
            "permissions_boundary": null,
            "tags": null,
            "tags_all": {},
            "unique_id": "AROASINL55QSPPTF2CAPT"
          },
          "sensitive_attributes": [],
          "private": "bnVsbA==",
          "create_before_destroy": true
        },
        {
          "index_key": "gameById-uat",
          "schema_version": 0,
          "attributes": {
            "arn": "arn:aws:iam::155516267556:role/lambda_execution_role_gameById-handler-uat",
            "assume_role_policy": "{\"Statement\":[{\"Action\":\"sts:AssumeRole\",\"Effect\":\"Allow\",\"Principal\":{\"Service\":\"lambda.amazonaws.com\"},\"Sid\":\"\"}],\"Version\":\"2012-10-17\"}",
            "create_date": "2022-09-01T02:09:43Z",
            "description": "",
            "force_detach_policies": false,
            "id": "lambda_execution_role_gameById-handler-uat",
            "inline_policy": [],
            "managed_policy_arns": [],
            "max_session_duration": 3600,
            "name": "lambda_execution_role_gameById-handler-uat",
            "name_prefix": "",
            "path": "/",
            "permissions_boundary": null,
            "tags": null,
            "tags_all": {},
            "unique_id": "AROASINL55QSP3MHKKEHJ"
          },
          "sensitive_attributes": [],
          "private": "bnVsbA==",
          "create_before_destroy": true
        },
        {
          "index_key": "goodbye-dev",
          "schema_version": 0,
          "attributes": {
            "arn": "arn:aws:iam::155516267556:role/lambda_execution_role_goodbye-handler-dev",
            "assume_role_policy": "{\"Statement\":[{\"Action\":\"sts:AssumeRole\",\"Effect\":\"Allow\",\"Principal\":{\"Service\":\"lambda.amazonaws.com\"},\"Sid\":\"\"}],\"Version\":\"2012-10-17\"}",
            "create_date": "2022-09-01T02:09:43Z",
            "description": "",
            "force_detach_policies": false,
            "id": "lambda_execution_role_goodbye-handler-dev",
            "inline_policy": [],
            "managed_policy_arns": [],
            "max_session_duration": 3600,
            "name": "lambda_execution_role_goodbye-handler-dev",
            "name_prefix": "",
            "path": "/",
            "permissions_boundary": null,
            "tags": null,
            "tags_all": {},
            "unique_id": "AROASINL55QSFX7WAAQBY"
          },
          "sensitive_attributes": [],
          "private": "bnVsbA==",
          "create_before_destroy": true
        },
        {
          "index_key": "goodbye-ng",
          "schema_version": 0,
          "attributes": {
            "arn": "arn:aws:iam::155516267556:role/lambda_execution_role_goodbye-handler-ng",
            "assume_role_policy": "{\"Statement\":[{\"Action\":\"sts:AssumeRole\",\"Effect\":\"Allow\",\"Principal\":{\"Service\":\"lambda.amazonaws.com\"},\"Sid\":\"\"}],\"Version\":\"2012-10-17\"}",
            "create_date": "2022-09-01T02:09:43Z",
            "description": "",
            "force_detach_policies": false,
            "id": "lambda_execution_role_goodbye-handler-ng",
            "inline_policy": [],
            "managed_policy_arns": [],
            "max_session_duration": 3600,
            "name": "lambda_execution_role_goodbye-handler-ng",
            "name_prefix": "",
            "path": "/",
            "permissions_boundary": null,
            "tags": null,
            "tags_all": {},
            "unique_id": "AROASINL55QSAAG3M2VNQ"
          },
          "sensitive_attributes": [],
          "private": "bnVsbA==",
          "create_before_destroy": true
        },
        {
          "index_key": "goodbye-qa",
          "schema_version": 0,
          "attributes": {
            "arn": "arn:aws:iam::155516267556:role/lambda_execution_role_goodbye-handler-qa",
            "assume_role_policy": "{\"Statement\":[{\"Action\":\"sts:AssumeRole\",\"Effect\":\"Allow\",\"Principal\":{\"Service\":\"lambda.amazonaws.com\"},\"Sid\":\"\"}],\"Version\":\"2012-10-17\"}",
            "create_date": "2022-09-01T02:09:43Z",
            "description": "",
            "force_detach_policies": false,
            "id": "lambda_execution_role_goodbye-handler-qa",
            "inline_policy": [],
            "managed_policy_arns": [],
            "max_session_duration": 3600,
            "name": "lambda_execution_role_goodbye-handler-qa",
            "name_prefix": "",
            "path": "/",
            "permissions_boundary": null,
            "tags": null,
            "tags_all": {},
            "unique_id": "AROASINL55QSJIGFYNFOA"
          },
          "sensitive_attributes": [],
          "private": "bnVsbA==",
          "create_before_destroy": true
        },
        {
          "index_key": "goodbye-uat",
          "schema_version": 0,
          "attributes": {
            "arn": "arn:aws:iam::155516267556:role/lambda_execution_role_goodbye-handler-uat",
            "assume_role_policy": "{\"Statement\":[{\"Action\":\"sts:AssumeRole\",\"Effect\":\"Allow\",\"Principal\":{\"Service\":\"lambda.amazonaws.com\"},\"Sid\":\"\"}],\"Version\":\"2012-10-17\"}",
            "create_date": "2022-09-01T02:09:43Z",
            "description": "",
            "force_detach_policies": false,
            "id": "lambda_execution_role_goodbye-handler-uat",
            "inline_policy": [],
            "managed_policy_arns": [],
            "max_session_duration": 3600,
            "name": "lambda_execution_role_goodbye-handler-uat",
            "name_prefix": "",
            "path": "/",
            "permissions_boundary": null,
            "tags": null,
            "tags_all": {},
            "unique_id": "AROASINL55QSNPBRYO7U2"
          },
          "sensitive_attributes": [],
          "private": "bnVsbA==",
          "create_before_destroy": true
        },
        {
          "index_key": "hello-dev",
          "schema_version": 0,
          "attributes": {
            "arn": "arn:aws:iam::155516267556:role/lambda_execution_role_hello-handler-dev",
            "assume_role_policy": "{\"Statement\":[{\"Action\":\"sts:AssumeRole\",\"Effect\":\"Allow\",\"Principal\":{\"Service\":\"lambda.amazonaws.com\"},\"Sid\":\"\"}],\"Version\":\"2012-10-17\"}",
            "create_date": "2022-09-01T02:09:43Z",
            "description": "",
            "force_detach_policies": false,
            "id": "lambda_execution_role_hello-handler-dev",
            "inline_policy": [],
            "managed_policy_arns": [],
            "max_session_duration": 3600,
            "name": "lambda_execution_role_hello-handler-dev",
            "name_prefix": "",
            "path": "/",
            "permissions_boundary": null,
            "tags": null,
            "tags_all": {},
            "unique_id": "AROASINL55QSASML63UAV"
          },
          "sensitive_attributes": [],
          "private": "bnVsbA==",
          "create_before_destroy": true
        },
        {
          "index_key": "hello-ng",
          "schema_version": 0,
          "attributes": {
            "arn": "arn:aws:iam::155516267556:role/lambda_execution_role_hello-handler-ng",
            "assume_role_policy": "{\"Statement\":[{\"Action\":\"sts:AssumeRole\",\"Effect\":\"Allow\",\"Principal\":{\"Service\":\"lambda.amazonaws.com\"},\"Sid\":\"\"}],\"Version\":\"2012-10-17\"}",
            "create_date": "2022-09-01T02:09:43Z",
            "description": "",
            "force_detach_policies": false,
            "id": "lambda_execution_role_hello-handler-ng",
            "inline_policy": [],
            "managed_policy_arns": [],
            "max_session_duration": 3600,
            "name": "lambda_execution_role_hello-handler-ng",
            "name_prefix": "",
            "path": "/",
            "permissions_boundary": null,
            "tags": null,
            "tags_all": {},
            "unique_id": "AROASINL55QSKS4DEPYIH"
          },
          "sensitive_attributes": [],
          "private": "bnVsbA==",
          "create_before_destroy": true
        },
        {
          "index_key": "hello-qa",
          "schema_version": 0,
          "attributes": {
            "arn": "arn:aws:iam::155516267556:role/lambda_execution_role_hello-handler-qa",
            "assume_role_policy": "{\"Statement\":[{\"Action\":\"sts:AssumeRole\",\"Effect\":\"Allow\",\"Principal\":{\"Service\":\"lambda.amazonaws.com\"},\"Sid\":\"\"}],\"Version\":\"2012-10-17\"}",
            "create_date": "2022-09-01T02:09:43Z",
            "description": "",
            "force_detach_policies": false,
            "id": "lambda_execution_role_hello-handler-qa",
            "inline_policy": [],
            "managed_policy_arns": [],
            "max_session_duration": 3600,
            "name": "lambda_execution_role_hello-handler-qa",
            "name_prefix": "",
            "path": "/",
            "permissions_boundary": null,
            "tags": null,
            "tags_all": {},
            "unique_id": "AROASINL55QSFNT6GMWG6"
          },
          "sensitive_attributes": [],
          "private": "bnVsbA==",
          "create_before_destroy": true
        },
        {
          "index_key": "hello-uat",
          "schema_version": 0,
          "attributes": {
            "arn": "arn:aws:iam::155516267556:role/lambda_execution_role_hello-handler-uat",
            "assume_role_policy": "{\"Statement\":[{\"Action\":\"sts:AssumeRole\",\"Effect\":\"Allow\",\"Principal\":{\"Service\":\"lambda.amazonaws.com\"},\"Sid\":\"\"}],\"Version\":\"2012-10-17\"}",
            "create_date": "2022-09-01T02:09:44Z",
            "description": "",
            "force_detach_policies": false,
            "id": "lambda_execution_role_hello-handler-uat",
            "inline_policy": [],
            "managed_policy_arns": [],
            "max_session_duration": 3600,
            "name": "lambda_execution_role_hello-handler-uat",
            "name_prefix": "",
            "path": "/",
            "permissions_boundary": null,
            "tags": null,
            "tags_all": {},
            "unique_id": "AROASINL55QSCEHBXY4QL"
          },
          "sensitive_attributes": [],
          "private": "bnVsbA==",
          "create_before_destroy": true
        }
      ]
    },
    {
      "module": "module.lambda_functions",
      "mode": "managed",
      "type": "aws_iam_role_policy_attachment",
      "name": "lambda_policy",
      "provider": "provider[\"registry.terraform.io/hashicorp/aws\"]",
      "instances": [
        {
          "index_key": "gameById-dev",
          "schema_version": 0,
          "attributes": {
            "id": "lambda_execution_role_gameById-handler-dev-20220901020947499300000009",
            "policy_arn": "arn:aws:iam::aws:policy/service-role/AWSLambdaBasicExecutionRole",
            "role": "lambda_execution_role_gameById-handler-dev"
          },
          "sensitive_attributes": [],
          "private": "bnVsbA==",
          "dependencies": [
            "module.lambda_functions.aws_iam_role.lambda_execution_role"
          ],
          "create_before_destroy": true
        },
        {
          "index_key": "gameById-ng",
          "schema_version": 0,
          "attributes": {
            "id": "lambda_execution_role_gameById-handler-ng-2022090102094769320000000b",
            "policy_arn": "arn:aws:iam::aws:policy/service-role/AWSLambdaBasicExecutionRole",
            "role": "lambda_execution_role_gameById-handler-ng"
          },
          "sensitive_attributes": [],
          "private": "bnVsbA==",
          "dependencies": [
            "module.lambda_functions.aws_iam_role.lambda_execution_role"
          ],
          "create_before_destroy": true
        },
        {
          "index_key": "gameById-qa",
          "schema_version": 0,
          "attributes": {
            "id": "lambda_execution_role_gameById-handler-qa-20220901020947231700000004",
            "policy_arn": "arn:aws:iam::aws:policy/service-role/AWSLambdaBasicExecutionRole",
            "role": "lambda_execution_role_gameById-handler-qa"
          },
          "sensitive_attributes": [],
          "private": "bnVsbA==",
          "dependencies": [
            "module.lambda_functions.aws_iam_role.lambda_execution_role"
          ],
          "create_before_destroy": true
        },
        {
          "index_key": "gameById-uat",
          "schema_version": 0,
          "attributes": {
            "id": "lambda_execution_role_gameById-handler-uat-20220901020947156000000003",
            "policy_arn": "arn:aws:iam::aws:policy/service-role/AWSLambdaBasicExecutionRole",
            "role": "lambda_execution_role_gameById-handler-uat"
          },
          "sensitive_attributes": [],
          "private": "bnVsbA==",
          "dependencies": [
            "module.lambda_functions.aws_iam_role.lambda_execution_role"
          ],
          "create_before_destroy": true
        },
        {
          "index_key": "goodbye-dev",
          "schema_version": 0,
          "attributes": {
            "id": "lambda_execution_role_goodbye-handler-dev-2022090102094755840000000a",
            "policy_arn": "arn:aws:iam::aws:policy/service-role/AWSLambdaBasicExecutionRole",
            "role": "lambda_execution_role_goodbye-handler-dev"
          },
          "sensitive_attributes": [],
          "private": "bnVsbA==",
          "dependencies": [
            "module.lambda_functions.aws_iam_role.lambda_execution_role"
          ],
          "create_before_destroy": true
        },
        {
          "index_key": "goodbye-ng",
          "schema_version": 0,
          "attributes": {
            "id": "lambda_execution_role_goodbye-handler-ng-20220901020947424500000006",
            "policy_arn": "arn:aws:iam::aws:policy/service-role/AWSLambdaBasicExecutionRole",
            "role": "lambda_execution_role_goodbye-handler-ng"
          },
          "sensitive_attributes": [],
          "private": "bnVsbA==",
          "dependencies": [
            "module.lambda_functions.aws_iam_role.lambda_execution_role"
          ],
          "create_before_destroy": true
        },
        {
          "index_key": "goodbye-qa",
          "schema_version": 0,
          "attributes": {
            "id": "lambda_execution_role_goodbye-handler-qa-20220901020947426200000007",
            "policy_arn": "arn:aws:iam::aws:policy/service-role/AWSLambdaBasicExecutionRole",
            "role": "lambda_execution_role_goodbye-handler-qa"
          },
          "sensitive_attributes": [],
          "private": "bnVsbA==",
          "dependencies": [
            "module.lambda_functions.aws_iam_role.lambda_execution_role"
          ],
          "create_before_destroy": true
        },
        {
          "index_key": "goodbye-uat",
          "schema_version": 0,
          "attributes": {
            "id": "lambda_execution_role_goodbye-handler-uat-20220901020947490800000008",
            "policy_arn": "arn:aws:iam::aws:policy/service-role/AWSLambdaBasicExecutionRole",
            "role": "lambda_execution_role_goodbye-handler-uat"
          },
          "sensitive_attributes": [],
          "private": "bnVsbA==",
          "dependencies": [
            "module.lambda_functions.aws_iam_role.lambda_execution_role"
          ],
          "create_before_destroy": true
        },
        {
          "index_key": "hello-dev",
          "schema_version": 0,
          "attributes": {
            "id": "lambda_execution_role_hello-handler-dev-20220901020947319500000005",
            "policy_arn": "arn:aws:iam::aws:policy/service-role/AWSLambdaBasicExecutionRole",
            "role": "lambda_execution_role_hello-handler-dev"
          },
          "sensitive_attributes": [],
          "private": "bnVsbA==",
          "dependencies": [
            "module.lambda_functions.aws_iam_role.lambda_execution_role"
          ],
          "create_before_destroy": true
        },
        {
          "index_key": "hello-ng",
          "schema_version": 0,
          "attributes": {
            "id": "lambda_execution_role_hello-handler-ng-2022090102094769480000000c",
            "policy_arn": "arn:aws:iam::aws:policy/service-role/AWSLambdaBasicExecutionRole",
            "role": "lambda_execution_role_hello-handler-ng"
          },
          "sensitive_attributes": [],
          "private": "bnVsbA==",
          "dependencies": [
            "module.lambda_functions.aws_iam_role.lambda_execution_role"
          ],
          "create_before_destroy": true
        },
        {
          "index_key": "hello-qa",
          "schema_version": 0,
          "attributes": {
            "id": "lambda_execution_role_hello-handler-qa-20220901020947071100000002",
            "policy_arn": "arn:aws:iam::aws:policy/service-role/AWSLambdaBasicExecutionRole",
            "role": "lambda_execution_role_hello-handler-qa"
          },
          "sensitive_attributes": [],
          "private": "bnVsbA==",
          "dependencies": [
            "module.lambda_functions.aws_iam_role.lambda_execution_role"
          ],
          "create_before_destroy": true
        },
        {
          "index_key": "hello-uat",
          "schema_version": 0,
          "attributes": {
            "id": "lambda_execution_role_hello-handler-uat-20220901020946995300000001",
            "policy_arn": "arn:aws:iam::aws:policy/service-role/AWSLambdaBasicExecutionRole",
            "role": "lambda_execution_role_hello-handler-uat"
          },
          "sensitive_attributes": [],
          "private": "bnVsbA==",
          "dependencies": [
            "module.lambda_functions.aws_iam_role.lambda_execution_role"
          ],
          "create_before_destroy": true
        }
      ]
    },
    {
      "module": "module.lambda_functions",
      "mode": "managed",
      "type": "aws_lambda_function",
      "name": "lambda_function",
      "provider": "provider[\"registry.terraform.io/hashicorp/aws\"]",
      "instances": [
        {
          "index_key": "gameById-dev",
          "schema_version": 0,
          "attributes": {
            "architectures": [
              "x86_64"
            ],
            "arn": "arn:aws:lambda:us-east-1:155516267556:function:gameById-handler-dev",
            "code_signing_config_arn": "",
            "dead_letter_config": [],
            "description": "",
            "environment": [],
            "ephemeral_storage": [
              {
                "size": 512
              }
            ],
            "file_system_config": [],
            "filename": null,
            "function_name": "gameById-handler-dev",
            "handler": "index.handler",
            "id": "gameById-handler-dev",
            "image_config": [],
            "image_uri": "",
            "invoke_arn": "arn:aws:apigateway:us-east-1:lambda:path/2015-03-31/functions/arn:aws:lambda:us-east-1:155516267556:function:gameById-handler-dev/invocations",
            "kms_key_arn": "",
            "last_modified": "2022-09-01T02:10:00.656+0000",
            "layers": null,
            "memory_size": 128,
            "package_type": "Zip",
            "publish": false,
            "qualified_arn": "arn:aws:lambda:us-east-1:155516267556:function:gameById-handler-dev:$LATEST",
            "reserved_concurrent_executions": -1,
            "role": "arn:aws:iam::155516267556:role/lambda_execution_role_gameById-handler-dev",
            "runtime": "nodejs16.x",
            "s3_bucket": "terraform-api-gateway-lambda-demo-logan-test-3",
            "s3_key": "gameById.zip",
            "s3_object_version": null,
            "signing_job_arn": "",
            "signing_profile_version_arn": "",
            "source_code_hash": "cfFRhtItG9e5aWvGNjFZfncz3uE57yLyL2PXUu3PhWk=",
            "source_code_size": 332,
            "tags": null,
            "tags_all": {},
            "timeout": 3,
            "timeouts": null,
            "tracing_config": [
              {
                "mode": "PassThrough"
              }
            ],
            "version": "$LATEST",
            "vpc_config": []
          },
          "sensitive_attributes": [],
          "private": "eyJlMmJmYjczMC1lY2FhLTExZTYtOGY4OC0zNDM2M2JjN2M0YzAiOnsiY3JlYXRlIjo2MDAwMDAwMDAwMDB9fQ==",
          "dependencies": [
            "module.lambda_functions.aws_iam_role.lambda_execution_role",
            "module.lambda_functions.aws_s3_bucket.lambda_bucket",
            "module.lambda_functions.aws_s3_object.lambda_code",
            "module.lambda_functions.data.archive_file.lambda_code"
          ],
          "create_before_destroy": true
        },
        {
          "index_key": "gameById-ng",
          "schema_version": 0,
          "attributes": {
            "architectures": [
              "x86_64"
            ],
            "arn": "arn:aws:lambda:us-east-1:155516267556:function:gameById-handler-ng",
            "code_signing_config_arn": "",
            "dead_letter_config": [],
            "description": "",
            "environment": [],
            "ephemeral_storage": [
              {
                "size": 512
              }
            ],
            "file_system_config": [],
            "filename": null,
            "function_name": "gameById-handler-ng",
            "handler": "index.handler",
            "id": "gameById-handler-ng",
            "image_config": [],
            "image_uri": "",
            "invoke_arn": "arn:aws:apigateway:us-east-1:lambda:path/2015-03-31/functions/arn:aws:lambda:us-east-1:155516267556:function:gameById-handler-ng/invocations",
            "kms_key_arn": "",
            "last_modified": "2022-09-01T02:09:54.897+0000",
            "layers": null,
            "memory_size": 128,
            "package_type": "Zip",
            "publish": false,
            "qualified_arn": "arn:aws:lambda:us-east-1:155516267556:function:gameById-handler-ng:$LATEST",
            "reserved_concurrent_executions": -1,
            "role": "arn:aws:iam::155516267556:role/lambda_execution_role_gameById-handler-ng",
            "runtime": "nodejs16.x",
            "s3_bucket": "terraform-api-gateway-lambda-demo-logan-test-3",
            "s3_key": "gameById.zip",
            "s3_object_version": null,
            "signing_job_arn": "",
            "signing_profile_version_arn": "",
            "source_code_hash": "cfFRhtItG9e5aWvGNjFZfncz3uE57yLyL2PXUu3PhWk=",
            "source_code_size": 332,
            "tags": null,
            "tags_all": {},
            "timeout": 3,
            "timeouts": null,
            "tracing_config": [
              {
                "mode": "PassThrough"
              }
            ],
            "version": "$LATEST",
            "vpc_config": []
          },
          "sensitive_attributes": [],
          "private": "eyJlMmJmYjczMC1lY2FhLTExZTYtOGY4OC0zNDM2M2JjN2M0YzAiOnsiY3JlYXRlIjo2MDAwMDAwMDAwMDB9fQ==",
          "dependencies": [
            "module.lambda_functions.aws_iam_role.lambda_execution_role",
            "module.lambda_functions.aws_s3_bucket.lambda_bucket",
            "module.lambda_functions.aws_s3_object.lambda_code",
            "module.lambda_functions.data.archive_file.lambda_code"
          ],
          "create_before_destroy": true
        },
        {
          "index_key": "gameById-qa",
          "schema_version": 0,
          "attributes": {
            "architectures": [
              "x86_64"
            ],
            "arn": "arn:aws:lambda:us-east-1:155516267556:function:gameById-handler-qa",
            "code_signing_config_arn": "",
            "dead_letter_config": [],
            "description": "",
            "environment": [],
            "ephemeral_storage": [
              {
                "size": 512
              }
            ],
            "file_system_config": [],
            "filename": null,
            "function_name": "gameById-handler-qa",
            "handler": "index.handler",
            "id": "gameById-handler-qa",
            "image_config": [],
            "image_uri": "",
            "invoke_arn": "arn:aws:apigateway:us-east-1:lambda:path/2015-03-31/functions/arn:aws:lambda:us-east-1:155516267556:function:gameById-handler-qa/invocations",
            "kms_key_arn": "",
            "last_modified": "2022-09-01T02:10:00.650+0000",
            "layers": null,
            "memory_size": 128,
            "package_type": "Zip",
            "publish": false,
            "qualified_arn": "arn:aws:lambda:us-east-1:155516267556:function:gameById-handler-qa:$LATEST",
            "reserved_concurrent_executions": -1,
            "role": "arn:aws:iam::155516267556:role/lambda_execution_role_gameById-handler-qa",
            "runtime": "nodejs16.x",
            "s3_bucket": "terraform-api-gateway-lambda-demo-logan-test-3",
            "s3_key": "gameById.zip",
            "s3_object_version": null,
            "signing_job_arn": "",
            "signing_profile_version_arn": "",
            "source_code_hash": "cfFRhtItG9e5aWvGNjFZfncz3uE57yLyL2PXUu3PhWk=",
            "source_code_size": 332,
            "tags": null,
            "tags_all": {},
            "timeout": 3,
            "timeouts": null,
            "tracing_config": [
              {
                "mode": "PassThrough"
              }
            ],
            "version": "$LATEST",
            "vpc_config": []
          },
          "sensitive_attributes": [],
          "private": "eyJlMmJmYjczMC1lY2FhLTExZTYtOGY4OC0zNDM2M2JjN2M0YzAiOnsiY3JlYXRlIjo2MDAwMDAwMDAwMDB9fQ==",
          "dependencies": [
            "module.lambda_functions.aws_iam_role.lambda_execution_role",
            "module.lambda_functions.aws_s3_bucket.lambda_bucket",
            "module.lambda_functions.aws_s3_object.lambda_code",
            "module.lambda_functions.data.archive_file.lambda_code"
          ],
          "create_before_destroy": true
        },
        {
          "index_key": "gameById-uat",
          "schema_version": 0,
          "attributes": {
            "architectures": [
              "x86_64"
            ],
            "arn": "arn:aws:lambda:us-east-1:155516267556:function:gameById-handler-uat",
            "code_signing_config_arn": "",
            "dead_letter_config": [],
            "description": "",
            "environment": [],
            "ephemeral_storage": [
              {
                "size": 512
              }
            ],
            "file_system_config": [],
            "filename": null,
            "function_name": "gameById-handler-uat",
            "handler": "index.handler",
            "id": "gameById-handler-uat",
            "image_config": [],
            "image_uri": "",
            "invoke_arn": "arn:aws:apigateway:us-east-1:lambda:path/2015-03-31/functions/arn:aws:lambda:us-east-1:155516267556:function:gameById-handler-uat/invocations",
            "kms_key_arn": "",
            "last_modified": "2022-09-01T02:09:54.883+0000",
            "layers": null,
            "memory_size": 128,
            "package_type": "Zip",
            "publish": false,
            "qualified_arn": "arn:aws:lambda:us-east-1:155516267556:function:gameById-handler-uat:$LATEST",
            "reserved_concurrent_executions": -1,
            "role": "arn:aws:iam::155516267556:role/lambda_execution_role_gameById-handler-uat",
            "runtime": "nodejs16.x",
            "s3_bucket": "terraform-api-gateway-lambda-demo-logan-test-3",
            "s3_key": "gameById.zip",
            "s3_object_version": null,
            "signing_job_arn": "",
            "signing_profile_version_arn": "",
            "source_code_hash": "cfFRhtItG9e5aWvGNjFZfncz3uE57yLyL2PXUu3PhWk=",
            "source_code_size": 332,
            "tags": null,
            "tags_all": {},
            "timeout": 3,
            "timeouts": null,
            "tracing_config": [
              {
                "mode": "PassThrough"
              }
            ],
            "version": "$LATEST",
            "vpc_config": []
          },
          "sensitive_attributes": [],
          "private": "eyJlMmJmYjczMC1lY2FhLTExZTYtOGY4OC0zNDM2M2JjN2M0YzAiOnsiY3JlYXRlIjo2MDAwMDAwMDAwMDB9fQ==",
          "dependencies": [
            "module.lambda_functions.aws_iam_role.lambda_execution_role",
            "module.lambda_functions.aws_s3_bucket.lambda_bucket",
            "module.lambda_functions.aws_s3_object.lambda_code",
            "module.lambda_functions.data.archive_file.lambda_code"
          ],
          "create_before_destroy": true
        },
        {
          "index_key": "goodbye-dev",
          "schema_version": 0,
          "attributes": {
            "architectures": [
              "x86_64"
            ],
            "arn": "arn:aws:lambda:us-east-1:155516267556:function:goodbye-handler-dev",
            "code_signing_config_arn": "",
            "dead_letter_config": [],
            "description": "",
            "environment": [],
            "ephemeral_storage": [
              {
                "size": 512
              }
            ],
            "file_system_config": [],
            "filename": null,
            "function_name": "goodbye-handler-dev",
            "handler": "index.handler",
            "id": "goodbye-handler-dev",
            "image_config": [],
            "image_uri": "",
            "invoke_arn": "arn:aws:apigateway:us-east-1:lambda:path/2015-03-31/functions/arn:aws:lambda:us-east-1:155516267556:function:goodbye-handler-dev/invocations",
            "kms_key_arn": "",
            "last_modified": "2022-09-01T02:09:54.911+0000",
            "layers": null,
            "memory_size": 128,
            "package_type": "Zip",
            "publish": false,
            "qualified_arn": "arn:aws:lambda:us-east-1:155516267556:function:goodbye-handler-dev:$LATEST",
            "reserved_concurrent_executions": -1,
            "role": "arn:aws:iam::155516267556:role/lambda_execution_role_goodbye-handler-dev",
            "runtime": "nodejs16.x",
            "s3_bucket": "terraform-api-gateway-lambda-demo-logan-test-3",
            "s3_key": "goodbye.zip",
            "s3_object_version": null,
            "signing_job_arn": "",
            "signing_profile_version_arn": "",
            "source_code_hash": "E1W5XQtnsBaWDsLERfZnR4TAwoH3JJ/0OGF4/Pa7oUk=",
            "source_code_size": 330,
            "tags": null,
            "tags_all": {},
            "timeout": 3,
            "timeouts": null,
            "tracing_config": [
              {
                "mode": "PassThrough"
              }
            ],
            "version": "$LATEST",
            "vpc_config": []
          },
          "sensitive_attributes": [],
          "private": "eyJlMmJmYjczMC1lY2FhLTExZTYtOGY4OC0zNDM2M2JjN2M0YzAiOnsiY3JlYXRlIjo2MDAwMDAwMDAwMDB9fQ==",
          "dependencies": [
            "module.lambda_functions.aws_iam_role.lambda_execution_role",
            "module.lambda_functions.aws_s3_bucket.lambda_bucket",
            "module.lambda_functions.aws_s3_object.lambda_code",
            "module.lambda_functions.data.archive_file.lambda_code"
          ],
          "create_before_destroy": true
        },
        {
          "index_key": "goodbye-ng",
          "schema_version": 0,
          "attributes": {
            "architectures": [
              "x86_64"
            ],
            "arn": "arn:aws:lambda:us-east-1:155516267556:function:goodbye-handler-ng",
            "code_signing_config_arn": "",
            "dead_letter_config": [],
            "description": "",
            "environment": [],
            "ephemeral_storage": [
              {
                "size": 512
              }
            ],
            "file_system_config": [],
            "filename": null,
            "function_name": "goodbye-handler-ng",
            "handler": "index.handler",
            "id": "goodbye-handler-ng",
            "image_config": [],
            "image_uri": "",
            "invoke_arn": "arn:aws:apigateway:us-east-1:lambda:path/2015-03-31/functions/arn:aws:lambda:us-east-1:155516267556:function:goodbye-handler-ng/invocations",
            "kms_key_arn": "",
            "last_modified": "2022-09-01T02:09:54.843+0000",
            "layers": null,
            "memory_size": 128,
            "package_type": "Zip",
            "publish": false,
            "qualified_arn": "arn:aws:lambda:us-east-1:155516267556:function:goodbye-handler-ng:$LATEST",
            "reserved_concurrent_executions": -1,
            "role": "arn:aws:iam::155516267556:role/lambda_execution_role_goodbye-handler-ng",
            "runtime": "nodejs16.x",
            "s3_bucket": "terraform-api-gateway-lambda-demo-logan-test-3",
            "s3_key": "goodbye.zip",
            "s3_object_version": null,
            "signing_job_arn": "",
            "signing_profile_version_arn": "",
            "source_code_hash": "E1W5XQtnsBaWDsLERfZnR4TAwoH3JJ/0OGF4/Pa7oUk=",
            "source_code_size": 330,
            "tags": null,
            "tags_all": {},
            "timeout": 3,
            "timeouts": null,
            "tracing_config": [
              {
                "mode": "PassThrough"
              }
            ],
            "version": "$LATEST",
            "vpc_config": []
          },
          "sensitive_attributes": [],
          "private": "eyJlMmJmYjczMC1lY2FhLTExZTYtOGY4OC0zNDM2M2JjN2M0YzAiOnsiY3JlYXRlIjo2MDAwMDAwMDAwMDB9fQ==",
          "dependencies": [
            "module.lambda_functions.aws_iam_role.lambda_execution_role",
            "module.lambda_functions.aws_s3_bucket.lambda_bucket",
            "module.lambda_functions.aws_s3_object.lambda_code",
            "module.lambda_functions.data.archive_file.lambda_code"
          ],
          "create_before_destroy": true
        },
        {
          "index_key": "goodbye-qa",
          "schema_version": 0,
          "attributes": {
            "architectures": [
              "x86_64"
            ],
            "arn": "arn:aws:lambda:us-east-1:155516267556:function:goodbye-handler-qa",
            "code_signing_config_arn": "",
            "dead_letter_config": [],
            "description": "",
            "environment": [],
            "ephemeral_storage": [
              {
                "size": 512
              }
            ],
            "file_system_config": [],
            "filename": null,
            "function_name": "goodbye-handler-qa",
            "handler": "index.handler",
            "id": "goodbye-handler-qa",
            "image_config": [],
            "image_uri": "",
            "invoke_arn": "arn:aws:apigateway:us-east-1:lambda:path/2015-03-31/functions/arn:aws:lambda:us-east-1:155516267556:function:goodbye-handler-qa/invocations",
            "kms_key_arn": "",
            "last_modified": "2022-09-01T02:09:54.911+0000",
            "layers": null,
            "memory_size": 128,
            "package_type": "Zip",
            "publish": false,
            "qualified_arn": "arn:aws:lambda:us-east-1:155516267556:function:goodbye-handler-qa:$LATEST",
            "reserved_concurrent_executions": -1,
            "role": "arn:aws:iam::155516267556:role/lambda_execution_role_goodbye-handler-qa",
            "runtime": "nodejs16.x",
            "s3_bucket": "terraform-api-gateway-lambda-demo-logan-test-3",
            "s3_key": "goodbye.zip",
            "s3_object_version": null,
            "signing_job_arn": "",
            "signing_profile_version_arn": "",
            "source_code_hash": "E1W5XQtnsBaWDsLERfZnR4TAwoH3JJ/0OGF4/Pa7oUk=",
            "source_code_size": 330,
            "tags": null,
            "tags_all": {},
            "timeout": 3,
            "timeouts": null,
            "tracing_config": [
              {
                "mode": "PassThrough"
              }
            ],
            "version": "$LATEST",
            "vpc_config": []
          },
          "sensitive_attributes": [],
          "private": "eyJlMmJmYjczMC1lY2FhLTExZTYtOGY4OC0zNDM2M2JjN2M0YzAiOnsiY3JlYXRlIjo2MDAwMDAwMDAwMDB9fQ==",
          "dependencies": [
            "module.lambda_functions.aws_iam_role.lambda_execution_role",
            "module.lambda_functions.aws_s3_bucket.lambda_bucket",
            "module.lambda_functions.aws_s3_object.lambda_code",
            "module.lambda_functions.data.archive_file.lambda_code"
          ],
          "create_before_destroy": true
        },
        {
          "index_key": "goodbye-uat",
          "schema_version": 0,
          "attributes": {
            "architectures": [
              "x86_64"
            ],
            "arn": "arn:aws:lambda:us-east-1:155516267556:function:goodbye-handler-uat",
            "code_signing_config_arn": "",
            "dead_letter_config": [],
            "description": "",
            "environment": [],
            "ephemeral_storage": [
              {
                "size": 512
              }
            ],
            "file_system_config": [],
            "filename": null,
            "function_name": "goodbye-handler-uat",
            "handler": "index.handler",
            "id": "goodbye-handler-uat",
            "image_config": [],
            "image_uri": "",
            "invoke_arn": "arn:aws:apigateway:us-east-1:lambda:path/2015-03-31/functions/arn:aws:lambda:us-east-1:155516267556:function:goodbye-handler-uat/invocations",
            "kms_key_arn": "",
            "last_modified": "2022-09-01T02:09:54.841+0000",
            "layers": null,
            "memory_size": 128,
            "package_type": "Zip",
            "publish": false,
            "qualified_arn": "arn:aws:lambda:us-east-1:155516267556:function:goodbye-handler-uat:$LATEST",
            "reserved_concurrent_executions": -1,
            "role": "arn:aws:iam::155516267556:role/lambda_execution_role_goodbye-handler-uat",
            "runtime": "nodejs16.x",
            "s3_bucket": "terraform-api-gateway-lambda-demo-logan-test-3",
            "s3_key": "goodbye.zip",
            "s3_object_version": null,
            "signing_job_arn": "",
            "signing_profile_version_arn": "",
            "source_code_hash": "E1W5XQtnsBaWDsLERfZnR4TAwoH3JJ/0OGF4/Pa7oUk=",
            "source_code_size": 330,
            "tags": null,
            "tags_all": {},
            "timeout": 3,
            "timeouts": null,
            "tracing_config": [
              {
                "mode": "PassThrough"
              }
            ],
            "version": "$LATEST",
            "vpc_config": []
          },
          "sensitive_attributes": [],
          "private": "eyJlMmJmYjczMC1lY2FhLTExZTYtOGY4OC0zNDM2M2JjN2M0YzAiOnsiY3JlYXRlIjo2MDAwMDAwMDAwMDB9fQ==",
          "dependencies": [
            "module.lambda_functions.aws_iam_role.lambda_execution_role",
            "module.lambda_functions.aws_s3_bucket.lambda_bucket",
            "module.lambda_functions.aws_s3_object.lambda_code",
            "module.lambda_functions.data.archive_file.lambda_code"
          ],
          "create_before_destroy": true
        },
        {
          "index_key": "hello-dev",
          "schema_version": 0,
          "attributes": {
            "architectures": [
              "x86_64"
            ],
            "arn": "arn:aws:lambda:us-east-1:155516267556:function:hello-handler-dev",
            "code_signing_config_arn": "",
            "dead_letter_config": [],
            "description": "",
            "environment": [],
            "ephemeral_storage": [
              {
                "size": 512
              }
            ],
            "file_system_config": [],
            "filename": null,
            "function_name": "hello-handler-dev",
            "handler": "index.handler",
            "id": "hello-handler-dev",
            "image_config": [],
            "image_uri": "",
            "invoke_arn": "arn:aws:apigateway:us-east-1:lambda:path/2015-03-31/functions/arn:aws:lambda:us-east-1:155516267556:function:hello-handler-dev/invocations",
            "kms_key_arn": "",
            "last_modified": "2022-09-01T02:09:54.832+0000",
            "layers": null,
            "memory_size": 128,
            "package_type": "Zip",
            "publish": false,
            "qualified_arn": "arn:aws:lambda:us-east-1:155516267556:function:hello-handler-dev:$LATEST",
            "reserved_concurrent_executions": -1,
            "role": "arn:aws:iam::155516267556:role/lambda_execution_role_hello-handler-dev",
            "runtime": "nodejs16.x",
            "s3_bucket": "terraform-api-gateway-lambda-demo-logan-test-3",
            "s3_key": "hello.zip",
            "s3_object_version": null,
            "signing_job_arn": "",
            "signing_profile_version_arn": "",
            "source_code_hash": "qfmbFQ8dVwnKk0T3/vyz9+J2T81lkIPSq7c+9Lu0BlA=",
            "source_code_size": 328,
            "tags": null,
            "tags_all": {},
            "timeout": 3,
            "timeouts": null,
            "tracing_config": [
              {
                "mode": "PassThrough"
              }
            ],
            "version": "$LATEST",
            "vpc_config": []
          },
          "sensitive_attributes": [],
          "private": "eyJlMmJmYjczMC1lY2FhLTExZTYtOGY4OC0zNDM2M2JjN2M0YzAiOnsiY3JlYXRlIjo2MDAwMDAwMDAwMDB9fQ==",
          "dependencies": [
            "module.lambda_functions.aws_iam_role.lambda_execution_role",
            "module.lambda_functions.aws_s3_bucket.lambda_bucket",
            "module.lambda_functions.aws_s3_object.lambda_code",
            "module.lambda_functions.data.archive_file.lambda_code"
          ],
          "create_before_destroy": true
        },
        {
          "index_key": "hello-ng",
          "schema_version": 0,
          "attributes": {
            "architectures": [
              "x86_64"
            ],
            "arn": "arn:aws:lambda:us-east-1:155516267556:function:hello-handler-ng",
            "code_signing_config_arn": "",
            "dead_letter_config": [],
            "description": "",
            "environment": [],
            "ephemeral_storage": [
              {
                "size": 512
              }
            ],
            "file_system_config": [],
            "filename": null,
            "function_name": "hello-handler-ng",
            "handler": "index.handler",
            "id": "hello-handler-ng",
            "image_config": [],
            "image_uri": "",
            "invoke_arn": "arn:aws:apigateway:us-east-1:lambda:path/2015-03-31/functions/arn:aws:lambda:us-east-1:155516267556:function:hello-handler-ng/invocations",
            "kms_key_arn": "",
            "last_modified": "2022-09-01T02:09:54.894+0000",
            "layers": null,
            "memory_size": 128,
            "package_type": "Zip",
            "publish": false,
            "qualified_arn": "arn:aws:lambda:us-east-1:155516267556:function:hello-handler-ng:$LATEST",
            "reserved_concurrent_executions": -1,
            "role": "arn:aws:iam::155516267556:role/lambda_execution_role_hello-handler-ng",
            "runtime": "nodejs16.x",
            "s3_bucket": "terraform-api-gateway-lambda-demo-logan-test-3",
            "s3_key": "hello.zip",
            "s3_object_version": null,
            "signing_job_arn": "",
            "signing_profile_version_arn": "",
            "source_code_hash": "qfmbFQ8dVwnKk0T3/vyz9+J2T81lkIPSq7c+9Lu0BlA=",
            "source_code_size": 328,
            "tags": null,
            "tags_all": {},
            "timeout": 3,
            "timeouts": null,
            "tracing_config": [
              {
                "mode": "PassThrough"
              }
            ],
            "version": "$LATEST",
            "vpc_config": []
          },
          "sensitive_attributes": [],
          "private": "eyJlMmJmYjczMC1lY2FhLTExZTYtOGY4OC0zNDM2M2JjN2M0YzAiOnsiY3JlYXRlIjo2MDAwMDAwMDAwMDB9fQ==",
          "dependencies": [
            "module.lambda_functions.aws_iam_role.lambda_execution_role",
            "module.lambda_functions.aws_s3_bucket.lambda_bucket",
            "module.lambda_functions.aws_s3_object.lambda_code",
            "module.lambda_functions.data.archive_file.lambda_code"
          ],
          "create_before_destroy": true
        },
        {
          "index_key": "hello-qa",
          "schema_version": 0,
          "attributes": {
            "architectures": [
              "x86_64"
            ],
            "arn": "arn:aws:lambda:us-east-1:155516267556:function:hello-handler-qa",
            "code_signing_config_arn": "",
            "dead_letter_config": [],
            "description": "",
            "environment": [],
            "ephemeral_storage": [
              {
                "size": 512
              }
            ],
            "file_system_config": [],
            "filename": null,
            "function_name": "hello-handler-qa",
            "handler": "index.handler",
            "id": "hello-handler-qa",
            "image_config": [],
            "image_uri": "",
            "invoke_arn": "arn:aws:apigateway:us-east-1:lambda:path/2015-03-31/functions/arn:aws:lambda:us-east-1:155516267556:function:hello-handler-qa/invocations",
            "kms_key_arn": "",
            "last_modified": "2022-09-01T02:09:54.843+0000",
            "layers": null,
            "memory_size": 128,
            "package_type": "Zip",
            "publish": false,
            "qualified_arn": "arn:aws:lambda:us-east-1:155516267556:function:hello-handler-qa:$LATEST",
            "reserved_concurrent_executions": -1,
            "role": "arn:aws:iam::155516267556:role/lambda_execution_role_hello-handler-qa",
            "runtime": "nodejs16.x",
            "s3_bucket": "terraform-api-gateway-lambda-demo-logan-test-3",
            "s3_key": "hello.zip",
            "s3_object_version": null,
            "signing_job_arn": "",
            "signing_profile_version_arn": "",
            "source_code_hash": "qfmbFQ8dVwnKk0T3/vyz9+J2T81lkIPSq7c+9Lu0BlA=",
            "source_code_size": 328,
            "tags": null,
            "tags_all": {},
            "timeout": 3,
            "timeouts": null,
            "tracing_config": [
              {
                "mode": "PassThrough"
              }
            ],
            "version": "$LATEST",
            "vpc_config": []
          },
          "sensitive_attributes": [],
          "private": "eyJlMmJmYjczMC1lY2FhLTExZTYtOGY4OC0zNDM2M2JjN2M0YzAiOnsiY3JlYXRlIjo2MDAwMDAwMDAwMDB9fQ==",
          "dependencies": [
            "module.lambda_functions.aws_iam_role.lambda_execution_role",
            "module.lambda_functions.aws_s3_bucket.lambda_bucket",
            "module.lambda_functions.aws_s3_object.lambda_code",
            "module.lambda_functions.data.archive_file.lambda_code"
          ],
          "create_before_destroy": true
        },
        {
          "index_key": "hello-uat",
          "schema_version": 0,
          "attributes": {
            "architectures": [
              "x86_64"
            ],
            "arn": "arn:aws:lambda:us-east-1:155516267556:function:hello-handler-uat",
            "code_signing_config_arn": "",
            "dead_letter_config": [],
            "description": "",
            "environment": [],
            "ephemeral_storage": [
              {
                "size": 512
              }
            ],
            "file_system_config": [],
            "filename": null,
            "function_name": "hello-handler-uat",
            "handler": "index.handler",
            "id": "hello-handler-uat",
            "image_config": [],
            "image_uri": "",
            "invoke_arn": "arn:aws:apigateway:us-east-1:lambda:path/2015-03-31/functions/arn:aws:lambda:us-east-1:155516267556:function:hello-handler-uat/invocations",
            "kms_key_arn": "",
            "last_modified": "2022-09-01T02:09:54.886+0000",
            "layers": null,
            "memory_size": 128,
            "package_type": "Zip",
            "publish": false,
            "qualified_arn": "arn:aws:lambda:us-east-1:155516267556:function:hello-handler-uat:$LATEST",
            "reserved_concurrent_executions": -1,
            "role": "arn:aws:iam::155516267556:role/lambda_execution_role_hello-handler-uat",
            "runtime": "nodejs16.x",
            "s3_bucket": "terraform-api-gateway-lambda-demo-logan-test-3",
            "s3_key": "hello.zip",
            "s3_object_version": null,
            "signing_job_arn": "",
            "signing_profile_version_arn": "",
            "source_code_hash": "qfmbFQ8dVwnKk0T3/vyz9+J2T81lkIPSq7c+9Lu0BlA=",
            "source_code_size": 328,
            "tags": null,
            "tags_all": {},
            "timeout": 3,
            "timeouts": null,
            "tracing_config": [
              {
                "mode": "PassThrough"
              }
            ],
            "version": "$LATEST",
            "vpc_config": []
          },
          "sensitive_attributes": [],
          "private": "eyJlMmJmYjczMC1lY2FhLTExZTYtOGY4OC0zNDM2M2JjN2M0YzAiOnsiY3JlYXRlIjo2MDAwMDAwMDAwMDB9fQ==",
          "dependencies": [
            "module.lambda_functions.aws_iam_role.lambda_execution_role",
            "module.lambda_functions.aws_s3_bucket.lambda_bucket",
            "module.lambda_functions.aws_s3_object.lambda_code",
            "module.lambda_functions.data.archive_file.lambda_code"
          ],
          "create_before_destroy": true
        }
      ]
    },
    {
      "module": "module.lambda_functions",
      "mode": "managed",
      "type": "aws_s3_bucket",
      "name": "lambda_bucket",
      "provider": "provider[\"registry.terraform.io/hashicorp/aws\"]",
      "instances": [
        {
          "schema_version": 0,
          "attributes": {
            "acceleration_status": "",
            "acl": null,
            "arn": "arn:aws:s3:::terraform-api-gateway-lambda-demo-logan-test-3",
            "bucket": "terraform-api-gateway-lambda-demo-logan-test-3",
            "bucket_domain_name": "terraform-api-gateway-lambda-demo-logan-test-3.s3.amazonaws.com",
            "bucket_prefix": null,
            "bucket_regional_domain_name": "terraform-api-gateway-lambda-demo-logan-test-3.s3.amazonaws.com",
            "cors_rule": [],
            "force_destroy": false,
            "grant": [
              {
                "id": "647e1bdf65dd9fd8cd9c2735fa0b4c7b383f48e6f5bb59cd92b55dc48085bd89",
                "permissions": [
                  "FULL_CONTROL"
                ],
                "type": "CanonicalUser",
                "uri": ""
              }
            ],
            "hosted_zone_id": "Z3AQBSTGFYJSTF",
            "id": "terraform-api-gateway-lambda-demo-logan-test-3",
            "lifecycle_rule": [],
            "logging": [],
            "object_lock_configuration": [],
            "object_lock_enabled": false,
            "policy": "",
            "region": "us-east-1",
            "replication_configuration": [],
            "request_payer": "BucketOwner",
            "server_side_encryption_configuration": [],
            "tags": null,
            "tags_all": {},
            "timeouts": null,
            "versioning": [
              {
                "enabled": false,
                "mfa_delete": false
              }
            ],
            "website": [],
            "website_domain": null,
            "website_endpoint": null
          },
          "sensitive_attributes": [],
          "private": "eyJlMmJmYjczMC1lY2FhLTExZTYtOGY4OC0zNDM2M2JjN2M0YzAiOnsiY3JlYXRlIjoxMjAwMDAwMDAwMDAwLCJkZWxldGUiOjM2MDAwMDAwMDAwMDAsInJlYWQiOjEyMDAwMDAwMDAwMDAsInVwZGF0ZSI6MTIwMDAwMDAwMDAwMH19",
          "create_before_destroy": true
        }
      ]
    },
    {
      "module": "module.lambda_functions",
      "mode": "managed",
      "type": "aws_s3_bucket_acl",
      "name": "lambda_bucket_acl",
      "provider": "provider[\"registry.terraform.io/hashicorp/aws\"]",
      "instances": [
        {
          "schema_version": 0,
          "attributes": {
            "access_control_policy": [
              {
                "grant": [
                  {
                    "grantee": [
                      {
                        "display_name": "loganarn5",
                        "email_address": "",
                        "id": "647e1bdf65dd9fd8cd9c2735fa0b4c7b383f48e6f5bb59cd92b55dc48085bd89",
                        "type": "CanonicalUser",
                        "uri": ""
                      }
                    ],
                    "permission": "FULL_CONTROL"
                  }
                ],
                "owner": [
                  {
                    "display_name": "loganarn5",
                    "id": "647e1bdf65dd9fd8cd9c2735fa0b4c7b383f48e6f5bb59cd92b55dc48085bd89"
                  }
                ]
              }
            ],
            "acl": "private",
            "bucket": "terraform-api-gateway-lambda-demo-logan-test-3",
            "expected_bucket_owner": "",
            "id": "terraform-api-gateway-lambda-demo-logan-test-3,private"
          },
          "sensitive_attributes": [],
          "private": "bnVsbA==",
          "dependencies": [
            "module.lambda_functions.aws_s3_bucket.lambda_bucket"
          ],
          "create_before_destroy": true
        }
      ]
    },
    {
      "module": "module.lambda_functions",
      "mode": "managed",
      "type": "aws_s3_object",
      "name": "lambda_code",
      "provider": "provider[\"registry.terraform.io/hashicorp/aws\"]",
      "instances": [
        {
          "index_key": "gameById-dev",
          "schema_version": 0,
          "attributes": {
            "acl": "private",
            "bucket": "terraform-api-gateway-lambda-demo-logan-test-3",
            "bucket_key_enabled": false,
            "cache_control": "",
            "content": null,
            "content_base64": null,
            "content_disposition": "",
            "content_encoding": "",
            "content_language": "",
            "content_type": "binary/octet-stream",
            "etag": "8898acbcf073810d7851f0800fcc4db5",
            "force_destroy": false,
            "id": "gameById.zip",
            "key": "gameById.zip",
            "kms_key_id": null,
            "metadata": null,
            "object_lock_legal_hold_status": "",
            "object_lock_mode": "",
            "object_lock_retain_until_date": "",
            "server_side_encryption": "",
            "source": "./../gameById.zip",
            "source_hash": null,
            "storage_class": "STANDARD",
            "tags": null,
            "tags_all": {},
            "version_id": "",
            "website_redirect": ""
          },
          "sensitive_attributes": [],
          "private": "bnVsbA==",
          "dependencies": [
            "module.lambda_functions.aws_s3_bucket.lambda_bucket",
            "module.lambda_functions.data.archive_file.lambda_code"
          ],
          "create_before_destroy": true
        },
        {
          "index_key": "gameById-ng",
          "schema_version": 0,
          "attributes": {
            "acl": "private",
            "bucket": "terraform-api-gateway-lambda-demo-logan-test-3",
            "bucket_key_enabled": false,
            "cache_control": "",
            "content": null,
            "content_base64": null,
            "content_disposition": "",
            "content_encoding": "",
            "content_language": "",
            "content_type": "binary/octet-stream",
            "etag": "8898acbcf073810d7851f0800fcc4db5",
            "force_destroy": false,
            "id": "gameById.zip",
            "key": "gameById.zip",
            "kms_key_id": null,
            "metadata": null,
            "object_lock_legal_hold_status": "",
            "object_lock_mode": "",
            "object_lock_retain_until_date": "",
            "server_side_encryption": "",
            "source": "./../gameById.zip",
            "source_hash": null,
            "storage_class": "STANDARD",
            "tags": null,
            "tags_all": {},
            "version_id": "",
            "website_redirect": ""
          },
          "sensitive_attributes": [],
          "private": "bnVsbA==",
          "dependencies": [
            "module.lambda_functions.aws_s3_bucket.lambda_bucket",
            "module.lambda_functions.data.archive_file.lambda_code"
          ],
          "create_before_destroy": true
        },
        {
          "index_key": "gameById-qa",
          "schema_version": 0,
          "attributes": {
            "acl": "private",
            "bucket": "terraform-api-gateway-lambda-demo-logan-test-3",
            "bucket_key_enabled": false,
            "cache_control": "",
            "content": null,
            "content_base64": null,
            "content_disposition": "",
            "content_encoding": "",
            "content_language": "",
            "content_type": "binary/octet-stream",
            "etag": "8898acbcf073810d7851f0800fcc4db5",
            "force_destroy": false,
            "id": "gameById.zip",
            "key": "gameById.zip",
            "kms_key_id": null,
            "metadata": null,
            "object_lock_legal_hold_status": "",
            "object_lock_mode": "",
            "object_lock_retain_until_date": "",
            "server_side_encryption": "",
            "source": "./../gameById.zip",
            "source_hash": null,
            "storage_class": "STANDARD",
            "tags": null,
            "tags_all": {},
            "version_id": "",
            "website_redirect": ""
          },
          "sensitive_attributes": [],
          "private": "bnVsbA==",
          "dependencies": [
            "module.lambda_functions.aws_s3_bucket.lambda_bucket",
            "module.lambda_functions.data.archive_file.lambda_code"
          ],
          "create_before_destroy": true
        },
        {
          "index_key": "gameById-uat",
          "schema_version": 0,
          "attributes": {
            "acl": "private",
            "bucket": "terraform-api-gateway-lambda-demo-logan-test-3",
            "bucket_key_enabled": false,
            "cache_control": "",
            "content": null,
            "content_base64": null,
            "content_disposition": "",
            "content_encoding": "",
            "content_language": "",
            "content_type": "binary/octet-stream",
            "etag": "8898acbcf073810d7851f0800fcc4db5",
            "force_destroy": false,
            "id": "gameById.zip",
            "key": "gameById.zip",
            "kms_key_id": null,
            "metadata": null,
            "object_lock_legal_hold_status": "",
            "object_lock_mode": "",
            "object_lock_retain_until_date": "",
            "server_side_encryption": "",
            "source": "./../gameById.zip",
            "source_hash": null,
            "storage_class": "STANDARD",
            "tags": null,
            "tags_all": {},
            "version_id": "",
            "website_redirect": ""
          },
          "sensitive_attributes": [],
          "private": "bnVsbA==",
          "dependencies": [
            "module.lambda_functions.aws_s3_bucket.lambda_bucket",
            "module.lambda_functions.data.archive_file.lambda_code"
          ],
          "create_before_destroy": true
        },
        {
          "index_key": "goodbye-dev",
          "schema_version": 0,
          "attributes": {
            "acl": "private",
            "bucket": "terraform-api-gateway-lambda-demo-logan-test-3",
            "bucket_key_enabled": false,
            "cache_control": "",
            "content": null,
            "content_base64": null,
            "content_disposition": "",
            "content_encoding": "",
            "content_language": "",
            "content_type": "binary/octet-stream",
            "etag": "5be50170cfb621f1fab9ddf5a5d8c73d",
            "force_destroy": false,
            "id": "goodbye.zip",
            "key": "goodbye.zip",
            "kms_key_id": null,
            "metadata": null,
            "object_lock_legal_hold_status": "",
            "object_lock_mode": "",
            "object_lock_retain_until_date": "",
            "server_side_encryption": "",
            "source": "./../goodbye.zip",
            "source_hash": null,
            "storage_class": "STANDARD",
            "tags": null,
            "tags_all": {},
            "version_id": "",
            "website_redirect": ""
          },
          "sensitive_attributes": [],
          "private": "bnVsbA==",
          "dependencies": [
            "module.lambda_functions.aws_s3_bucket.lambda_bucket",
            "module.lambda_functions.data.archive_file.lambda_code"
          ],
          "create_before_destroy": true
        },
        {
          "index_key": "goodbye-ng",
          "schema_version": 0,
          "attributes": {
            "acl": "private",
            "bucket": "terraform-api-gateway-lambda-demo-logan-test-3",
            "bucket_key_enabled": false,
            "cache_control": "",
            "content": null,
            "content_base64": null,
            "content_disposition": "",
            "content_encoding": "",
            "content_language": "",
            "content_type": "binary/octet-stream",
            "etag": "5be50170cfb621f1fab9ddf5a5d8c73d",
            "force_destroy": false,
            "id": "goodbye.zip",
            "key": "goodbye.zip",
            "kms_key_id": null,
            "metadata": null,
            "object_lock_legal_hold_status": "",
            "object_lock_mode": "",
            "object_lock_retain_until_date": "",
            "server_side_encryption": "",
            "source": "./../goodbye.zip",
            "source_hash": null,
            "storage_class": "STANDARD",
            "tags": null,
            "tags_all": {},
            "version_id": "",
            "website_redirect": ""
          },
          "sensitive_attributes": [],
          "private": "bnVsbA==",
          "dependencies": [
            "module.lambda_functions.aws_s3_bucket.lambda_bucket",
            "module.lambda_functions.data.archive_file.lambda_code"
          ],
          "create_before_destroy": true
        },
        {
          "index_key": "goodbye-qa",
          "schema_version": 0,
          "attributes": {
            "acl": "private",
            "bucket": "terraform-api-gateway-lambda-demo-logan-test-3",
            "bucket_key_enabled": false,
            "cache_control": "",
            "content": null,
            "content_base64": null,
            "content_disposition": "",
            "content_encoding": "",
            "content_language": "",
            "content_type": "binary/octet-stream",
            "etag": "5be50170cfb621f1fab9ddf5a5d8c73d",
            "force_destroy": false,
            "id": "goodbye.zip",
            "key": "goodbye.zip",
            "kms_key_id": null,
            "metadata": null,
            "object_lock_legal_hold_status": "",
            "object_lock_mode": "",
            "object_lock_retain_until_date": "",
            "server_side_encryption": "",
            "source": "./../goodbye.zip",
            "source_hash": null,
            "storage_class": "STANDARD",
            "tags": null,
            "tags_all": {},
            "version_id": "",
            "website_redirect": ""
          },
          "sensitive_attributes": [],
          "private": "bnVsbA==",
          "dependencies": [
            "module.lambda_functions.aws_s3_bucket.lambda_bucket",
            "module.lambda_functions.data.archive_file.lambda_code"
          ],
          "create_before_destroy": true
        },
        {
          "index_key": "goodbye-uat",
          "schema_version": 0,
          "attributes": {
            "acl": "private",
            "bucket": "terraform-api-gateway-lambda-demo-logan-test-3",
            "bucket_key_enabled": false,
            "cache_control": "",
            "content": null,
            "content_base64": null,
            "content_disposition": "",
            "content_encoding": "",
            "content_language": "",
            "content_type": "binary/octet-stream",
            "etag": "5be50170cfb621f1fab9ddf5a5d8c73d",
            "force_destroy": false,
            "id": "goodbye.zip",
            "key": "goodbye.zip",
            "kms_key_id": null,
            "metadata": null,
            "object_lock_legal_hold_status": "",
            "object_lock_mode": "",
            "object_lock_retain_until_date": "",
            "server_side_encryption": "",
            "source": "./../goodbye.zip",
            "source_hash": null,
            "storage_class": "STANDARD",
            "tags": null,
            "tags_all": {},
            "version_id": "",
            "website_redirect": ""
          },
          "sensitive_attributes": [],
          "private": "bnVsbA==",
          "dependencies": [
            "module.lambda_functions.aws_s3_bucket.lambda_bucket",
            "module.lambda_functions.data.archive_file.lambda_code"
          ],
          "create_before_destroy": true
        },
        {
          "index_key": "hello-dev",
          "schema_version": 0,
          "attributes": {
            "acl": "private",
            "bucket": "terraform-api-gateway-lambda-demo-logan-test-3",
            "bucket_key_enabled": false,
            "cache_control": "",
            "content": null,
            "content_base64": null,
            "content_disposition": "",
            "content_encoding": "",
            "content_language": "",
            "content_type": "binary/octet-stream",
            "etag": "0d0f4d31dfc8e9f5eafb9e60779b250b",
            "force_destroy": false,
            "id": "hello.zip",
            "key": "hello.zip",
            "kms_key_id": null,
            "metadata": null,
            "object_lock_legal_hold_status": "",
            "object_lock_mode": "",
            "object_lock_retain_until_date": "",
            "server_side_encryption": "",
            "source": "./../hello.zip",
            "source_hash": null,
            "storage_class": "STANDARD",
            "tags": null,
            "tags_all": {},
            "version_id": "",
            "website_redirect": ""
          },
          "sensitive_attributes": [],
          "private": "bnVsbA==",
          "dependencies": [
            "module.lambda_functions.aws_s3_bucket.lambda_bucket",
            "module.lambda_functions.data.archive_file.lambda_code"
          ],
          "create_before_destroy": true
        },
        {
          "index_key": "hello-ng",
          "schema_version": 0,
          "attributes": {
            "acl": "private",
            "bucket": "terraform-api-gateway-lambda-demo-logan-test-3",
            "bucket_key_enabled": false,
            "cache_control": "",
            "content": null,
            "content_base64": null,
            "content_disposition": "",
            "content_encoding": "",
            "content_language": "",
            "content_type": "binary/octet-stream",
            "etag": "0d0f4d31dfc8e9f5eafb9e60779b250b",
            "force_destroy": false,
            "id": "hello.zip",
            "key": "hello.zip",
            "kms_key_id": null,
            "metadata": null,
            "object_lock_legal_hold_status": "",
            "object_lock_mode": "",
            "object_lock_retain_until_date": "",
            "server_side_encryption": "",
            "source": "./../hello.zip",
            "source_hash": null,
            "storage_class": "STANDARD",
            "tags": null,
            "tags_all": {},
            "version_id": "",
            "website_redirect": ""
          },
          "sensitive_attributes": [],
          "private": "bnVsbA==",
          "dependencies": [
            "module.lambda_functions.aws_s3_bucket.lambda_bucket",
            "module.lambda_functions.data.archive_file.lambda_code"
          ],
          "create_before_destroy": true
        },
        {
          "index_key": "hello-qa",
          "schema_version": 0,
          "attributes": {
            "acl": "private",
            "bucket": "terraform-api-gateway-lambda-demo-logan-test-3",
            "bucket_key_enabled": false,
            "cache_control": "",
            "content": null,
            "content_base64": null,
            "content_disposition": "",
            "content_encoding": "",
            "content_language": "",
            "content_type": "binary/octet-stream",
            "etag": "0d0f4d31dfc8e9f5eafb9e60779b250b",
            "force_destroy": false,
            "id": "hello.zip",
            "key": "hello.zip",
            "kms_key_id": null,
            "metadata": null,
            "object_lock_legal_hold_status": "",
            "object_lock_mode": "",
            "object_lock_retain_until_date": "",
            "server_side_encryption": "",
            "source": "./../hello.zip",
            "source_hash": null,
            "storage_class": "STANDARD",
            "tags": null,
            "tags_all": {},
            "version_id": "",
            "website_redirect": ""
          },
          "sensitive_attributes": [],
          "private": "bnVsbA==",
          "dependencies": [
            "module.lambda_functions.aws_s3_bucket.lambda_bucket",
            "module.lambda_functions.data.archive_file.lambda_code"
          ],
          "create_before_destroy": true
        },
        {
          "index_key": "hello-uat",
          "schema_version": 0,
          "attributes": {
            "acl": "private",
            "bucket": "terraform-api-gateway-lambda-demo-logan-test-3",
            "bucket_key_enabled": false,
            "cache_control": "",
            "content": null,
            "content_base64": null,
            "content_disposition": "",
            "content_encoding": "",
            "content_language": "",
            "content_type": "binary/octet-stream",
            "etag": "0d0f4d31dfc8e9f5eafb9e60779b250b",
            "force_destroy": false,
            "id": "hello.zip",
            "key": "hello.zip",
            "kms_key_id": null,
            "metadata": null,
            "object_lock_legal_hold_status": "",
            "object_lock_mode": "",
            "object_lock_retain_until_date": "",
            "server_side_encryption": "",
            "source": "./../hello.zip",
            "source_hash": null,
            "storage_class": "STANDARD",
            "tags": null,
            "tags_all": {},
            "version_id": "",
            "website_redirect": ""
          },
          "sensitive_attributes": [],
          "private": "bnVsbA==",
          "dependencies": [
            "module.lambda_functions.aws_s3_bucket.lambda_bucket",
            "module.lambda_functions.data.archive_file.lambda_code"
          ],
          "create_before_destroy": true
        }
      ]
    }
  ]
}
