{
  "version": 4,
  "terraform_version": "1.2.5",
  "serial": 187,
  "lineage": "e1c4347a-064c-4f01-f91f-1d87abf50003",
  "outputs": {},
  "resources": [
    {
      "module": "module.api_gateway",
      "mode": "managed",
      "type": "aws_api_gateway_deployment",
      "name": "rest_api_deployment",
      "provider": "provider[\"registry.terraform.io/hashicorp/aws\"]",
      "instances": [
        {
          "index_key": "dev",
          "schema_version": 0,
          "attributes": {
            "created_date": "2022-07-26T18:10:15Z",
            "description": "",
            "execution_arn": "arn:aws:execute-api:us-east-1:155516267556:jzjr1g96kc/",
            "id": "pgyxye",
            "invoke_url": "https://jzjr1g96kc.execute-api.us-east-1.amazonaws.com/",
            "rest_api_id": "jzjr1g96kc",
            "stage_description": null,
            "stage_name": null,
            "triggers": {
              "redeployment": "8395fc73a9ef87a889c70dffb8419703e6430b02"
            },
            "variables": null
          },
          "sensitive_attributes": [],
          "private": "bnVsbA==",
          "dependencies": [
            "module.api_gateway.aws_api_gateway_integration.rest_api_get_method_integration",
            "module.api_gateway.aws_api_gateway_method.rest_api_get_method",
            "module.api_gateway.aws_api_gateway_resource.rest_api_resource",
            "module.api_gateway.aws_api_gateway_rest_api.rest_api",
            "module.lambda_functions.aws_cloudwatch_log_group.lambda_log_group",
            "module.lambda_functions.aws_iam_role.lambda_execution_role",
            "module.lambda_functions.aws_iam_role_policy_attachment.lambda_policy",
            "module.lambda_functions.aws_lambda_function.lambda_function",
            "module.lambda_functions.aws_s3_bucket.lambda_bucket",
            "module.lambda_functions.aws_s3_bucket_acl.lambda_bucket_acl",
            "module.lambda_functions.aws_s3_object.lambda_code",
            "module.lambda_functions.data.archive_file.lambda_code"
          ]
        },
        {
          "index_key": "ng",
          "schema_version": 0,
          "attributes": {
            "created_date": "2022-07-26T18:10:15Z",
            "description": "",
            "execution_arn": "arn:aws:execute-api:us-east-1:155516267556:s1wp4y8zj1/",
            "id": "wtn7z7",
            "invoke_url": "https://s1wp4y8zj1.execute-api.us-east-1.amazonaws.com/",
            "rest_api_id": "s1wp4y8zj1",
            "stage_description": null,
            "stage_name": null,
            "triggers": {
              "redeployment": "8395fc73a9ef87a889c70dffb8419703e6430b02"
            },
            "variables": null
          },
          "sensitive_attributes": [],
          "private": "bnVsbA==",
          "dependencies": [
            "module.api_gateway.aws_api_gateway_integration.rest_api_get_method_integration",
            "module.api_gateway.aws_api_gateway_method.rest_api_get_method",
            "module.api_gateway.aws_api_gateway_resource.rest_api_resource",
            "module.api_gateway.aws_api_gateway_rest_api.rest_api",
            "module.lambda_functions.aws_cloudwatch_log_group.lambda_log_group",
            "module.lambda_functions.aws_iam_role.lambda_execution_role",
            "module.lambda_functions.aws_iam_role_policy_attachment.lambda_policy",
            "module.lambda_functions.aws_lambda_function.lambda_function",
            "module.lambda_functions.aws_s3_bucket.lambda_bucket",
            "module.lambda_functions.aws_s3_bucket_acl.lambda_bucket_acl",
            "module.lambda_functions.aws_s3_object.lambda_code",
            "module.lambda_functions.data.archive_file.lambda_code"
          ]
        },
        {
          "index_key": "qa",
          "schema_version": 0,
          "attributes": {
            "created_date": "2022-07-26T18:10:15Z",
            "description": "",
            "execution_arn": "arn:aws:execute-api:us-east-1:155516267556:krgbsmu3jg/",
            "id": "748gk6",
            "invoke_url": "https://krgbsmu3jg.execute-api.us-east-1.amazonaws.com/",
            "rest_api_id": "krgbsmu3jg",
            "stage_description": null,
            "stage_name": null,
            "triggers": {
              "redeployment": "8395fc73a9ef87a889c70dffb8419703e6430b02"
            },
            "variables": null
          },
          "sensitive_attributes": [],
          "private": "bnVsbA==",
          "dependencies": [
            "module.api_gateway.aws_api_gateway_integration.rest_api_get_method_integration",
            "module.api_gateway.aws_api_gateway_method.rest_api_get_method",
            "module.api_gateway.aws_api_gateway_resource.rest_api_resource",
            "module.api_gateway.aws_api_gateway_rest_api.rest_api",
            "module.lambda_functions.aws_cloudwatch_log_group.lambda_log_group",
            "module.lambda_functions.aws_iam_role.lambda_execution_role",
            "module.lambda_functions.aws_iam_role_policy_attachment.lambda_policy",
            "module.lambda_functions.aws_lambda_function.lambda_function",
            "module.lambda_functions.aws_s3_bucket.lambda_bucket",
            "module.lambda_functions.aws_s3_bucket_acl.lambda_bucket_acl",
            "module.lambda_functions.aws_s3_object.lambda_code",
            "module.lambda_functions.data.archive_file.lambda_code"
          ]
        },
        {
          "index_key": "uat",
          "schema_version": 0,
          "attributes": {
            "created_date": "2022-07-26T18:10:15Z",
            "description": "",
            "execution_arn": "arn:aws:execute-api:us-east-1:155516267556:43v7tyinie/",
            "id": "tapwed",
            "invoke_url": "https://43v7tyinie.execute-api.us-east-1.amazonaws.com/",
            "rest_api_id": "43v7tyinie",
            "stage_description": null,
            "stage_name": null,
            "triggers": {
              "redeployment": "8395fc73a9ef87a889c70dffb8419703e6430b02"
            },
            "variables": null
          },
          "sensitive_attributes": [],
          "private": "bnVsbA==",
          "dependencies": [
            "module.api_gateway.aws_api_gateway_integration.rest_api_get_method_integration",
            "module.api_gateway.aws_api_gateway_method.rest_api_get_method",
            "module.api_gateway.aws_api_gateway_resource.rest_api_resource",
            "module.api_gateway.aws_api_gateway_rest_api.rest_api",
            "module.lambda_functions.aws_cloudwatch_log_group.lambda_log_group",
            "module.lambda_functions.aws_iam_role.lambda_execution_role",
            "module.lambda_functions.aws_iam_role_policy_attachment.lambda_policy",
            "module.lambda_functions.aws_lambda_function.lambda_function",
            "module.lambda_functions.aws_s3_bucket.lambda_bucket",
            "module.lambda_functions.aws_s3_bucket_acl.lambda_bucket_acl",
            "module.lambda_functions.aws_s3_object.lambda_code",
            "module.lambda_functions.data.archive_file.lambda_code"
          ]
        }
      ]
    },
    {
      "module": "module.api_gateway",
      "mode": "managed",
      "type": "aws_api_gateway_integration",
      "name": "rest_api_get_method_integration",
      "provider": "provider[\"registry.terraform.io/hashicorp/aws\"]",
      "instances": [
        {
          "index_key": "goodbye-dev",
          "schema_version": 0,
          "attributes": {
            "cache_key_parameters": null,
            "cache_namespace": "y0cu1p",
            "connection_id": "",
            "connection_type": "INTERNET",
            "content_handling": "",
            "credentials": "",
            "http_method": "GET",
            "id": "agi-jzjr1g96kc-y0cu1p-GET",
            "integration_http_method": "POST",
            "passthrough_behavior": "WHEN_NO_MATCH",
            "request_parameters": null,
            "request_templates": null,
            "resource_id": "y0cu1p",
            "rest_api_id": "jzjr1g96kc",
            "timeout_milliseconds": 29000,
            "tls_config": [],
            "type": "AWS_PROXY",
            "uri": "arn:aws:apigateway:us-east-1:lambda:path/2015-03-31/functions/arn:aws:lambda:us-east-1:155516267556:function:goodbye-handler-dev/invocations"
          },
          "sensitive_attributes": [],
          "private": "bnVsbA==",
          "dependencies": [
            "module.api_gateway.aws_api_gateway_method.rest_api_get_method",
            "module.api_gateway.aws_api_gateway_resource.rest_api_resource",
            "module.api_gateway.aws_api_gateway_rest_api.rest_api",
            "module.lambda_functions.aws_cloudwatch_log_group.lambda_log_group",
            "module.lambda_functions.aws_iam_role.lambda_execution_role",
            "module.lambda_functions.aws_iam_role_policy_attachment.lambda_policy",
            "module.lambda_functions.aws_lambda_function.lambda_function",
            "module.lambda_functions.aws_s3_bucket.lambda_bucket",
            "module.lambda_functions.aws_s3_bucket_acl.lambda_bucket_acl",
            "module.lambda_functions.aws_s3_object.lambda_code",
            "module.lambda_functions.data.archive_file.lambda_code"
          ]
        },
        {
          "index_key": "goodbye-ng",
          "schema_version": 0,
          "attributes": {
            "cache_key_parameters": null,
            "cache_namespace": "21asyu",
            "connection_id": "",
            "connection_type": "INTERNET",
            "content_handling": "",
            "credentials": "",
            "http_method": "GET",
            "id": "agi-s1wp4y8zj1-21asyu-GET",
            "integration_http_method": "POST",
            "passthrough_behavior": "WHEN_NO_MATCH",
            "request_parameters": null,
            "request_templates": null,
            "resource_id": "21asyu",
            "rest_api_id": "s1wp4y8zj1",
            "timeout_milliseconds": 29000,
            "tls_config": [],
            "type": "AWS_PROXY",
            "uri": "arn:aws:apigateway:us-east-1:lambda:path/2015-03-31/functions/arn:aws:lambda:us-east-1:155516267556:function:goodbye-handler-ng/invocations"
          },
          "sensitive_attributes": [],
          "private": "bnVsbA==",
          "dependencies": [
            "module.api_gateway.aws_api_gateway_method.rest_api_get_method",
            "module.api_gateway.aws_api_gateway_resource.rest_api_resource",
            "module.api_gateway.aws_api_gateway_rest_api.rest_api",
            "module.lambda_functions.aws_cloudwatch_log_group.lambda_log_group",
            "module.lambda_functions.aws_iam_role.lambda_execution_role",
            "module.lambda_functions.aws_iam_role_policy_attachment.lambda_policy",
            "module.lambda_functions.aws_lambda_function.lambda_function",
            "module.lambda_functions.aws_s3_bucket.lambda_bucket",
            "module.lambda_functions.aws_s3_bucket_acl.lambda_bucket_acl",
            "module.lambda_functions.aws_s3_object.lambda_code",
            "module.lambda_functions.data.archive_file.lambda_code"
          ]
        },
        {
          "index_key": "goodbye-qa",
          "schema_version": 0,
          "attributes": {
            "cache_key_parameters": null,
            "cache_namespace": "yrfbn4",
            "connection_id": "",
            "connection_type": "INTERNET",
            "content_handling": "",
            "credentials": "",
            "http_method": "GET",
            "id": "agi-krgbsmu3jg-yrfbn4-GET",
            "integration_http_method": "POST",
            "passthrough_behavior": "WHEN_NO_MATCH",
            "request_parameters": null,
            "request_templates": null,
            "resource_id": "yrfbn4",
            "rest_api_id": "krgbsmu3jg",
            "timeout_milliseconds": 29000,
            "tls_config": [],
            "type": "AWS_PROXY",
            "uri": "arn:aws:apigateway:us-east-1:lambda:path/2015-03-31/functions/arn:aws:lambda:us-east-1:155516267556:function:goodbye-handler-qa/invocations"
          },
          "sensitive_attributes": [],
          "private": "bnVsbA==",
          "dependencies": [
            "module.api_gateway.aws_api_gateway_method.rest_api_get_method",
            "module.api_gateway.aws_api_gateway_resource.rest_api_resource",
            "module.api_gateway.aws_api_gateway_rest_api.rest_api",
            "module.lambda_functions.aws_cloudwatch_log_group.lambda_log_group",
            "module.lambda_functions.aws_iam_role.lambda_execution_role",
            "module.lambda_functions.aws_iam_role_policy_attachment.lambda_policy",
            "module.lambda_functions.aws_lambda_function.lambda_function",
            "module.lambda_functions.aws_s3_bucket.lambda_bucket",
            "module.lambda_functions.aws_s3_bucket_acl.lambda_bucket_acl",
            "module.lambda_functions.aws_s3_object.lambda_code",
            "module.lambda_functions.data.archive_file.lambda_code"
          ]
        },
        {
          "index_key": "goodbye-uat",
          "schema_version": 0,
          "attributes": {
            "cache_key_parameters": null,
            "cache_namespace": "2u8oy2",
            "connection_id": "",
            "connection_type": "INTERNET",
            "content_handling": "",
            "credentials": "",
            "http_method": "GET",
            "id": "agi-43v7tyinie-2u8oy2-GET",
            "integration_http_method": "POST",
            "passthrough_behavior": "WHEN_NO_MATCH",
            "request_parameters": null,
            "request_templates": null,
            "resource_id": "2u8oy2",
            "rest_api_id": "43v7tyinie",
            "timeout_milliseconds": 29000,
            "tls_config": [],
            "type": "AWS_PROXY",
            "uri": "arn:aws:apigateway:us-east-1:lambda:path/2015-03-31/functions/arn:aws:lambda:us-east-1:155516267556:function:goodbye-handler-uat/invocations"
          },
          "sensitive_attributes": [],
          "private": "bnVsbA==",
          "dependencies": [
            "module.api_gateway.aws_api_gateway_method.rest_api_get_method",
            "module.api_gateway.aws_api_gateway_resource.rest_api_resource",
            "module.api_gateway.aws_api_gateway_rest_api.rest_api",
            "module.lambda_functions.aws_cloudwatch_log_group.lambda_log_group",
            "module.lambda_functions.aws_iam_role.lambda_execution_role",
            "module.lambda_functions.aws_iam_role_policy_attachment.lambda_policy",
            "module.lambda_functions.aws_lambda_function.lambda_function",
            "module.lambda_functions.aws_s3_bucket.lambda_bucket",
            "module.lambda_functions.aws_s3_bucket_acl.lambda_bucket_acl",
            "module.lambda_functions.aws_s3_object.lambda_code",
            "module.lambda_functions.data.archive_file.lambda_code"
          ]
        },
        {
          "index_key": "hello-dev",
          "schema_version": 0,
          "attributes": {
            "cache_key_parameters": null,
            "cache_namespace": "hmld4v",
            "connection_id": "",
            "connection_type": "INTERNET",
            "content_handling": "",
            "credentials": "",
            "http_method": "GET",
            "id": "agi-jzjr1g96kc-hmld4v-GET",
            "integration_http_method": "POST",
            "passthrough_behavior": "WHEN_NO_MATCH",
            "request_parameters": null,
            "request_templates": null,
            "resource_id": "hmld4v",
            "rest_api_id": "jzjr1g96kc",
            "timeout_milliseconds": 29000,
            "tls_config": [],
            "type": "AWS_PROXY",
            "uri": "arn:aws:apigateway:us-east-1:lambda:path/2015-03-31/functions/arn:aws:lambda:us-east-1:155516267556:function:hello-handler-dev/invocations"
          },
          "sensitive_attributes": [],
          "private": "bnVsbA==",
          "dependencies": [
            "module.api_gateway.aws_api_gateway_method.rest_api_get_method",
            "module.api_gateway.aws_api_gateway_resource.rest_api_resource",
            "module.api_gateway.aws_api_gateway_rest_api.rest_api",
            "module.lambda_functions.aws_cloudwatch_log_group.lambda_log_group",
            "module.lambda_functions.aws_iam_role.lambda_execution_role",
            "module.lambda_functions.aws_iam_role_policy_attachment.lambda_policy",
            "module.lambda_functions.aws_lambda_function.lambda_function",
            "module.lambda_functions.aws_s3_bucket.lambda_bucket",
            "module.lambda_functions.aws_s3_bucket_acl.lambda_bucket_acl",
            "module.lambda_functions.aws_s3_object.lambda_code",
            "module.lambda_functions.data.archive_file.lambda_code"
          ]
        },
        {
          "index_key": "hello-ng",
          "schema_version": 0,
          "attributes": {
            "cache_key_parameters": null,
            "cache_namespace": "vyg2hn",
            "connection_id": "",
            "connection_type": "INTERNET",
            "content_handling": "",
            "credentials": "",
            "http_method": "GET",
            "id": "agi-s1wp4y8zj1-vyg2hn-GET",
            "integration_http_method": "POST",
            "passthrough_behavior": "WHEN_NO_MATCH",
            "request_parameters": null,
            "request_templates": null,
            "resource_id": "vyg2hn",
            "rest_api_id": "s1wp4y8zj1",
            "timeout_milliseconds": 29000,
            "tls_config": [],
            "type": "AWS_PROXY",
            "uri": "arn:aws:apigateway:us-east-1:lambda:path/2015-03-31/functions/arn:aws:lambda:us-east-1:155516267556:function:hello-handler-ng/invocations"
          },
          "sensitive_attributes": [],
          "private": "bnVsbA==",
          "dependencies": [
            "module.api_gateway.aws_api_gateway_method.rest_api_get_method",
            "module.api_gateway.aws_api_gateway_resource.rest_api_resource",
            "module.api_gateway.aws_api_gateway_rest_api.rest_api",
            "module.lambda_functions.aws_cloudwatch_log_group.lambda_log_group",
            "module.lambda_functions.aws_iam_role.lambda_execution_role",
            "module.lambda_functions.aws_iam_role_policy_attachment.lambda_policy",
            "module.lambda_functions.aws_lambda_function.lambda_function",
            "module.lambda_functions.aws_s3_bucket.lambda_bucket",
            "module.lambda_functions.aws_s3_bucket_acl.lambda_bucket_acl",
            "module.lambda_functions.aws_s3_object.lambda_code",
            "module.lambda_functions.data.archive_file.lambda_code"
          ]
        },
        {
          "index_key": "hello-qa",
          "schema_version": 0,
          "attributes": {
            "cache_key_parameters": null,
            "cache_namespace": "tf8fgf",
            "connection_id": "",
            "connection_type": "INTERNET",
            "content_handling": "",
            "credentials": "",
            "http_method": "GET",
            "id": "agi-krgbsmu3jg-tf8fgf-GET",
            "integration_http_method": "POST",
            "passthrough_behavior": "WHEN_NO_MATCH",
            "request_parameters": null,
            "request_templates": null,
            "resource_id": "tf8fgf",
            "rest_api_id": "krgbsmu3jg",
            "timeout_milliseconds": 29000,
            "tls_config": [],
            "type": "AWS_PROXY",
            "uri": "arn:aws:apigateway:us-east-1:lambda:path/2015-03-31/functions/arn:aws:lambda:us-east-1:155516267556:function:hello-handler-qa/invocations"
          },
          "sensitive_attributes": [],
          "private": "bnVsbA==",
          "dependencies": [
            "module.api_gateway.aws_api_gateway_method.rest_api_get_method",
            "module.api_gateway.aws_api_gateway_resource.rest_api_resource",
            "module.api_gateway.aws_api_gateway_rest_api.rest_api",
            "module.lambda_functions.aws_cloudwatch_log_group.lambda_log_group",
            "module.lambda_functions.aws_iam_role.lambda_execution_role",
            "module.lambda_functions.aws_iam_role_policy_attachment.lambda_policy",
            "module.lambda_functions.aws_lambda_function.lambda_function",
            "module.lambda_functions.aws_s3_bucket.lambda_bucket",
            "module.lambda_functions.aws_s3_bucket_acl.lambda_bucket_acl",
            "module.lambda_functions.aws_s3_object.lambda_code",
            "module.lambda_functions.data.archive_file.lambda_code"
          ]
        },
        {
          "index_key": "hello-uat",
          "schema_version": 0,
          "attributes": {
            "cache_key_parameters": null,
            "cache_namespace": "f422k3",
            "connection_id": "",
            "connection_type": "INTERNET",
            "content_handling": "",
            "credentials": "",
            "http_method": "GET",
            "id": "agi-43v7tyinie-f422k3-GET",
            "integration_http_method": "POST",
            "passthrough_behavior": "WHEN_NO_MATCH",
            "request_parameters": null,
            "request_templates": null,
            "resource_id": "f422k3",
            "rest_api_id": "43v7tyinie",
            "timeout_milliseconds": 29000,
            "tls_config": [],
            "type": "AWS_PROXY",
            "uri": "arn:aws:apigateway:us-east-1:lambda:path/2015-03-31/functions/arn:aws:lambda:us-east-1:155516267556:function:hello-handler-uat/invocations"
          },
          "sensitive_attributes": [],
          "private": "bnVsbA==",
          "dependencies": [
            "module.api_gateway.aws_api_gateway_method.rest_api_get_method",
            "module.api_gateway.aws_api_gateway_resource.rest_api_resource",
            "module.api_gateway.aws_api_gateway_rest_api.rest_api",
            "module.lambda_functions.aws_cloudwatch_log_group.lambda_log_group",
            "module.lambda_functions.aws_iam_role.lambda_execution_role",
            "module.lambda_functions.aws_iam_role_policy_attachment.lambda_policy",
            "module.lambda_functions.aws_lambda_function.lambda_function",
            "module.lambda_functions.aws_s3_bucket.lambda_bucket",
            "module.lambda_functions.aws_s3_bucket_acl.lambda_bucket_acl",
            "module.lambda_functions.aws_s3_object.lambda_code",
            "module.lambda_functions.data.archive_file.lambda_code"
          ]
        }
      ]
    },
    {
      "module": "module.api_gateway",
      "mode": "managed",
      "type": "aws_api_gateway_integration_response",
      "name": "rest_api_get_method_integration_response_200",
      "provider": "provider[\"registry.terraform.io/hashicorp/aws\"]",
      "instances": [
        {
          "index_key": "goodbye-dev",
          "schema_version": 0,
          "attributes": {
            "content_handling": "",
            "http_method": "GET",
            "id": "agir-jzjr1g96kc-y0cu1p-GET-200",
            "resource_id": "y0cu1p",
            "response_parameters": null,
            "response_templates": {
              "application/json": "{\"body\":\"Hello from the Hello API!\"}"
            },
            "rest_api_id": "jzjr1g96kc",
            "selection_pattern": "",
            "status_code": "200"
          },
          "sensitive_attributes": [],
          "private": "bnVsbA==",
          "dependencies": [
            "module.api_gateway.aws_api_gateway_integration.rest_api_get_method_integration",
            "module.api_gateway.aws_api_gateway_method.rest_api_get_method",
            "module.api_gateway.aws_api_gateway_method_response.rest_api_get_method_response_200",
            "module.api_gateway.aws_api_gateway_resource.rest_api_resource",
            "module.api_gateway.aws_api_gateway_rest_api.rest_api",
            "module.lambda_functions.aws_cloudwatch_log_group.lambda_log_group",
            "module.lambda_functions.aws_iam_role.lambda_execution_role",
            "module.lambda_functions.aws_iam_role_policy_attachment.lambda_policy",
            "module.lambda_functions.aws_lambda_function.lambda_function",
            "module.lambda_functions.aws_s3_bucket.lambda_bucket",
            "module.lambda_functions.aws_s3_bucket_acl.lambda_bucket_acl",
            "module.lambda_functions.aws_s3_object.lambda_code",
            "module.lambda_functions.data.archive_file.lambda_code"
          ]
        },
        {
          "index_key": "goodbye-ng",
          "schema_version": 0,
          "attributes": {
            "content_handling": "",
            "http_method": "GET",
            "id": "agir-s1wp4y8zj1-21asyu-GET-200",
            "resource_id": "21asyu",
            "response_parameters": null,
            "response_templates": {
              "application/json": "{\"body\":\"Hello from the Hello API!\"}"
            },
            "rest_api_id": "s1wp4y8zj1",
            "selection_pattern": "",
            "status_code": "200"
          },
          "sensitive_attributes": [],
          "private": "bnVsbA==",
          "dependencies": [
            "module.api_gateway.aws_api_gateway_integration.rest_api_get_method_integration",
            "module.api_gateway.aws_api_gateway_method.rest_api_get_method",
            "module.api_gateway.aws_api_gateway_method_response.rest_api_get_method_response_200",
            "module.api_gateway.aws_api_gateway_resource.rest_api_resource",
            "module.api_gateway.aws_api_gateway_rest_api.rest_api",
            "module.lambda_functions.aws_cloudwatch_log_group.lambda_log_group",
            "module.lambda_functions.aws_iam_role.lambda_execution_role",
            "module.lambda_functions.aws_iam_role_policy_attachment.lambda_policy",
            "module.lambda_functions.aws_lambda_function.lambda_function",
            "module.lambda_functions.aws_s3_bucket.lambda_bucket",
            "module.lambda_functions.aws_s3_bucket_acl.lambda_bucket_acl",
            "module.lambda_functions.aws_s3_object.lambda_code",
            "module.lambda_functions.data.archive_file.lambda_code"
          ]
        },
        {
          "index_key": "goodbye-qa",
          "schema_version": 0,
          "attributes": {
            "content_handling": "",
            "http_method": "GET",
            "id": "agir-krgbsmu3jg-yrfbn4-GET-200",
            "resource_id": "yrfbn4",
            "response_parameters": null,
            "response_templates": {
              "application/json": "{\"body\":\"Hello from the Hello API!\"}"
            },
            "rest_api_id": "krgbsmu3jg",
            "selection_pattern": "",
            "status_code": "200"
          },
          "sensitive_attributes": [],
          "private": "bnVsbA==",
          "dependencies": [
            "module.api_gateway.aws_api_gateway_integration.rest_api_get_method_integration",
            "module.api_gateway.aws_api_gateway_method.rest_api_get_method",
            "module.api_gateway.aws_api_gateway_method_response.rest_api_get_method_response_200",
            "module.api_gateway.aws_api_gateway_resource.rest_api_resource",
            "module.api_gateway.aws_api_gateway_rest_api.rest_api",
            "module.lambda_functions.aws_cloudwatch_log_group.lambda_log_group",
            "module.lambda_functions.aws_iam_role.lambda_execution_role",
            "module.lambda_functions.aws_iam_role_policy_attachment.lambda_policy",
            "module.lambda_functions.aws_lambda_function.lambda_function",
            "module.lambda_functions.aws_s3_bucket.lambda_bucket",
            "module.lambda_functions.aws_s3_bucket_acl.lambda_bucket_acl",
            "module.lambda_functions.aws_s3_object.lambda_code",
            "module.lambda_functions.data.archive_file.lambda_code"
          ]
        },
        {
          "index_key": "goodbye-uat",
          "schema_version": 0,
          "attributes": {
            "content_handling": "",
            "http_method": "GET",
            "id": "agir-43v7tyinie-2u8oy2-GET-200",
            "resource_id": "2u8oy2",
            "response_parameters": null,
            "response_templates": {
              "application/json": "{\"body\":\"Hello from the Hello API!\"}"
            },
            "rest_api_id": "43v7tyinie",
            "selection_pattern": "",
            "status_code": "200"
          },
          "sensitive_attributes": [],
          "private": "bnVsbA==",
          "dependencies": [
            "module.api_gateway.aws_api_gateway_integration.rest_api_get_method_integration",
            "module.api_gateway.aws_api_gateway_method.rest_api_get_method",
            "module.api_gateway.aws_api_gateway_method_response.rest_api_get_method_response_200",
            "module.api_gateway.aws_api_gateway_resource.rest_api_resource",
            "module.api_gateway.aws_api_gateway_rest_api.rest_api",
            "module.lambda_functions.aws_cloudwatch_log_group.lambda_log_group",
            "module.lambda_functions.aws_iam_role.lambda_execution_role",
            "module.lambda_functions.aws_iam_role_policy_attachment.lambda_policy",
            "module.lambda_functions.aws_lambda_function.lambda_function",
            "module.lambda_functions.aws_s3_bucket.lambda_bucket",
            "module.lambda_functions.aws_s3_bucket_acl.lambda_bucket_acl",
            "module.lambda_functions.aws_s3_object.lambda_code",
            "module.lambda_functions.data.archive_file.lambda_code"
          ]
        },
        {
          "index_key": "hello-dev",
          "schema_version": 0,
          "attributes": {
            "content_handling": "",
            "http_method": "GET",
            "id": "agir-jzjr1g96kc-hmld4v-GET-200",
            "resource_id": "hmld4v",
            "response_parameters": null,
            "response_templates": {
              "application/json": "{\"body\":\"Hello from the Hello API!\"}"
            },
            "rest_api_id": "jzjr1g96kc",
            "selection_pattern": "",
            "status_code": "200"
          },
          "sensitive_attributes": [],
          "private": "bnVsbA==",
          "dependencies": [
            "module.api_gateway.aws_api_gateway_integration.rest_api_get_method_integration",
            "module.api_gateway.aws_api_gateway_method.rest_api_get_method",
            "module.api_gateway.aws_api_gateway_method_response.rest_api_get_method_response_200",
            "module.api_gateway.aws_api_gateway_resource.rest_api_resource",
            "module.api_gateway.aws_api_gateway_rest_api.rest_api",
            "module.lambda_functions.aws_cloudwatch_log_group.lambda_log_group",
            "module.lambda_functions.aws_iam_role.lambda_execution_role",
            "module.lambda_functions.aws_iam_role_policy_attachment.lambda_policy",
            "module.lambda_functions.aws_lambda_function.lambda_function",
            "module.lambda_functions.aws_s3_bucket.lambda_bucket",
            "module.lambda_functions.aws_s3_bucket_acl.lambda_bucket_acl",
            "module.lambda_functions.aws_s3_object.lambda_code",
            "module.lambda_functions.data.archive_file.lambda_code"
          ]
        },
        {
          "index_key": "hello-ng",
          "schema_version": 0,
          "attributes": {
            "content_handling": "",
            "http_method": "GET",
            "id": "agir-s1wp4y8zj1-vyg2hn-GET-200",
            "resource_id": "vyg2hn",
            "response_parameters": null,
            "response_templates": {
              "application/json": "{\"body\":\"Hello from the Hello API!\"}"
            },
            "rest_api_id": "s1wp4y8zj1",
            "selection_pattern": "",
            "status_code": "200"
          },
          "sensitive_attributes": [],
          "private": "bnVsbA==",
          "dependencies": [
            "module.api_gateway.aws_api_gateway_integration.rest_api_get_method_integration",
            "module.api_gateway.aws_api_gateway_method.rest_api_get_method",
            "module.api_gateway.aws_api_gateway_method_response.rest_api_get_method_response_200",
            "module.api_gateway.aws_api_gateway_resource.rest_api_resource",
            "module.api_gateway.aws_api_gateway_rest_api.rest_api",
            "module.lambda_functions.aws_cloudwatch_log_group.lambda_log_group",
            "module.lambda_functions.aws_iam_role.lambda_execution_role",
            "module.lambda_functions.aws_iam_role_policy_attachment.lambda_policy",
            "module.lambda_functions.aws_lambda_function.lambda_function",
            "module.lambda_functions.aws_s3_bucket.lambda_bucket",
            "module.lambda_functions.aws_s3_bucket_acl.lambda_bucket_acl",
            "module.lambda_functions.aws_s3_object.lambda_code",
            "module.lambda_functions.data.archive_file.lambda_code"
          ]
        },
        {
          "index_key": "hello-qa",
          "schema_version": 0,
          "attributes": {
            "content_handling": "",
            "http_method": "GET",
            "id": "agir-krgbsmu3jg-tf8fgf-GET-200",
            "resource_id": "tf8fgf",
            "response_parameters": null,
            "response_templates": {
              "application/json": "{\"body\":\"Hello from the Hello API!\"}"
            },
            "rest_api_id": "krgbsmu3jg",
            "selection_pattern": "",
            "status_code": "200"
          },
          "sensitive_attributes": [],
          "private": "bnVsbA==",
          "dependencies": [
            "module.api_gateway.aws_api_gateway_integration.rest_api_get_method_integration",
            "module.api_gateway.aws_api_gateway_method.rest_api_get_method",
            "module.api_gateway.aws_api_gateway_method_response.rest_api_get_method_response_200",
            "module.api_gateway.aws_api_gateway_resource.rest_api_resource",
            "module.api_gateway.aws_api_gateway_rest_api.rest_api",
            "module.lambda_functions.aws_cloudwatch_log_group.lambda_log_group",
            "module.lambda_functions.aws_iam_role.lambda_execution_role",
            "module.lambda_functions.aws_iam_role_policy_attachment.lambda_policy",
            "module.lambda_functions.aws_lambda_function.lambda_function",
            "module.lambda_functions.aws_s3_bucket.lambda_bucket",
            "module.lambda_functions.aws_s3_bucket_acl.lambda_bucket_acl",
            "module.lambda_functions.aws_s3_object.lambda_code",
            "module.lambda_functions.data.archive_file.lambda_code"
          ]
        },
        {
          "index_key": "hello-uat",
          "schema_version": 0,
          "attributes": {
            "content_handling": "",
            "http_method": "GET",
            "id": "agir-43v7tyinie-f422k3-GET-200",
            "resource_id": "f422k3",
            "response_parameters": null,
            "response_templates": {
              "application/json": "{\"body\":\"Hello from the Hello API!\"}"
            },
            "rest_api_id": "43v7tyinie",
            "selection_pattern": "",
            "status_code": "200"
          },
          "sensitive_attributes": [],
          "private": "bnVsbA==",
          "dependencies": [
            "module.api_gateway.aws_api_gateway_integration.rest_api_get_method_integration",
            "module.api_gateway.aws_api_gateway_method.rest_api_get_method",
            "module.api_gateway.aws_api_gateway_method_response.rest_api_get_method_response_200",
            "module.api_gateway.aws_api_gateway_resource.rest_api_resource",
            "module.api_gateway.aws_api_gateway_rest_api.rest_api",
            "module.lambda_functions.aws_cloudwatch_log_group.lambda_log_group",
            "module.lambda_functions.aws_iam_role.lambda_execution_role",
            "module.lambda_functions.aws_iam_role_policy_attachment.lambda_policy",
            "module.lambda_functions.aws_lambda_function.lambda_function",
            "module.lambda_functions.aws_s3_bucket.lambda_bucket",
            "module.lambda_functions.aws_s3_bucket_acl.lambda_bucket_acl",
            "module.lambda_functions.aws_s3_object.lambda_code",
            "module.lambda_functions.data.archive_file.lambda_code"
          ]
        }
      ]
    },
    {
      "module": "module.api_gateway",
      "mode": "managed",
      "type": "aws_api_gateway_method",
      "name": "rest_api_get_method",
      "provider": "provider[\"registry.terraform.io/hashicorp/aws\"]",
      "instances": [
        {
          "index_key": "goodbye-dev",
          "schema_version": 0,
          "attributes": {
            "api_key_required": false,
            "authorization": "NONE",
            "authorization_scopes": null,
            "authorizer_id": null,
            "http_method": "GET",
            "id": "agm-jzjr1g96kc-y0cu1p-GET",
            "operation_name": null,
            "request_models": null,
            "request_parameters": null,
            "request_validator_id": null,
            "resource_id": "y0cu1p",
            "rest_api_id": "jzjr1g96kc"
          },
          "sensitive_attributes": [],
          "private": "bnVsbA==",
          "dependencies": [
            "module.api_gateway.aws_api_gateway_resource.rest_api_resource",
            "module.api_gateway.aws_api_gateway_rest_api.rest_api",
            "module.lambda_functions.aws_cloudwatch_log_group.lambda_log_group",
            "module.lambda_functions.aws_iam_role.lambda_execution_role",
            "module.lambda_functions.aws_iam_role_policy_attachment.lambda_policy",
            "module.lambda_functions.aws_lambda_function.lambda_function",
            "module.lambda_functions.aws_s3_bucket.lambda_bucket",
            "module.lambda_functions.aws_s3_bucket_acl.lambda_bucket_acl",
            "module.lambda_functions.aws_s3_object.lambda_code",
            "module.lambda_functions.data.archive_file.lambda_code"
          ]
        },
        {
          "index_key": "goodbye-ng",
          "schema_version": 0,
          "attributes": {
            "api_key_required": false,
            "authorization": "NONE",
            "authorization_scopes": null,
            "authorizer_id": null,
            "http_method": "GET",
            "id": "agm-s1wp4y8zj1-21asyu-GET",
            "operation_name": null,
            "request_models": null,
            "request_parameters": null,
            "request_validator_id": null,
            "resource_id": "21asyu",
            "rest_api_id": "s1wp4y8zj1"
          },
          "sensitive_attributes": [],
          "private": "bnVsbA==",
          "dependencies": [
            "module.api_gateway.aws_api_gateway_resource.rest_api_resource",
            "module.api_gateway.aws_api_gateway_rest_api.rest_api",
            "module.lambda_functions.aws_cloudwatch_log_group.lambda_log_group",
            "module.lambda_functions.aws_iam_role.lambda_execution_role",
            "module.lambda_functions.aws_iam_role_policy_attachment.lambda_policy",
            "module.lambda_functions.aws_lambda_function.lambda_function",
            "module.lambda_functions.aws_s3_bucket.lambda_bucket",
            "module.lambda_functions.aws_s3_bucket_acl.lambda_bucket_acl",
            "module.lambda_functions.aws_s3_object.lambda_code",
            "module.lambda_functions.data.archive_file.lambda_code"
          ]
        },
        {
          "index_key": "goodbye-qa",
          "schema_version": 0,
          "attributes": {
            "api_key_required": false,
            "authorization": "NONE",
            "authorization_scopes": null,
            "authorizer_id": null,
            "http_method": "GET",
            "id": "agm-krgbsmu3jg-yrfbn4-GET",
            "operation_name": null,
            "request_models": null,
            "request_parameters": null,
            "request_validator_id": null,
            "resource_id": "yrfbn4",
            "rest_api_id": "krgbsmu3jg"
          },
          "sensitive_attributes": [],
          "private": "bnVsbA==",
          "dependencies": [
            "module.api_gateway.aws_api_gateway_resource.rest_api_resource",
            "module.api_gateway.aws_api_gateway_rest_api.rest_api",
            "module.lambda_functions.aws_cloudwatch_log_group.lambda_log_group",
            "module.lambda_functions.aws_iam_role.lambda_execution_role",
            "module.lambda_functions.aws_iam_role_policy_attachment.lambda_policy",
            "module.lambda_functions.aws_lambda_function.lambda_function",
            "module.lambda_functions.aws_s3_bucket.lambda_bucket",
            "module.lambda_functions.aws_s3_bucket_acl.lambda_bucket_acl",
            "module.lambda_functions.aws_s3_object.lambda_code",
            "module.lambda_functions.data.archive_file.lambda_code"
          ]
        },
        {
          "index_key": "goodbye-uat",
          "schema_version": 0,
          "attributes": {
            "api_key_required": false,
            "authorization": "NONE",
            "authorization_scopes": null,
            "authorizer_id": null,
            "http_method": "GET",
            "id": "agm-43v7tyinie-2u8oy2-GET",
            "operation_name": null,
            "request_models": null,
            "request_parameters": null,
            "request_validator_id": null,
            "resource_id": "2u8oy2",
            "rest_api_id": "43v7tyinie"
          },
          "sensitive_attributes": [],
          "private": "bnVsbA==",
          "dependencies": [
            "module.api_gateway.aws_api_gateway_resource.rest_api_resource",
            "module.api_gateway.aws_api_gateway_rest_api.rest_api",
            "module.lambda_functions.aws_cloudwatch_log_group.lambda_log_group",
            "module.lambda_functions.aws_iam_role.lambda_execution_role",
            "module.lambda_functions.aws_iam_role_policy_attachment.lambda_policy",
            "module.lambda_functions.aws_lambda_function.lambda_function",
            "module.lambda_functions.aws_s3_bucket.lambda_bucket",
            "module.lambda_functions.aws_s3_bucket_acl.lambda_bucket_acl",
            "module.lambda_functions.aws_s3_object.lambda_code",
            "module.lambda_functions.data.archive_file.lambda_code"
          ]
        },
        {
          "index_key": "hello-dev",
          "schema_version": 0,
          "attributes": {
            "api_key_required": false,
            "authorization": "NONE",
            "authorization_scopes": null,
            "authorizer_id": null,
            "http_method": "GET",
            "id": "agm-jzjr1g96kc-hmld4v-GET",
            "operation_name": null,
            "request_models": null,
            "request_parameters": null,
            "request_validator_id": null,
            "resource_id": "hmld4v",
            "rest_api_id": "jzjr1g96kc"
          },
          "sensitive_attributes": [],
          "private": "bnVsbA==",
          "dependencies": [
            "module.api_gateway.aws_api_gateway_resource.rest_api_resource",
            "module.api_gateway.aws_api_gateway_rest_api.rest_api",
            "module.lambda_functions.aws_cloudwatch_log_group.lambda_log_group",
            "module.lambda_functions.aws_iam_role.lambda_execution_role",
            "module.lambda_functions.aws_iam_role_policy_attachment.lambda_policy",
            "module.lambda_functions.aws_lambda_function.lambda_function",
            "module.lambda_functions.aws_s3_bucket.lambda_bucket",
            "module.lambda_functions.aws_s3_bucket_acl.lambda_bucket_acl",
            "module.lambda_functions.aws_s3_object.lambda_code",
            "module.lambda_functions.data.archive_file.lambda_code"
          ]
        },
        {
          "index_key": "hello-ng",
          "schema_version": 0,
          "attributes": {
            "api_key_required": false,
            "authorization": "NONE",
            "authorization_scopes": null,
            "authorizer_id": null,
            "http_method": "GET",
            "id": "agm-s1wp4y8zj1-vyg2hn-GET",
            "operation_name": null,
            "request_models": null,
            "request_parameters": null,
            "request_validator_id": null,
            "resource_id": "vyg2hn",
            "rest_api_id": "s1wp4y8zj1"
          },
          "sensitive_attributes": [],
          "private": "bnVsbA==",
          "dependencies": [
            "module.api_gateway.aws_api_gateway_resource.rest_api_resource",
            "module.api_gateway.aws_api_gateway_rest_api.rest_api",
            "module.lambda_functions.aws_cloudwatch_log_group.lambda_log_group",
            "module.lambda_functions.aws_iam_role.lambda_execution_role",
            "module.lambda_functions.aws_iam_role_policy_attachment.lambda_policy",
            "module.lambda_functions.aws_lambda_function.lambda_function",
            "module.lambda_functions.aws_s3_bucket.lambda_bucket",
            "module.lambda_functions.aws_s3_bucket_acl.lambda_bucket_acl",
            "module.lambda_functions.aws_s3_object.lambda_code",
            "module.lambda_functions.data.archive_file.lambda_code"
          ]
        },
        {
          "index_key": "hello-qa",
          "schema_version": 0,
          "attributes": {
            "api_key_required": false,
            "authorization": "NONE",
            "authorization_scopes": null,
            "authorizer_id": null,
            "http_method": "GET",
            "id": "agm-krgbsmu3jg-tf8fgf-GET",
            "operation_name": null,
            "request_models": null,
            "request_parameters": null,
            "request_validator_id": null,
            "resource_id": "tf8fgf",
            "rest_api_id": "krgbsmu3jg"
          },
          "sensitive_attributes": [],
          "private": "bnVsbA==",
          "dependencies": [
            "module.api_gateway.aws_api_gateway_resource.rest_api_resource",
            "module.api_gateway.aws_api_gateway_rest_api.rest_api",
            "module.lambda_functions.aws_cloudwatch_log_group.lambda_log_group",
            "module.lambda_functions.aws_iam_role.lambda_execution_role",
            "module.lambda_functions.aws_iam_role_policy_attachment.lambda_policy",
            "module.lambda_functions.aws_lambda_function.lambda_function",
            "module.lambda_functions.aws_s3_bucket.lambda_bucket",
            "module.lambda_functions.aws_s3_bucket_acl.lambda_bucket_acl",
            "module.lambda_functions.aws_s3_object.lambda_code",
            "module.lambda_functions.data.archive_file.lambda_code"
          ]
        },
        {
          "index_key": "hello-uat",
          "schema_version": 0,
          "attributes": {
            "api_key_required": false,
            "authorization": "NONE",
            "authorization_scopes": null,
            "authorizer_id": null,
            "http_method": "GET",
            "id": "agm-43v7tyinie-f422k3-GET",
            "operation_name": null,
            "request_models": null,
            "request_parameters": null,
            "request_validator_id": null,
            "resource_id": "f422k3",
            "rest_api_id": "43v7tyinie"
          },
          "sensitive_attributes": [],
          "private": "bnVsbA==",
          "dependencies": [
            "module.api_gateway.aws_api_gateway_resource.rest_api_resource",
            "module.api_gateway.aws_api_gateway_rest_api.rest_api",
            "module.lambda_functions.aws_cloudwatch_log_group.lambda_log_group",
            "module.lambda_functions.aws_iam_role.lambda_execution_role",
            "module.lambda_functions.aws_iam_role_policy_attachment.lambda_policy",
            "module.lambda_functions.aws_lambda_function.lambda_function",
            "module.lambda_functions.aws_s3_bucket.lambda_bucket",
            "module.lambda_functions.aws_s3_bucket_acl.lambda_bucket_acl",
            "module.lambda_functions.aws_s3_object.lambda_code",
            "module.lambda_functions.data.archive_file.lambda_code"
          ]
        }
      ]
    },
    {
      "module": "module.api_gateway",
      "mode": "managed",
      "type": "aws_api_gateway_method_response",
      "name": "rest_api_get_method_response_200",
      "provider": "provider[\"registry.terraform.io/hashicorp/aws\"]",
      "instances": [
        {
          "index_key": "goodbye-dev",
          "schema_version": 0,
          "attributes": {
            "http_method": "GET",
            "id": "agmr-jzjr1g96kc-y0cu1p-GET-200",
            "resource_id": "y0cu1p",
            "response_models": null,
            "response_parameters": null,
            "rest_api_id": "jzjr1g96kc",
            "status_code": "200"
          },
          "sensitive_attributes": [],
          "private": "bnVsbA==",
          "dependencies": [
            "module.api_gateway.aws_api_gateway_method.rest_api_get_method",
            "module.api_gateway.aws_api_gateway_resource.rest_api_resource",
            "module.api_gateway.aws_api_gateway_rest_api.rest_api",
            "module.lambda_functions.aws_cloudwatch_log_group.lambda_log_group",
            "module.lambda_functions.aws_iam_role.lambda_execution_role",
            "module.lambda_functions.aws_iam_role_policy_attachment.lambda_policy",
            "module.lambda_functions.aws_lambda_function.lambda_function",
            "module.lambda_functions.aws_s3_bucket.lambda_bucket",
            "module.lambda_functions.aws_s3_bucket_acl.lambda_bucket_acl",
            "module.lambda_functions.aws_s3_object.lambda_code",
            "module.lambda_functions.data.archive_file.lambda_code"
          ]
        },
        {
          "index_key": "goodbye-ng",
          "schema_version": 0,
          "attributes": {
            "http_method": "GET",
            "id": "agmr-s1wp4y8zj1-21asyu-GET-200",
            "resource_id": "21asyu",
            "response_models": null,
            "response_parameters": null,
            "rest_api_id": "s1wp4y8zj1",
            "status_code": "200"
          },
          "sensitive_attributes": [],
          "private": "bnVsbA==",
          "dependencies": [
            "module.api_gateway.aws_api_gateway_method.rest_api_get_method",
            "module.api_gateway.aws_api_gateway_resource.rest_api_resource",
            "module.api_gateway.aws_api_gateway_rest_api.rest_api",
            "module.lambda_functions.aws_cloudwatch_log_group.lambda_log_group",
            "module.lambda_functions.aws_iam_role.lambda_execution_role",
            "module.lambda_functions.aws_iam_role_policy_attachment.lambda_policy",
            "module.lambda_functions.aws_lambda_function.lambda_function",
            "module.lambda_functions.aws_s3_bucket.lambda_bucket",
            "module.lambda_functions.aws_s3_bucket_acl.lambda_bucket_acl",
            "module.lambda_functions.aws_s3_object.lambda_code",
            "module.lambda_functions.data.archive_file.lambda_code"
          ]
        },
        {
          "index_key": "goodbye-qa",
          "schema_version": 0,
          "attributes": {
            "http_method": "GET",
            "id": "agmr-krgbsmu3jg-yrfbn4-GET-200",
            "resource_id": "yrfbn4",
            "response_models": null,
            "response_parameters": null,
            "rest_api_id": "krgbsmu3jg",
            "status_code": "200"
          },
          "sensitive_attributes": [],
          "private": "bnVsbA==",
          "dependencies": [
            "module.api_gateway.aws_api_gateway_method.rest_api_get_method",
            "module.api_gateway.aws_api_gateway_resource.rest_api_resource",
            "module.api_gateway.aws_api_gateway_rest_api.rest_api",
            "module.lambda_functions.aws_cloudwatch_log_group.lambda_log_group",
            "module.lambda_functions.aws_iam_role.lambda_execution_role",
            "module.lambda_functions.aws_iam_role_policy_attachment.lambda_policy",
            "module.lambda_functions.aws_lambda_function.lambda_function",
            "module.lambda_functions.aws_s3_bucket.lambda_bucket",
            "module.lambda_functions.aws_s3_bucket_acl.lambda_bucket_acl",
            "module.lambda_functions.aws_s3_object.lambda_code",
            "module.lambda_functions.data.archive_file.lambda_code"
          ]
        },
        {
          "index_key": "goodbye-uat",
          "schema_version": 0,
          "attributes": {
            "http_method": "GET",
            "id": "agmr-43v7tyinie-2u8oy2-GET-200",
            "resource_id": "2u8oy2",
            "response_models": null,
            "response_parameters": null,
            "rest_api_id": "43v7tyinie",
            "status_code": "200"
          },
          "sensitive_attributes": [],
          "private": "bnVsbA==",
          "dependencies": [
            "module.api_gateway.aws_api_gateway_method.rest_api_get_method",
            "module.api_gateway.aws_api_gateway_resource.rest_api_resource",
            "module.api_gateway.aws_api_gateway_rest_api.rest_api",
            "module.lambda_functions.aws_cloudwatch_log_group.lambda_log_group",
            "module.lambda_functions.aws_iam_role.lambda_execution_role",
            "module.lambda_functions.aws_iam_role_policy_attachment.lambda_policy",
            "module.lambda_functions.aws_lambda_function.lambda_function",
            "module.lambda_functions.aws_s3_bucket.lambda_bucket",
            "module.lambda_functions.aws_s3_bucket_acl.lambda_bucket_acl",
            "module.lambda_functions.aws_s3_object.lambda_code",
            "module.lambda_functions.data.archive_file.lambda_code"
          ]
        },
        {
          "index_key": "hello-dev",
          "schema_version": 0,
          "attributes": {
            "http_method": "GET",
            "id": "agmr-jzjr1g96kc-hmld4v-GET-200",
            "resource_id": "hmld4v",
            "response_models": null,
            "response_parameters": null,
            "rest_api_id": "jzjr1g96kc",
            "status_code": "200"
          },
          "sensitive_attributes": [],
          "private": "bnVsbA==",
          "dependencies": [
            "module.api_gateway.aws_api_gateway_method.rest_api_get_method",
            "module.api_gateway.aws_api_gateway_resource.rest_api_resource",
            "module.api_gateway.aws_api_gateway_rest_api.rest_api",
            "module.lambda_functions.aws_cloudwatch_log_group.lambda_log_group",
            "module.lambda_functions.aws_iam_role.lambda_execution_role",
            "module.lambda_functions.aws_iam_role_policy_attachment.lambda_policy",
            "module.lambda_functions.aws_lambda_function.lambda_function",
            "module.lambda_functions.aws_s3_bucket.lambda_bucket",
            "module.lambda_functions.aws_s3_bucket_acl.lambda_bucket_acl",
            "module.lambda_functions.aws_s3_object.lambda_code",
            "module.lambda_functions.data.archive_file.lambda_code"
          ]
        },
        {
          "index_key": "hello-ng",
          "schema_version": 0,
          "attributes": {
            "http_method": "GET",
            "id": "agmr-s1wp4y8zj1-vyg2hn-GET-200",
            "resource_id": "vyg2hn",
            "response_models": null,
            "response_parameters": null,
            "rest_api_id": "s1wp4y8zj1",
            "status_code": "200"
          },
          "sensitive_attributes": [],
          "private": "bnVsbA==",
          "dependencies": [
            "module.api_gateway.aws_api_gateway_method.rest_api_get_method",
            "module.api_gateway.aws_api_gateway_resource.rest_api_resource",
            "module.api_gateway.aws_api_gateway_rest_api.rest_api",
            "module.lambda_functions.aws_cloudwatch_log_group.lambda_log_group",
            "module.lambda_functions.aws_iam_role.lambda_execution_role",
            "module.lambda_functions.aws_iam_role_policy_attachment.lambda_policy",
            "module.lambda_functions.aws_lambda_function.lambda_function",
            "module.lambda_functions.aws_s3_bucket.lambda_bucket",
            "module.lambda_functions.aws_s3_bucket_acl.lambda_bucket_acl",
            "module.lambda_functions.aws_s3_object.lambda_code",
            "module.lambda_functions.data.archive_file.lambda_code"
          ]
        },
        {
          "index_key": "hello-qa",
          "schema_version": 0,
          "attributes": {
            "http_method": "GET",
            "id": "agmr-krgbsmu3jg-tf8fgf-GET-200",
            "resource_id": "tf8fgf",
            "response_models": null,
            "response_parameters": null,
            "rest_api_id": "krgbsmu3jg",
            "status_code": "200"
          },
          "sensitive_attributes": [],
          "private": "bnVsbA==",
          "dependencies": [
            "module.api_gateway.aws_api_gateway_method.rest_api_get_method",
            "module.api_gateway.aws_api_gateway_resource.rest_api_resource",
            "module.api_gateway.aws_api_gateway_rest_api.rest_api",
            "module.lambda_functions.aws_cloudwatch_log_group.lambda_log_group",
            "module.lambda_functions.aws_iam_role.lambda_execution_role",
            "module.lambda_functions.aws_iam_role_policy_attachment.lambda_policy",
            "module.lambda_functions.aws_lambda_function.lambda_function",
            "module.lambda_functions.aws_s3_bucket.lambda_bucket",
            "module.lambda_functions.aws_s3_bucket_acl.lambda_bucket_acl",
            "module.lambda_functions.aws_s3_object.lambda_code",
            "module.lambda_functions.data.archive_file.lambda_code"
          ]
        },
        {
          "index_key": "hello-uat",
          "schema_version": 0,
          "attributes": {
            "http_method": "GET",
            "id": "agmr-43v7tyinie-f422k3-GET-200",
            "resource_id": "f422k3",
            "response_models": null,
            "response_parameters": null,
            "rest_api_id": "43v7tyinie",
            "status_code": "200"
          },
          "sensitive_attributes": [],
          "private": "bnVsbA==",
          "dependencies": [
            "module.api_gateway.aws_api_gateway_method.rest_api_get_method",
            "module.api_gateway.aws_api_gateway_resource.rest_api_resource",
            "module.api_gateway.aws_api_gateway_rest_api.rest_api",
            "module.lambda_functions.aws_cloudwatch_log_group.lambda_log_group",
            "module.lambda_functions.aws_iam_role.lambda_execution_role",
            "module.lambda_functions.aws_iam_role_policy_attachment.lambda_policy",
            "module.lambda_functions.aws_lambda_function.lambda_function",
            "module.lambda_functions.aws_s3_bucket.lambda_bucket",
            "module.lambda_functions.aws_s3_bucket_acl.lambda_bucket_acl",
            "module.lambda_functions.aws_s3_object.lambda_code",
            "module.lambda_functions.data.archive_file.lambda_code"
          ]
        }
      ]
    },
    {
      "module": "module.api_gateway",
      "mode": "managed",
      "type": "aws_api_gateway_resource",
      "name": "rest_api_resource",
      "provider": "provider[\"registry.terraform.io/hashicorp/aws\"]",
      "instances": [
        {
          "index_key": "goodbye-dev",
          "schema_version": 0,
          "attributes": {
            "id": "y0cu1p",
            "parent_id": "uy06u3jbg5",
            "path": "/goodbye",
            "path_part": "goodbye",
            "rest_api_id": "jzjr1g96kc"
          },
          "sensitive_attributes": [],
          "private": "bnVsbA==",
          "dependencies": [
            "module.api_gateway.aws_api_gateway_rest_api.rest_api",
            "module.lambda_functions.aws_cloudwatch_log_group.lambda_log_group",
            "module.lambda_functions.aws_iam_role.lambda_execution_role",
            "module.lambda_functions.aws_iam_role_policy_attachment.lambda_policy",
            "module.lambda_functions.aws_lambda_function.lambda_function",
            "module.lambda_functions.aws_s3_bucket.lambda_bucket",
            "module.lambda_functions.aws_s3_bucket_acl.lambda_bucket_acl",
            "module.lambda_functions.aws_s3_object.lambda_code",
            "module.lambda_functions.data.archive_file.lambda_code"
          ]
        },
        {
          "index_key": "goodbye-ng",
          "schema_version": 0,
          "attributes": {
            "id": "21asyu",
            "parent_id": "6ace1ghsh9",
            "path": "/goodbye",
            "path_part": "goodbye",
            "rest_api_id": "s1wp4y8zj1"
          },
          "sensitive_attributes": [],
          "private": "bnVsbA==",
          "dependencies": [
            "module.api_gateway.aws_api_gateway_rest_api.rest_api",
            "module.lambda_functions.aws_cloudwatch_log_group.lambda_log_group",
            "module.lambda_functions.aws_iam_role.lambda_execution_role",
            "module.lambda_functions.aws_iam_role_policy_attachment.lambda_policy",
            "module.lambda_functions.aws_lambda_function.lambda_function",
            "module.lambda_functions.aws_s3_bucket.lambda_bucket",
            "module.lambda_functions.aws_s3_bucket_acl.lambda_bucket_acl",
            "module.lambda_functions.aws_s3_object.lambda_code",
            "module.lambda_functions.data.archive_file.lambda_code"
          ]
        },
        {
          "index_key": "goodbye-qa",
          "schema_version": 0,
          "attributes": {
            "id": "yrfbn4",
            "parent_id": "4ovhv247wj",
            "path": "/goodbye",
            "path_part": "goodbye",
            "rest_api_id": "krgbsmu3jg"
          },
          "sensitive_attributes": [],
          "private": "bnVsbA==",
          "dependencies": [
            "module.api_gateway.aws_api_gateway_rest_api.rest_api",
            "module.lambda_functions.aws_cloudwatch_log_group.lambda_log_group",
            "module.lambda_functions.aws_iam_role.lambda_execution_role",
            "module.lambda_functions.aws_iam_role_policy_attachment.lambda_policy",
            "module.lambda_functions.aws_lambda_function.lambda_function",
            "module.lambda_functions.aws_s3_bucket.lambda_bucket",
            "module.lambda_functions.aws_s3_bucket_acl.lambda_bucket_acl",
            "module.lambda_functions.aws_s3_object.lambda_code",
            "module.lambda_functions.data.archive_file.lambda_code"
          ]
        },
        {
          "index_key": "goodbye-uat",
          "schema_version": 0,
          "attributes": {
            "id": "2u8oy2",
            "parent_id": "ad8psrx3l5",
            "path": "/goodbye",
            "path_part": "goodbye",
            "rest_api_id": "43v7tyinie"
          },
          "sensitive_attributes": [],
          "private": "bnVsbA==",
          "dependencies": [
            "module.api_gateway.aws_api_gateway_rest_api.rest_api",
            "module.lambda_functions.aws_cloudwatch_log_group.lambda_log_group",
            "module.lambda_functions.aws_iam_role.lambda_execution_role",
            "module.lambda_functions.aws_iam_role_policy_attachment.lambda_policy",
            "module.lambda_functions.aws_lambda_function.lambda_function",
            "module.lambda_functions.aws_s3_bucket.lambda_bucket",
            "module.lambda_functions.aws_s3_bucket_acl.lambda_bucket_acl",
            "module.lambda_functions.aws_s3_object.lambda_code",
            "module.lambda_functions.data.archive_file.lambda_code"
          ]
        },
        {
          "index_key": "hello-dev",
          "schema_version": 0,
          "attributes": {
            "id": "hmld4v",
            "parent_id": "uy06u3jbg5",
            "path": "/hello",
            "path_part": "hello",
            "rest_api_id": "jzjr1g96kc"
          },
          "sensitive_attributes": [],
          "private": "bnVsbA==",
          "dependencies": [
            "module.api_gateway.aws_api_gateway_rest_api.rest_api",
            "module.lambda_functions.aws_cloudwatch_log_group.lambda_log_group",
            "module.lambda_functions.aws_iam_role.lambda_execution_role",
            "module.lambda_functions.aws_iam_role_policy_attachment.lambda_policy",
            "module.lambda_functions.aws_lambda_function.lambda_function",
            "module.lambda_functions.aws_s3_bucket.lambda_bucket",
            "module.lambda_functions.aws_s3_bucket_acl.lambda_bucket_acl",
            "module.lambda_functions.aws_s3_object.lambda_code",
            "module.lambda_functions.data.archive_file.lambda_code"
          ]
        },
        {
          "index_key": "hello-ng",
          "schema_version": 0,
          "attributes": {
            "id": "vyg2hn",
            "parent_id": "6ace1ghsh9",
            "path": "/hello",
            "path_part": "hello",
            "rest_api_id": "s1wp4y8zj1"
          },
          "sensitive_attributes": [],
          "private": "bnVsbA==",
          "dependencies": [
            "module.api_gateway.aws_api_gateway_rest_api.rest_api",
            "module.lambda_functions.aws_cloudwatch_log_group.lambda_log_group",
            "module.lambda_functions.aws_iam_role.lambda_execution_role",
            "module.lambda_functions.aws_iam_role_policy_attachment.lambda_policy",
            "module.lambda_functions.aws_lambda_function.lambda_function",
            "module.lambda_functions.aws_s3_bucket.lambda_bucket",
            "module.lambda_functions.aws_s3_bucket_acl.lambda_bucket_acl",
            "module.lambda_functions.aws_s3_object.lambda_code",
            "module.lambda_functions.data.archive_file.lambda_code"
          ]
        },
        {
          "index_key": "hello-qa",
          "schema_version": 0,
          "attributes": {
            "id": "tf8fgf",
            "parent_id": "4ovhv247wj",
            "path": "/hello",
            "path_part": "hello",
            "rest_api_id": "krgbsmu3jg"
          },
          "sensitive_attributes": [],
          "private": "bnVsbA==",
          "dependencies": [
            "module.api_gateway.aws_api_gateway_rest_api.rest_api",
            "module.lambda_functions.aws_cloudwatch_log_group.lambda_log_group",
            "module.lambda_functions.aws_iam_role.lambda_execution_role",
            "module.lambda_functions.aws_iam_role_policy_attachment.lambda_policy",
            "module.lambda_functions.aws_lambda_function.lambda_function",
            "module.lambda_functions.aws_s3_bucket.lambda_bucket",
            "module.lambda_functions.aws_s3_bucket_acl.lambda_bucket_acl",
            "module.lambda_functions.aws_s3_object.lambda_code",
            "module.lambda_functions.data.archive_file.lambda_code"
          ]
        },
        {
          "index_key": "hello-uat",
          "schema_version": 0,
          "attributes": {
            "id": "f422k3",
            "parent_id": "ad8psrx3l5",
            "path": "/hello",
            "path_part": "hello",
            "rest_api_id": "43v7tyinie"
          },
          "sensitive_attributes": [],
          "private": "bnVsbA==",
          "dependencies": [
            "module.api_gateway.aws_api_gateway_rest_api.rest_api",
            "module.lambda_functions.aws_cloudwatch_log_group.lambda_log_group",
            "module.lambda_functions.aws_iam_role.lambda_execution_role",
            "module.lambda_functions.aws_iam_role_policy_attachment.lambda_policy",
            "module.lambda_functions.aws_lambda_function.lambda_function",
            "module.lambda_functions.aws_s3_bucket.lambda_bucket",
            "module.lambda_functions.aws_s3_bucket_acl.lambda_bucket_acl",
            "module.lambda_functions.aws_s3_object.lambda_code",
            "module.lambda_functions.data.archive_file.lambda_code"
          ]
        }
      ]
    },
    {
      "module": "module.api_gateway",
      "mode": "managed",
      "type": "aws_api_gateway_rest_api",
      "name": "rest_api",
      "provider": "provider[\"registry.terraform.io/hashicorp/aws\"]",
      "instances": [
        {
          "index_key": "dev",
          "schema_version": 0,
          "attributes": {
            "api_key_source": "HEADER",
            "arn": "arn:aws:apigateway:us-east-1::/restapis/jzjr1g96kc",
            "binary_media_types": [],
            "body": null,
            "created_date": "2022-07-26T18:10:13Z",
            "description": "",
            "disable_execute_api_endpoint": false,
            "endpoint_configuration": [
              {
                "types": [
                  "EDGE"
                ],
                "vpc_endpoint_ids": []
              }
            ],
            "execution_arn": "arn:aws:execute-api:us-east-1:155516267556:jzjr1g96kc",
            "id": "jzjr1g96kc",
            "minimum_compression_size": -1,
            "name": "terraform-api-gateway-example-dev",
            "parameters": null,
            "policy": "",
            "root_resource_id": "uy06u3jbg5",
            "tags": null,
            "tags_all": {}
          },
          "sensitive_attributes": [],
          "private": "bnVsbA==",
          "dependencies": [
            "module.lambda_functions.aws_cloudwatch_log_group.lambda_log_group",
            "module.lambda_functions.aws_iam_role.lambda_execution_role",
            "module.lambda_functions.aws_iam_role_policy_attachment.lambda_policy",
            "module.lambda_functions.aws_lambda_function.lambda_function",
            "module.lambda_functions.aws_s3_bucket.lambda_bucket",
            "module.lambda_functions.aws_s3_bucket_acl.lambda_bucket_acl",
            "module.lambda_functions.aws_s3_object.lambda_code",
            "module.lambda_functions.data.archive_file.lambda_code"
          ]
        },
        {
          "index_key": "ng",
          "schema_version": 0,
          "attributes": {
            "api_key_source": "HEADER",
            "arn": "arn:aws:apigateway:us-east-1::/restapis/s1wp4y8zj1",
            "binary_media_types": [],
            "body": null,
            "created_date": "2022-07-26T18:10:13Z",
            "description": "",
            "disable_execute_api_endpoint": false,
            "endpoint_configuration": [
              {
                "types": [
                  "EDGE"
                ],
                "vpc_endpoint_ids": []
              }
            ],
            "execution_arn": "arn:aws:execute-api:us-east-1:155516267556:s1wp4y8zj1",
            "id": "s1wp4y8zj1",
            "minimum_compression_size": -1,
            "name": "terraform-api-gateway-example-ng",
            "parameters": null,
            "policy": "",
            "root_resource_id": "6ace1ghsh9",
            "tags": null,
            "tags_all": {}
          },
          "sensitive_attributes": [],
          "private": "bnVsbA==",
          "dependencies": [
            "module.lambda_functions.aws_cloudwatch_log_group.lambda_log_group",
            "module.lambda_functions.aws_iam_role.lambda_execution_role",
            "module.lambda_functions.aws_iam_role_policy_attachment.lambda_policy",
            "module.lambda_functions.aws_lambda_function.lambda_function",
            "module.lambda_functions.aws_s3_bucket.lambda_bucket",
            "module.lambda_functions.aws_s3_bucket_acl.lambda_bucket_acl",
            "module.lambda_functions.aws_s3_object.lambda_code",
            "module.lambda_functions.data.archive_file.lambda_code"
          ]
        },
        {
          "index_key": "qa",
          "schema_version": 0,
          "attributes": {
            "api_key_source": "HEADER",
            "arn": "arn:aws:apigateway:us-east-1::/restapis/krgbsmu3jg",
            "binary_media_types": [],
            "body": null,
            "created_date": "2022-07-26T18:10:13Z",
            "description": "",
            "disable_execute_api_endpoint": false,
            "endpoint_configuration": [
              {
                "types": [
                  "EDGE"
                ],
                "vpc_endpoint_ids": []
              }
            ],
            "execution_arn": "arn:aws:execute-api:us-east-1:155516267556:krgbsmu3jg",
            "id": "krgbsmu3jg",
            "minimum_compression_size": -1,
            "name": "terraform-api-gateway-example-qa",
            "parameters": null,
            "policy": "",
            "root_resource_id": "4ovhv247wj",
            "tags": null,
            "tags_all": {}
          },
          "sensitive_attributes": [],
          "private": "bnVsbA==",
          "dependencies": [
            "module.lambda_functions.aws_cloudwatch_log_group.lambda_log_group",
            "module.lambda_functions.aws_iam_role.lambda_execution_role",
            "module.lambda_functions.aws_iam_role_policy_attachment.lambda_policy",
            "module.lambda_functions.aws_lambda_function.lambda_function",
            "module.lambda_functions.aws_s3_bucket.lambda_bucket",
            "module.lambda_functions.aws_s3_bucket_acl.lambda_bucket_acl",
            "module.lambda_functions.aws_s3_object.lambda_code",
            "module.lambda_functions.data.archive_file.lambda_code"
          ]
        },
        {
          "index_key": "uat",
          "schema_version": 0,
          "attributes": {
            "api_key_source": "HEADER",
            "arn": "arn:aws:apigateway:us-east-1::/restapis/43v7tyinie",
            "binary_media_types": [],
            "body": null,
            "created_date": "2022-07-26T18:10:13Z",
            "description": "",
            "disable_execute_api_endpoint": false,
            "endpoint_configuration": [
              {
                "types": [
                  "EDGE"
                ],
                "vpc_endpoint_ids": []
              }
            ],
            "execution_arn": "arn:aws:execute-api:us-east-1:155516267556:43v7tyinie",
            "id": "43v7tyinie",
            "minimum_compression_size": -1,
            "name": "terraform-api-gateway-example-uat",
            "parameters": null,
            "policy": "",
            "root_resource_id": "ad8psrx3l5",
            "tags": null,
            "tags_all": {}
          },
          "sensitive_attributes": [],
          "private": "bnVsbA==",
          "dependencies": [
            "module.lambda_functions.aws_cloudwatch_log_group.lambda_log_group",
            "module.lambda_functions.aws_iam_role.lambda_execution_role",
            "module.lambda_functions.aws_iam_role_policy_attachment.lambda_policy",
            "module.lambda_functions.aws_lambda_function.lambda_function",
            "module.lambda_functions.aws_s3_bucket.lambda_bucket",
            "module.lambda_functions.aws_s3_bucket_acl.lambda_bucket_acl",
            "module.lambda_functions.aws_s3_object.lambda_code",
            "module.lambda_functions.data.archive_file.lambda_code"
          ]
        }
      ]
    },
    {
      "module": "module.api_gateway",
      "mode": "managed",
      "type": "aws_api_gateway_stage",
      "name": "rest_api_stage",
      "provider": "provider[\"registry.terraform.io/hashicorp/aws\"]",
      "instances": [
        {
          "index_key": "dev",
          "schema_version": 0,
          "attributes": {
            "access_log_settings": [],
            "arn": "arn:aws:apigateway:us-east-1::/restapis/jzjr1g96kc/stages/prod",
            "cache_cluster_enabled": false,
            "cache_cluster_size": "",
            "canary_settings": [],
            "client_certificate_id": "",
            "deployment_id": "pgyxye",
            "description": "",
            "documentation_version": "",
            "execution_arn": "arn:aws:execute-api:us-east-1:155516267556:jzjr1g96kc/prod",
            "id": "ags-jzjr1g96kc-prod",
            "invoke_url": "https://jzjr1g96kc.execute-api.us-east-1.amazonaws.com/prod",
            "rest_api_id": "jzjr1g96kc",
            "stage_name": "prod",
            "tags": null,
            "tags_all": {},
            "variables": null,
            "web_acl_arn": "",
            "xray_tracing_enabled": false
          },
          "sensitive_attributes": [],
          "private": "bnVsbA==",
          "dependencies": [
            "module.api_gateway.aws_api_gateway_deployment.rest_api_deployment",
            "module.api_gateway.aws_api_gateway_integration.rest_api_get_method_integration",
            "module.api_gateway.aws_api_gateway_method.rest_api_get_method",
            "module.api_gateway.aws_api_gateway_resource.rest_api_resource",
            "module.api_gateway.aws_api_gateway_rest_api.rest_api",
            "module.lambda_functions.aws_cloudwatch_log_group.lambda_log_group",
            "module.lambda_functions.aws_iam_role.lambda_execution_role",
            "module.lambda_functions.aws_iam_role_policy_attachment.lambda_policy",
            "module.lambda_functions.aws_lambda_function.lambda_function",
            "module.lambda_functions.aws_s3_bucket.lambda_bucket",
            "module.lambda_functions.aws_s3_bucket_acl.lambda_bucket_acl",
            "module.lambda_functions.aws_s3_object.lambda_code",
            "module.lambda_functions.data.archive_file.lambda_code"
          ]
        },
        {
          "index_key": "ng",
          "schema_version": 0,
          "attributes": {
            "access_log_settings": [],
            "arn": "arn:aws:apigateway:us-east-1::/restapis/s1wp4y8zj1/stages/prod",
            "cache_cluster_enabled": false,
            "cache_cluster_size": "",
            "canary_settings": [],
            "client_certificate_id": "",
            "deployment_id": "wtn7z7",
            "description": "",
            "documentation_version": "",
            "execution_arn": "arn:aws:execute-api:us-east-1:155516267556:s1wp4y8zj1/prod",
            "id": "ags-s1wp4y8zj1-prod",
            "invoke_url": "https://s1wp4y8zj1.execute-api.us-east-1.amazonaws.com/prod",
            "rest_api_id": "s1wp4y8zj1",
            "stage_name": "prod",
            "tags": null,
            "tags_all": {},
            "variables": null,
            "web_acl_arn": "",
            "xray_tracing_enabled": false
          },
          "sensitive_attributes": [],
          "private": "bnVsbA==",
          "dependencies": [
            "module.api_gateway.aws_api_gateway_deployment.rest_api_deployment",
            "module.api_gateway.aws_api_gateway_integration.rest_api_get_method_integration",
            "module.api_gateway.aws_api_gateway_method.rest_api_get_method",
            "module.api_gateway.aws_api_gateway_resource.rest_api_resource",
            "module.api_gateway.aws_api_gateway_rest_api.rest_api",
            "module.lambda_functions.aws_cloudwatch_log_group.lambda_log_group",
            "module.lambda_functions.aws_iam_role.lambda_execution_role",
            "module.lambda_functions.aws_iam_role_policy_attachment.lambda_policy",
            "module.lambda_functions.aws_lambda_function.lambda_function",
            "module.lambda_functions.aws_s3_bucket.lambda_bucket",
            "module.lambda_functions.aws_s3_bucket_acl.lambda_bucket_acl",
            "module.lambda_functions.aws_s3_object.lambda_code",
            "module.lambda_functions.data.archive_file.lambda_code"
          ]
        },
        {
          "index_key": "qa",
          "schema_version": 0,
          "attributes": {
            "access_log_settings": [],
            "arn": "arn:aws:apigateway:us-east-1::/restapis/krgbsmu3jg/stages/prod",
            "cache_cluster_enabled": false,
            "cache_cluster_size": "",
            "canary_settings": [],
            "client_certificate_id": "",
            "deployment_id": "748gk6",
            "description": "",
            "documentation_version": "",
            "execution_arn": "arn:aws:execute-api:us-east-1:155516267556:krgbsmu3jg/prod",
            "id": "ags-krgbsmu3jg-prod",
            "invoke_url": "https://krgbsmu3jg.execute-api.us-east-1.amazonaws.com/prod",
            "rest_api_id": "krgbsmu3jg",
            "stage_name": "prod",
            "tags": null,
            "tags_all": {},
            "variables": null,
            "web_acl_arn": "",
            "xray_tracing_enabled": false
          },
          "sensitive_attributes": [],
          "private": "bnVsbA==",
          "dependencies": [
            "module.api_gateway.aws_api_gateway_deployment.rest_api_deployment",
            "module.api_gateway.aws_api_gateway_integration.rest_api_get_method_integration",
            "module.api_gateway.aws_api_gateway_method.rest_api_get_method",
            "module.api_gateway.aws_api_gateway_resource.rest_api_resource",
            "module.api_gateway.aws_api_gateway_rest_api.rest_api",
            "module.lambda_functions.aws_cloudwatch_log_group.lambda_log_group",
            "module.lambda_functions.aws_iam_role.lambda_execution_role",
            "module.lambda_functions.aws_iam_role_policy_attachment.lambda_policy",
            "module.lambda_functions.aws_lambda_function.lambda_function",
            "module.lambda_functions.aws_s3_bucket.lambda_bucket",
            "module.lambda_functions.aws_s3_bucket_acl.lambda_bucket_acl",
            "module.lambda_functions.aws_s3_object.lambda_code",
            "module.lambda_functions.data.archive_file.lambda_code"
          ]
        },
        {
          "index_key": "uat",
          "schema_version": 0,
          "attributes": {
            "access_log_settings": [],
            "arn": "arn:aws:apigateway:us-east-1::/restapis/43v7tyinie/stages/prod",
            "cache_cluster_enabled": false,
            "cache_cluster_size": "",
            "canary_settings": [],
            "client_certificate_id": "",
            "deployment_id": "tapwed",
            "description": "",
            "documentation_version": "",
            "execution_arn": "arn:aws:execute-api:us-east-1:155516267556:43v7tyinie/prod",
            "id": "ags-43v7tyinie-prod",
            "invoke_url": "https://43v7tyinie.execute-api.us-east-1.amazonaws.com/prod",
            "rest_api_id": "43v7tyinie",
            "stage_name": "prod",
            "tags": null,
            "tags_all": {},
            "variables": null,
            "web_acl_arn": "",
            "xray_tracing_enabled": false
          },
          "sensitive_attributes": [],
          "private": "bnVsbA==",
          "dependencies": [
            "module.api_gateway.aws_api_gateway_deployment.rest_api_deployment",
            "module.api_gateway.aws_api_gateway_integration.rest_api_get_method_integration",
            "module.api_gateway.aws_api_gateway_method.rest_api_get_method",
            "module.api_gateway.aws_api_gateway_resource.rest_api_resource",
            "module.api_gateway.aws_api_gateway_rest_api.rest_api",
            "module.lambda_functions.aws_cloudwatch_log_group.lambda_log_group",
            "module.lambda_functions.aws_iam_role.lambda_execution_role",
            "module.lambda_functions.aws_iam_role_policy_attachment.lambda_policy",
            "module.lambda_functions.aws_lambda_function.lambda_function",
            "module.lambda_functions.aws_s3_bucket.lambda_bucket",
            "module.lambda_functions.aws_s3_bucket_acl.lambda_bucket_acl",
            "module.lambda_functions.aws_s3_object.lambda_code",
            "module.lambda_functions.data.archive_file.lambda_code"
          ]
        }
      ]
    },
    {
      "module": "module.api_gateway",
      "mode": "managed",
      "type": "aws_lambda_permission",
      "name": "api_gateway_lambda",
      "provider": "provider[\"registry.terraform.io/hashicorp/aws\"]",
      "instances": [
        {
          "index_key": "goodbye-dev",
          "schema_version": 0,
          "attributes": {
            "action": "lambda:InvokeFunction",
            "event_source_token": null,
            "function_name": "goodbye-handler-dev",
            "function_url_auth_type": null,
            "id": "AllowExecutionFromAPIGateway",
            "principal": "apigateway.amazonaws.com",
            "principal_org_id": null,
            "qualifier": "",
            "source_account": null,
            "source_arn": "arn:aws:execute-api:us-east-1:155516267556:jzjr1g96kc/*/GET/goodbye",
            "statement_id": "AllowExecutionFromAPIGateway",
            "statement_id_prefix": ""
          },
          "sensitive_attributes": [],
          "private": "bnVsbA==",
          "dependencies": [
            "module.api_gateway.aws_api_gateway_method.rest_api_get_method",
            "module.api_gateway.aws_api_gateway_resource.rest_api_resource",
            "module.api_gateway.aws_api_gateway_rest_api.rest_api",
            "module.lambda_functions.aws_cloudwatch_log_group.lambda_log_group",
            "module.lambda_functions.aws_iam_role.lambda_execution_role",
            "module.lambda_functions.aws_iam_role_policy_attachment.lambda_policy",
            "module.lambda_functions.aws_lambda_function.lambda_function",
            "module.lambda_functions.aws_s3_bucket.lambda_bucket",
            "module.lambda_functions.aws_s3_bucket_acl.lambda_bucket_acl",
            "module.lambda_functions.aws_s3_object.lambda_code",
            "module.lambda_functions.data.archive_file.lambda_code"
          ]
        },
        {
          "index_key": "goodbye-ng",
          "schema_version": 0,
          "attributes": {
            "action": "lambda:InvokeFunction",
            "event_source_token": null,
            "function_name": "goodbye-handler-ng",
            "function_url_auth_type": null,
            "id": "AllowExecutionFromAPIGateway",
            "principal": "apigateway.amazonaws.com",
            "principal_org_id": null,
            "qualifier": "",
            "source_account": null,
            "source_arn": "arn:aws:execute-api:us-east-1:155516267556:s1wp4y8zj1/*/GET/goodbye",
            "statement_id": "AllowExecutionFromAPIGateway",
            "statement_id_prefix": ""
          },
          "sensitive_attributes": [],
          "private": "bnVsbA==",
          "dependencies": [
            "module.api_gateway.aws_api_gateway_method.rest_api_get_method",
            "module.api_gateway.aws_api_gateway_resource.rest_api_resource",
            "module.api_gateway.aws_api_gateway_rest_api.rest_api",
            "module.lambda_functions.aws_cloudwatch_log_group.lambda_log_group",
            "module.lambda_functions.aws_iam_role.lambda_execution_role",
            "module.lambda_functions.aws_iam_role_policy_attachment.lambda_policy",
            "module.lambda_functions.aws_lambda_function.lambda_function",
            "module.lambda_functions.aws_s3_bucket.lambda_bucket",
            "module.lambda_functions.aws_s3_bucket_acl.lambda_bucket_acl",
            "module.lambda_functions.aws_s3_object.lambda_code",
            "module.lambda_functions.data.archive_file.lambda_code"
          ]
        },
        {
          "index_key": "goodbye-qa",
          "schema_version": 0,
          "attributes": {
            "action": "lambda:InvokeFunction",
            "event_source_token": null,
            "function_name": "goodbye-handler-qa",
            "function_url_auth_type": null,
            "id": "AllowExecutionFromAPIGateway",
            "principal": "apigateway.amazonaws.com",
            "principal_org_id": null,
            "qualifier": "",
            "source_account": null,
            "source_arn": "arn:aws:execute-api:us-east-1:155516267556:krgbsmu3jg/*/GET/goodbye",
            "statement_id": "AllowExecutionFromAPIGateway",
            "statement_id_prefix": ""
          },
          "sensitive_attributes": [],
          "private": "bnVsbA==",
          "dependencies": [
            "module.api_gateway.aws_api_gateway_method.rest_api_get_method",
            "module.api_gateway.aws_api_gateway_resource.rest_api_resource",
            "module.api_gateway.aws_api_gateway_rest_api.rest_api",
            "module.lambda_functions.aws_cloudwatch_log_group.lambda_log_group",
            "module.lambda_functions.aws_iam_role.lambda_execution_role",
            "module.lambda_functions.aws_iam_role_policy_attachment.lambda_policy",
            "module.lambda_functions.aws_lambda_function.lambda_function",
            "module.lambda_functions.aws_s3_bucket.lambda_bucket",
            "module.lambda_functions.aws_s3_bucket_acl.lambda_bucket_acl",
            "module.lambda_functions.aws_s3_object.lambda_code",
            "module.lambda_functions.data.archive_file.lambda_code"
          ]
        },
        {
          "index_key": "goodbye-uat",
          "schema_version": 0,
          "attributes": {
            "action": "lambda:InvokeFunction",
            "event_source_token": null,
            "function_name": "goodbye-handler-uat",
            "function_url_auth_type": null,
            "id": "AllowExecutionFromAPIGateway",
            "principal": "apigateway.amazonaws.com",
            "principal_org_id": null,
            "qualifier": "",
            "source_account": null,
            "source_arn": "arn:aws:execute-api:us-east-1:155516267556:43v7tyinie/*/GET/goodbye",
            "statement_id": "AllowExecutionFromAPIGateway",
            "statement_id_prefix": ""
          },
          "sensitive_attributes": [],
          "private": "bnVsbA==",
          "dependencies": [
            "module.api_gateway.aws_api_gateway_method.rest_api_get_method",
            "module.api_gateway.aws_api_gateway_resource.rest_api_resource",
            "module.api_gateway.aws_api_gateway_rest_api.rest_api",
            "module.lambda_functions.aws_cloudwatch_log_group.lambda_log_group",
            "module.lambda_functions.aws_iam_role.lambda_execution_role",
            "module.lambda_functions.aws_iam_role_policy_attachment.lambda_policy",
            "module.lambda_functions.aws_lambda_function.lambda_function",
            "module.lambda_functions.aws_s3_bucket.lambda_bucket",
            "module.lambda_functions.aws_s3_bucket_acl.lambda_bucket_acl",
            "module.lambda_functions.aws_s3_object.lambda_code",
            "module.lambda_functions.data.archive_file.lambda_code"
          ]
        },
        {
          "index_key": "hello-dev",
          "schema_version": 0,
          "attributes": {
            "action": "lambda:InvokeFunction",
            "event_source_token": null,
            "function_name": "hello-handler-dev",
            "function_url_auth_type": null,
            "id": "AllowExecutionFromAPIGateway",
            "principal": "apigateway.amazonaws.com",
            "principal_org_id": null,
            "qualifier": "",
            "source_account": null,
            "source_arn": "arn:aws:execute-api:us-east-1:155516267556:jzjr1g96kc/*/GET/hello",
            "statement_id": "AllowExecutionFromAPIGateway",
            "statement_id_prefix": ""
          },
          "sensitive_attributes": [],
          "private": "bnVsbA==",
          "dependencies": [
            "module.api_gateway.aws_api_gateway_method.rest_api_get_method",
            "module.api_gateway.aws_api_gateway_resource.rest_api_resource",
            "module.api_gateway.aws_api_gateway_rest_api.rest_api",
            "module.lambda_functions.aws_cloudwatch_log_group.lambda_log_group",
            "module.lambda_functions.aws_iam_role.lambda_execution_role",
            "module.lambda_functions.aws_iam_role_policy_attachment.lambda_policy",
            "module.lambda_functions.aws_lambda_function.lambda_function",
            "module.lambda_functions.aws_s3_bucket.lambda_bucket",
            "module.lambda_functions.aws_s3_bucket_acl.lambda_bucket_acl",
            "module.lambda_functions.aws_s3_object.lambda_code",
            "module.lambda_functions.data.archive_file.lambda_code"
          ]
        },
        {
          "index_key": "hello-ng",
          "schema_version": 0,
          "attributes": {
            "action": "lambda:InvokeFunction",
            "event_source_token": null,
            "function_name": "hello-handler-ng",
            "function_url_auth_type": null,
            "id": "AllowExecutionFromAPIGateway",
            "principal": "apigateway.amazonaws.com",
            "principal_org_id": null,
            "qualifier": "",
            "source_account": null,
            "source_arn": "arn:aws:execute-api:us-east-1:155516267556:s1wp4y8zj1/*/GET/hello",
            "statement_id": "AllowExecutionFromAPIGateway",
            "statement_id_prefix": ""
          },
          "sensitive_attributes": [],
          "private": "bnVsbA==",
          "dependencies": [
            "module.api_gateway.aws_api_gateway_method.rest_api_get_method",
            "module.api_gateway.aws_api_gateway_resource.rest_api_resource",
            "module.api_gateway.aws_api_gateway_rest_api.rest_api",
            "module.lambda_functions.aws_cloudwatch_log_group.lambda_log_group",
            "module.lambda_functions.aws_iam_role.lambda_execution_role",
            "module.lambda_functions.aws_iam_role_policy_attachment.lambda_policy",
            "module.lambda_functions.aws_lambda_function.lambda_function",
            "module.lambda_functions.aws_s3_bucket.lambda_bucket",
            "module.lambda_functions.aws_s3_bucket_acl.lambda_bucket_acl",
            "module.lambda_functions.aws_s3_object.lambda_code",
            "module.lambda_functions.data.archive_file.lambda_code"
          ]
        },
        {
          "index_key": "hello-qa",
          "schema_version": 0,
          "attributes": {
            "action": "lambda:InvokeFunction",
            "event_source_token": null,
            "function_name": "hello-handler-qa",
            "function_url_auth_type": null,
            "id": "AllowExecutionFromAPIGateway",
            "principal": "apigateway.amazonaws.com",
            "principal_org_id": null,
            "qualifier": "",
            "source_account": null,
            "source_arn": "arn:aws:execute-api:us-east-1:155516267556:krgbsmu3jg/*/GET/hello",
            "statement_id": "AllowExecutionFromAPIGateway",
            "statement_id_prefix": ""
          },
          "sensitive_attributes": [],
          "private": "bnVsbA==",
          "dependencies": [
            "module.api_gateway.aws_api_gateway_method.rest_api_get_method",
            "module.api_gateway.aws_api_gateway_resource.rest_api_resource",
            "module.api_gateway.aws_api_gateway_rest_api.rest_api",
            "module.lambda_functions.aws_cloudwatch_log_group.lambda_log_group",
            "module.lambda_functions.aws_iam_role.lambda_execution_role",
            "module.lambda_functions.aws_iam_role_policy_attachment.lambda_policy",
            "module.lambda_functions.aws_lambda_function.lambda_function",
            "module.lambda_functions.aws_s3_bucket.lambda_bucket",
            "module.lambda_functions.aws_s3_bucket_acl.lambda_bucket_acl",
            "module.lambda_functions.aws_s3_object.lambda_code",
            "module.lambda_functions.data.archive_file.lambda_code"
          ]
        },
        {
          "index_key": "hello-uat",
          "schema_version": 0,
          "attributes": {
            "action": "lambda:InvokeFunction",
            "event_source_token": null,
            "function_name": "hello-handler-uat",
            "function_url_auth_type": null,
            "id": "AllowExecutionFromAPIGateway",
            "principal": "apigateway.amazonaws.com",
            "principal_org_id": null,
            "qualifier": "",
            "source_account": null,
            "source_arn": "arn:aws:execute-api:us-east-1:155516267556:43v7tyinie/*/GET/hello",
            "statement_id": "AllowExecutionFromAPIGateway",
            "statement_id_prefix": ""
          },
          "sensitive_attributes": [],
          "private": "bnVsbA==",
          "dependencies": [
            "module.api_gateway.aws_api_gateway_method.rest_api_get_method",
            "module.api_gateway.aws_api_gateway_resource.rest_api_resource",
            "module.api_gateway.aws_api_gateway_rest_api.rest_api",
            "module.lambda_functions.aws_cloudwatch_log_group.lambda_log_group",
            "module.lambda_functions.aws_iam_role.lambda_execution_role",
            "module.lambda_functions.aws_iam_role_policy_attachment.lambda_policy",
            "module.lambda_functions.aws_lambda_function.lambda_function",
            "module.lambda_functions.aws_s3_bucket.lambda_bucket",
            "module.lambda_functions.aws_s3_bucket_acl.lambda_bucket_acl",
            "module.lambda_functions.aws_s3_object.lambda_code",
            "module.lambda_functions.data.archive_file.lambda_code"
          ]
        }
      ]
    },
    {
      "module": "module.lambda_functions",
      "mode": "data",
      "type": "archive_file",
      "name": "lambda_code",
      "provider": "provider[\"registry.terraform.io/hashicorp/archive\"]",
      "instances": [
        {
          "index_key": "goodbye-dev",
          "schema_version": 0,
          "attributes": {
            "excludes": null,
            "id": "cd06565eb0a56911ff65b43f44c28c3b43ca432c",
            "output_base64sha256": "E1W5XQtnsBaWDsLERfZnR4TAwoH3JJ/0OGF4/Pa7oUk=",
            "output_file_mode": null,
            "output_md5": "5be50170cfb621f1fab9ddf5a5d8c73d",
            "output_path": "./../goodbye.zip",
            "output_sha": "cd06565eb0a56911ff65b43f44c28c3b43ca432c",
            "output_size": 330,
            "source": [],
            "source_content": null,
            "source_content_filename": null,
            "source_dir": "./../handlers/goodbye",
            "source_file": null,
            "type": "zip"
          },
          "sensitive_attributes": []
        },
        {
          "index_key": "goodbye-ng",
          "schema_version": 0,
          "attributes": {
            "excludes": null,
            "id": "cd06565eb0a56911ff65b43f44c28c3b43ca432c",
            "output_base64sha256": "E1W5XQtnsBaWDsLERfZnR4TAwoH3JJ/0OGF4/Pa7oUk=",
            "output_file_mode": null,
            "output_md5": "5be50170cfb621f1fab9ddf5a5d8c73d",
            "output_path": "./../goodbye.zip",
            "output_sha": "cd06565eb0a56911ff65b43f44c28c3b43ca432c",
            "output_size": 330,
            "source": [],
            "source_content": null,
            "source_content_filename": null,
            "source_dir": "./../handlers/goodbye",
            "source_file": null,
            "type": "zip"
          },
          "sensitive_attributes": []
        },
        {
          "index_key": "goodbye-qa",
          "schema_version": 0,
          "attributes": {
            "excludes": null,
            "id": "cd06565eb0a56911ff65b43f44c28c3b43ca432c",
            "output_base64sha256": "E1W5XQtnsBaWDsLERfZnR4TAwoH3JJ/0OGF4/Pa7oUk=",
            "output_file_mode": null,
            "output_md5": "5be50170cfb621f1fab9ddf5a5d8c73d",
            "output_path": "./../goodbye.zip",
            "output_sha": "cd06565eb0a56911ff65b43f44c28c3b43ca432c",
            "output_size": 330,
            "source": [],
            "source_content": null,
            "source_content_filename": null,
            "source_dir": "./../handlers/goodbye",
            "source_file": null,
            "type": "zip"
          },
          "sensitive_attributes": []
        },
        {
          "index_key": "goodbye-uat",
          "schema_version": 0,
          "attributes": {
            "excludes": null,
            "id": "cd06565eb0a56911ff65b43f44c28c3b43ca432c",
            "output_base64sha256": "E1W5XQtnsBaWDsLERfZnR4TAwoH3JJ/0OGF4/Pa7oUk=",
            "output_file_mode": null,
            "output_md5": "5be50170cfb621f1fab9ddf5a5d8c73d",
            "output_path": "./../goodbye.zip",
            "output_sha": "cd06565eb0a56911ff65b43f44c28c3b43ca432c",
            "output_size": 330,
            "source": [],
            "source_content": null,
            "source_content_filename": null,
            "source_dir": "./../handlers/goodbye",
            "source_file": null,
            "type": "zip"
          },
          "sensitive_attributes": []
        },
        {
          "index_key": "hello-dev",
          "schema_version": 0,
          "attributes": {
            "excludes": null,
            "id": "a99fdfb5da55c200f3b66931fab4a66baa6084e0",
            "output_base64sha256": "qfmbFQ8dVwnKk0T3/vyz9+J2T81lkIPSq7c+9Lu0BlA=",
            "output_file_mode": null,
            "output_md5": "0d0f4d31dfc8e9f5eafb9e60779b250b",
            "output_path": "./../hello.zip",
            "output_sha": "a99fdfb5da55c200f3b66931fab4a66baa6084e0",
            "output_size": 328,
            "source": [],
            "source_content": null,
            "source_content_filename": null,
            "source_dir": "./../handlers/hello",
            "source_file": null,
            "type": "zip"
          },
          "sensitive_attributes": []
        },
        {
          "index_key": "hello-ng",
          "schema_version": 0,
          "attributes": {
            "excludes": null,
            "id": "a99fdfb5da55c200f3b66931fab4a66baa6084e0",
            "output_base64sha256": "qfmbFQ8dVwnKk0T3/vyz9+J2T81lkIPSq7c+9Lu0BlA=",
            "output_file_mode": null,
            "output_md5": "0d0f4d31dfc8e9f5eafb9e60779b250b",
            "output_path": "./../hello.zip",
            "output_sha": "a99fdfb5da55c200f3b66931fab4a66baa6084e0",
            "output_size": 328,
            "source": [],
            "source_content": null,
            "source_content_filename": null,
            "source_dir": "./../handlers/hello",
            "source_file": null,
            "type": "zip"
          },
          "sensitive_attributes": []
        },
        {
          "index_key": "hello-qa",
          "schema_version": 0,
          "attributes": {
            "excludes": null,
            "id": "a99fdfb5da55c200f3b66931fab4a66baa6084e0",
            "output_base64sha256": "qfmbFQ8dVwnKk0T3/vyz9+J2T81lkIPSq7c+9Lu0BlA=",
            "output_file_mode": null,
            "output_md5": "0d0f4d31dfc8e9f5eafb9e60779b250b",
            "output_path": "./../hello.zip",
            "output_sha": "a99fdfb5da55c200f3b66931fab4a66baa6084e0",
            "output_size": 328,
            "source": [],
            "source_content": null,
            "source_content_filename": null,
            "source_dir": "./../handlers/hello",
            "source_file": null,
            "type": "zip"
          },
          "sensitive_attributes": []
        },
        {
          "index_key": "hello-uat",
          "schema_version": 0,
          "attributes": {
            "excludes": null,
            "id": "a99fdfb5da55c200f3b66931fab4a66baa6084e0",
            "output_base64sha256": "qfmbFQ8dVwnKk0T3/vyz9+J2T81lkIPSq7c+9Lu0BlA=",
            "output_file_mode": null,
            "output_md5": "0d0f4d31dfc8e9f5eafb9e60779b250b",
            "output_path": "./../hello.zip",
            "output_sha": "a99fdfb5da55c200f3b66931fab4a66baa6084e0",
            "output_size": 328,
            "source": [],
            "source_content": null,
            "source_content_filename": null,
            "source_dir": "./../handlers/hello",
            "source_file": null,
            "type": "zip"
          },
          "sensitive_attributes": []
        }
      ]
    },
    {
      "module": "module.lambda_functions",
      "mode": "managed",
      "type": "aws_cloudwatch_log_group",
      "name": "lambda_log_group",
      "provider": "provider[\"registry.terraform.io/hashicorp/aws\"]",
      "instances": [
        {
          "index_key": "goodbye-dev",
          "schema_version": 0,
          "attributes": {
            "arn": "arn:aws:logs:us-east-1:155516267556:log-group:/aws/lambda/goodbye-handler-dev",
            "id": "/aws/lambda/goodbye-handler-dev",
            "kms_key_id": "",
            "name": "/aws/lambda/goodbye-handler-dev",
            "name_prefix": null,
            "retention_in_days": 7,
            "tags": null,
            "tags_all": {}
          },
          "sensitive_attributes": [],
          "private": "bnVsbA=="
        },
        {
          "index_key": "goodbye-ng",
          "schema_version": 0,
          "attributes": {
            "arn": "arn:aws:logs:us-east-1:155516267556:log-group:/aws/lambda/goodbye-handler-ng",
            "id": "/aws/lambda/goodbye-handler-ng",
            "kms_key_id": "",
            "name": "/aws/lambda/goodbye-handler-ng",
            "name_prefix": null,
            "retention_in_days": 7,
            "tags": null,
            "tags_all": {}
          },
          "sensitive_attributes": [],
          "private": "bnVsbA=="
        },
        {
          "index_key": "goodbye-qa",
          "schema_version": 0,
          "attributes": {
            "arn": "arn:aws:logs:us-east-1:155516267556:log-group:/aws/lambda/goodbye-handler-qa",
            "id": "/aws/lambda/goodbye-handler-qa",
            "kms_key_id": "",
            "name": "/aws/lambda/goodbye-handler-qa",
            "name_prefix": null,
            "retention_in_days": 7,
            "tags": null,
            "tags_all": {}
          },
          "sensitive_attributes": [],
          "private": "bnVsbA=="
        },
        {
          "index_key": "goodbye-uat",
          "schema_version": 0,
          "attributes": {
            "arn": "arn:aws:logs:us-east-1:155516267556:log-group:/aws/lambda/goodbye-handler-uat",
            "id": "/aws/lambda/goodbye-handler-uat",
            "kms_key_id": "",
            "name": "/aws/lambda/goodbye-handler-uat",
            "name_prefix": null,
            "retention_in_days": 7,
            "tags": null,
            "tags_all": {}
          },
          "sensitive_attributes": [],
          "private": "bnVsbA=="
        },
        {
          "index_key": "hello-dev",
          "schema_version": 0,
          "attributes": {
            "arn": "arn:aws:logs:us-east-1:155516267556:log-group:/aws/lambda/hello-handler-dev",
            "id": "/aws/lambda/hello-handler-dev",
            "kms_key_id": "",
            "name": "/aws/lambda/hello-handler-dev",
            "name_prefix": null,
            "retention_in_days": 7,
            "tags": null,
            "tags_all": {}
          },
          "sensitive_attributes": [],
          "private": "bnVsbA=="
        },
        {
          "index_key": "hello-ng",
          "schema_version": 0,
          "attributes": {
            "arn": "arn:aws:logs:us-east-1:155516267556:log-group:/aws/lambda/hello-handler-ng",
            "id": "/aws/lambda/hello-handler-ng",
            "kms_key_id": "",
            "name": "/aws/lambda/hello-handler-ng",
            "name_prefix": null,
            "retention_in_days": 7,
            "tags": null,
            "tags_all": {}
          },
          "sensitive_attributes": [],
          "private": "bnVsbA=="
        },
        {
          "index_key": "hello-qa",
          "schema_version": 0,
          "attributes": {
            "arn": "arn:aws:logs:us-east-1:155516267556:log-group:/aws/lambda/hello-handler-qa",
            "id": "/aws/lambda/hello-handler-qa",
            "kms_key_id": "",
            "name": "/aws/lambda/hello-handler-qa",
            "name_prefix": null,
            "retention_in_days": 7,
            "tags": null,
            "tags_all": {}
          },
          "sensitive_attributes": [],
          "private": "bnVsbA=="
        },
        {
          "index_key": "hello-uat",
          "schema_version": 0,
          "attributes": {
            "arn": "arn:aws:logs:us-east-1:155516267556:log-group:/aws/lambda/hello-handler-uat",
            "id": "/aws/lambda/hello-handler-uat",
            "kms_key_id": "",
            "name": "/aws/lambda/hello-handler-uat",
            "name_prefix": null,
            "retention_in_days": 7,
            "tags": null,
            "tags_all": {}
          },
          "sensitive_attributes": [],
          "private": "bnVsbA=="
        }
      ]
    },
    {
      "module": "module.lambda_functions",
      "mode": "managed",
      "type": "aws_iam_role",
      "name": "lambda_execution_role",
      "provider": "provider[\"registry.terraform.io/hashicorp/aws\"]",
      "instances": [
        {
          "index_key": "goodbye-dev",
          "schema_version": 0,
          "attributes": {
            "arn": "arn:aws:iam::155516267556:role/lambda_execution_role_goodbye-handler-dev",
            "assume_role_policy": "{\"Statement\":[{\"Action\":\"sts:AssumeRole\",\"Effect\":\"Allow\",\"Principal\":{\"Service\":\"lambda.amazonaws.com\"},\"Sid\":\"\"}],\"Version\":\"2012-10-17\"}",
            "create_date": "2022-07-26T18:09:50Z",
            "description": "",
            "force_detach_policies": false,
            "id": "lambda_execution_role_goodbye-handler-dev",
            "inline_policy": [],
            "managed_policy_arns": [],
            "max_session_duration": 3600,
            "name": "lambda_execution_role_goodbye-handler-dev",
            "name_prefix": "",
            "path": "/",
            "permissions_boundary": null,
            "tags": null,
            "tags_all": {},
            "unique_id": "AROASINL55QSCSE27SMCG"
          },
          "sensitive_attributes": [],
          "private": "bnVsbA=="
        },
        {
          "index_key": "goodbye-ng",
          "schema_version": 0,
          "attributes": {
            "arn": "arn:aws:iam::155516267556:role/lambda_execution_role_goodbye-handler-ng",
            "assume_role_policy": "{\"Statement\":[{\"Action\":\"sts:AssumeRole\",\"Effect\":\"Allow\",\"Principal\":{\"Service\":\"lambda.amazonaws.com\"},\"Sid\":\"\"}],\"Version\":\"2012-10-17\"}",
            "create_date": "2022-07-26T18:09:50Z",
            "description": "",
            "force_detach_policies": false,
            "id": "lambda_execution_role_goodbye-handler-ng",
            "inline_policy": [],
            "managed_policy_arns": [],
            "max_session_duration": 3600,
            "name": "lambda_execution_role_goodbye-handler-ng",
            "name_prefix": "",
            "path": "/",
            "permissions_boundary": null,
            "tags": null,
            "tags_all": {},
            "unique_id": "AROASINL55QSFFTN4EJVS"
          },
          "sensitive_attributes": [],
          "private": "bnVsbA=="
        },
        {
          "index_key": "goodbye-qa",
          "schema_version": 0,
          "attributes": {
            "arn": "arn:aws:iam::155516267556:role/lambda_execution_role_goodbye-handler-qa",
            "assume_role_policy": "{\"Statement\":[{\"Action\":\"sts:AssumeRole\",\"Effect\":\"Allow\",\"Principal\":{\"Service\":\"lambda.amazonaws.com\"},\"Sid\":\"\"}],\"Version\":\"2012-10-17\"}",
            "create_date": "2022-07-26T18:09:49Z",
            "description": "",
            "force_detach_policies": false,
            "id": "lambda_execution_role_goodbye-handler-qa",
            "inline_policy": [],
            "managed_policy_arns": [],
            "max_session_duration": 3600,
            "name": "lambda_execution_role_goodbye-handler-qa",
            "name_prefix": "",
            "path": "/",
            "permissions_boundary": null,
            "tags": null,
            "tags_all": {},
            "unique_id": "AROASINL55QSM6IN3LWZH"
          },
          "sensitive_attributes": [],
          "private": "bnVsbA=="
        },
        {
          "index_key": "goodbye-uat",
          "schema_version": 0,
          "attributes": {
            "arn": "arn:aws:iam::155516267556:role/lambda_execution_role_goodbye-handler-uat",
            "assume_role_policy": "{\"Statement\":[{\"Action\":\"sts:AssumeRole\",\"Effect\":\"Allow\",\"Principal\":{\"Service\":\"lambda.amazonaws.com\"},\"Sid\":\"\"}],\"Version\":\"2012-10-17\"}",
            "create_date": "2022-07-26T18:09:50Z",
            "description": "",
            "force_detach_policies": false,
            "id": "lambda_execution_role_goodbye-handler-uat",
            "inline_policy": [],
            "managed_policy_arns": [],
            "max_session_duration": 3600,
            "name": "lambda_execution_role_goodbye-handler-uat",
            "name_prefix": "",
            "path": "/",
            "permissions_boundary": null,
            "tags": null,
            "tags_all": {},
            "unique_id": "AROASINL55QSEPP346JEJ"
          },
          "sensitive_attributes": [],
          "private": "bnVsbA=="
        },
        {
          "index_key": "hello-dev",
          "schema_version": 0,
          "attributes": {
            "arn": "arn:aws:iam::155516267556:role/lambda_execution_role_hello-handler-dev",
            "assume_role_policy": "{\"Statement\":[{\"Action\":\"sts:AssumeRole\",\"Effect\":\"Allow\",\"Principal\":{\"Service\":\"lambda.amazonaws.com\"},\"Sid\":\"\"}],\"Version\":\"2012-10-17\"}",
            "create_date": "2022-07-26T18:09:50Z",
            "description": "",
            "force_detach_policies": false,
            "id": "lambda_execution_role_hello-handler-dev",
            "inline_policy": [],
            "managed_policy_arns": [],
            "max_session_duration": 3600,
            "name": "lambda_execution_role_hello-handler-dev",
            "name_prefix": "",
            "path": "/",
            "permissions_boundary": null,
            "tags": null,
            "tags_all": {},
            "unique_id": "AROASINL55QSF3S7L3CCO"
          },
          "sensitive_attributes": [],
          "private": "bnVsbA=="
        },
        {
          "index_key": "hello-ng",
          "schema_version": 0,
          "attributes": {
            "arn": "arn:aws:iam::155516267556:role/lambda_execution_role_hello-handler-ng",
            "assume_role_policy": "{\"Statement\":[{\"Action\":\"sts:AssumeRole\",\"Effect\":\"Allow\",\"Principal\":{\"Service\":\"lambda.amazonaws.com\"},\"Sid\":\"\"}],\"Version\":\"2012-10-17\"}",
            "create_date": "2022-07-26T18:09:50Z",
            "description": "",
            "force_detach_policies": false,
            "id": "lambda_execution_role_hello-handler-ng",
            "inline_policy": [],
            "managed_policy_arns": [],
            "max_session_duration": 3600,
            "name": "lambda_execution_role_hello-handler-ng",
            "name_prefix": "",
            "path": "/",
            "permissions_boundary": null,
            "tags": null,
            "tags_all": {},
            "unique_id": "AROASINL55QSO6AFBIVUX"
          },
          "sensitive_attributes": [],
          "private": "bnVsbA=="
        },
        {
          "index_key": "hello-qa",
          "schema_version": 0,
          "attributes": {
            "arn": "arn:aws:iam::155516267556:role/lambda_execution_role_hello-handler-qa",
            "assume_role_policy": "{\"Statement\":[{\"Action\":\"sts:AssumeRole\",\"Effect\":\"Allow\",\"Principal\":{\"Service\":\"lambda.amazonaws.com\"},\"Sid\":\"\"}],\"Version\":\"2012-10-17\"}",
            "create_date": "2022-07-26T18:09:49Z",
            "description": "",
            "force_detach_policies": false,
            "id": "lambda_execution_role_hello-handler-qa",
            "inline_policy": [],
            "managed_policy_arns": [],
            "max_session_duration": 3600,
            "name": "lambda_execution_role_hello-handler-qa",
            "name_prefix": "",
            "path": "/",
            "permissions_boundary": null,
            "tags": null,
            "tags_all": {},
            "unique_id": "AROASINL55QSDSZ5T7VUB"
          },
          "sensitive_attributes": [],
          "private": "bnVsbA=="
        },
        {
          "index_key": "hello-uat",
          "schema_version": 0,
          "attributes": {
            "arn": "arn:aws:iam::155516267556:role/lambda_execution_role_hello-handler-uat",
            "assume_role_policy": "{\"Statement\":[{\"Action\":\"sts:AssumeRole\",\"Effect\":\"Allow\",\"Principal\":{\"Service\":\"lambda.amazonaws.com\"},\"Sid\":\"\"}],\"Version\":\"2012-10-17\"}",
            "create_date": "2022-07-26T18:09:49Z",
            "description": "",
            "force_detach_policies": false,
            "id": "lambda_execution_role_hello-handler-uat",
            "inline_policy": [],
            "managed_policy_arns": [],
            "max_session_duration": 3600,
            "name": "lambda_execution_role_hello-handler-uat",
            "name_prefix": "",
            "path": "/",
            "permissions_boundary": null,
            "tags": null,
            "tags_all": {},
            "unique_id": "AROASINL55QSC5KPDQFG5"
          },
          "sensitive_attributes": [],
          "private": "bnVsbA=="
        }
      ]
    },
    {
      "module": "module.lambda_functions",
      "mode": "managed",
      "type": "aws_iam_role_policy_attachment",
      "name": "lambda_policy",
      "provider": "provider[\"registry.terraform.io/hashicorp/aws\"]",
      "instances": [
        {
          "index_key": "goodbye-dev",
          "schema_version": 0,
          "attributes": {
            "id": "lambda_execution_role_goodbye-handler-dev-20220726180951938600000006",
            "policy_arn": "arn:aws:iam::aws:policy/service-role/AWSLambdaBasicExecutionRole",
            "role": "lambda_execution_role_goodbye-handler-dev"
          },
          "sensitive_attributes": [],
          "private": "bnVsbA==",
          "dependencies": [
            "module.lambda_functions.aws_iam_role.lambda_execution_role"
          ]
        },
        {
          "index_key": "goodbye-ng",
          "schema_version": 0,
          "attributes": {
            "id": "lambda_execution_role_goodbye-handler-ng-20220726180951716800000003",
            "policy_arn": "arn:aws:iam::aws:policy/service-role/AWSLambdaBasicExecutionRole",
            "role": "lambda_execution_role_goodbye-handler-ng"
          },
          "sensitive_attributes": [],
          "private": "bnVsbA==",
          "dependencies": [
            "module.lambda_functions.aws_iam_role.lambda_execution_role"
          ]
        },
        {
          "index_key": "goodbye-qa",
          "schema_version": 0,
          "attributes": {
            "id": "lambda_execution_role_goodbye-handler-qa-20220726180951931500000005",
            "policy_arn": "arn:aws:iam::aws:policy/service-role/AWSLambdaBasicExecutionRole",
            "role": "lambda_execution_role_goodbye-handler-qa"
          },
          "sensitive_attributes": [],
          "private": "bnVsbA==",
          "dependencies": [
            "module.lambda_functions.aws_iam_role.lambda_execution_role"
          ]
        },
        {
          "index_key": "goodbye-uat",
          "schema_version": 0,
          "attributes": {
            "id": "lambda_execution_role_goodbye-handler-uat-20220726180951720400000004",
            "policy_arn": "arn:aws:iam::aws:policy/service-role/AWSLambdaBasicExecutionRole",
            "role": "lambda_execution_role_goodbye-handler-uat"
          },
          "sensitive_attributes": [],
          "private": "bnVsbA==",
          "dependencies": [
            "module.lambda_functions.aws_iam_role.lambda_execution_role"
          ]
        },
        {
          "index_key": "hello-dev",
          "schema_version": 0,
          "attributes": {
            "id": "lambda_execution_role_hello-handler-dev-20220726180952016500000008",
            "policy_arn": "arn:aws:iam::aws:policy/service-role/AWSLambdaBasicExecutionRole",
            "role": "lambda_execution_role_hello-handler-dev"
          },
          "sensitive_attributes": [],
          "private": "bnVsbA==",
          "dependencies": [
            "module.lambda_functions.aws_iam_role.lambda_execution_role"
          ]
        },
        {
          "index_key": "hello-ng",
          "schema_version": 0,
          "attributes": {
            "id": "lambda_execution_role_hello-handler-ng-20220726180951642700000002",
            "policy_arn": "arn:aws:iam::aws:policy/service-role/AWSLambdaBasicExecutionRole",
            "role": "lambda_execution_role_hello-handler-ng"
          },
          "sensitive_attributes": [],
          "private": "bnVsbA==",
          "dependencies": [
            "module.lambda_functions.aws_iam_role.lambda_execution_role"
          ]
        },
        {
          "index_key": "hello-qa",
          "schema_version": 0,
          "attributes": {
            "id": "lambda_execution_role_hello-handler-qa-20220726180952007700000007",
            "policy_arn": "arn:aws:iam::aws:policy/service-role/AWSLambdaBasicExecutionRole",
            "role": "lambda_execution_role_hello-handler-qa"
          },
          "sensitive_attributes": [],
          "private": "bnVsbA==",
          "dependencies": [
            "module.lambda_functions.aws_iam_role.lambda_execution_role"
          ]
        },
        {
          "index_key": "hello-uat",
          "schema_version": 0,
          "attributes": {
            "id": "lambda_execution_role_hello-handler-uat-20220726180951639400000001",
            "policy_arn": "arn:aws:iam::aws:policy/service-role/AWSLambdaBasicExecutionRole",
            "role": "lambda_execution_role_hello-handler-uat"
          },
          "sensitive_attributes": [],
          "private": "bnVsbA==",
          "dependencies": [
            "module.lambda_functions.aws_iam_role.lambda_execution_role"
          ]
        }
      ]
    },
    {
      "module": "module.lambda_functions",
      "mode": "managed",
      "type": "aws_lambda_function",
      "name": "lambda_function",
      "provider": "provider[\"registry.terraform.io/hashicorp/aws\"]",
      "instances": [
        {
          "index_key": "goodbye-dev",
          "schema_version": 0,
          "attributes": {
            "architectures": [
              "x86_64"
            ],
            "arn": "arn:aws:lambda:us-east-1:155516267556:function:goodbye-handler-dev",
            "code_signing_config_arn": "",
            "dead_letter_config": [],
            "description": "",
            "environment": [],
            "ephemeral_storage": [
              {
                "size": 512
              }
            ],
            "file_system_config": [],
            "filename": null,
            "function_name": "goodbye-handler-dev",
            "handler": "index.handler",
            "id": "goodbye-handler-dev",
            "image_config": [],
            "image_uri": "",
            "invoke_arn": "arn:aws:apigateway:us-east-1:lambda:path/2015-03-31/functions/arn:aws:lambda:us-east-1:155516267556:function:goodbye-handler-dev/invocations",
            "kms_key_arn": "",
            "last_modified": "2022-07-26T18:10:07.868+0000",
            "layers": null,
            "memory_size": 128,
            "package_type": "Zip",
            "publish": false,
            "qualified_arn": "arn:aws:lambda:us-east-1:155516267556:function:goodbye-handler-dev:$LATEST",
            "reserved_concurrent_executions": -1,
            "role": "arn:aws:iam::155516267556:role/lambda_execution_role_goodbye-handler-dev",
            "runtime": "nodejs16.x",
            "s3_bucket": "terraform-api-gateway-lambda-demo-logan-test-1",
            "s3_key": "goodbye.zip",
            "s3_object_version": null,
            "signing_job_arn": "",
            "signing_profile_version_arn": "",
            "source_code_hash": "E1W5XQtnsBaWDsLERfZnR4TAwoH3JJ/0OGF4/Pa7oUk=",
            "source_code_size": 330,
            "tags": null,
            "tags_all": {},
            "timeout": 3,
            "timeouts": null,
            "tracing_config": [
              {
                "mode": "PassThrough"
              }
            ],
            "version": "$LATEST",
            "vpc_config": []
          },
          "sensitive_attributes": [],
          "private": "eyJlMmJmYjczMC1lY2FhLTExZTYtOGY4OC0zNDM2M2JjN2M0YzAiOnsiY3JlYXRlIjo2MDAwMDAwMDAwMDB9fQ==",
          "dependencies": [
            "module.lambda_functions.aws_iam_role.lambda_execution_role",
            "module.lambda_functions.aws_s3_bucket.lambda_bucket",
            "module.lambda_functions.aws_s3_object.lambda_code",
            "module.lambda_functions.data.archive_file.lambda_code"
          ]
        },
        {
          "index_key": "goodbye-ng",
          "schema_version": 0,
          "attributes": {
            "architectures": [
              "x86_64"
            ],
            "arn": "arn:aws:lambda:us-east-1:155516267556:function:goodbye-handler-ng",
            "code_signing_config_arn": "",
            "dead_letter_config": [],
            "description": "",
            "environment": [],
            "ephemeral_storage": [
              {
                "size": 512
              }
            ],
            "file_system_config": [],
            "filename": null,
            "function_name": "goodbye-handler-ng",
            "handler": "index.handler",
            "id": "goodbye-handler-ng",
            "image_config": [],
            "image_uri": "",
            "invoke_arn": "arn:aws:apigateway:us-east-1:lambda:path/2015-03-31/functions/arn:aws:lambda:us-east-1:155516267556:function:goodbye-handler-ng/invocations",
            "kms_key_arn": "",
            "last_modified": "2022-07-26T18:10:00.332+0000",
            "layers": null,
            "memory_size": 128,
            "package_type": "Zip",
            "publish": false,
            "qualified_arn": "arn:aws:lambda:us-east-1:155516267556:function:goodbye-handler-ng:$LATEST",
            "reserved_concurrent_executions": -1,
            "role": "arn:aws:iam::155516267556:role/lambda_execution_role_goodbye-handler-ng",
            "runtime": "nodejs16.x",
            "s3_bucket": "terraform-api-gateway-lambda-demo-logan-test-1",
            "s3_key": "goodbye.zip",
            "s3_object_version": null,
            "signing_job_arn": "",
            "signing_profile_version_arn": "",
            "source_code_hash": "E1W5XQtnsBaWDsLERfZnR4TAwoH3JJ/0OGF4/Pa7oUk=",
            "source_code_size": 330,
            "tags": null,
            "tags_all": {},
            "timeout": 3,
            "timeouts": null,
            "tracing_config": [
              {
                "mode": "PassThrough"
              }
            ],
            "version": "$LATEST",
            "vpc_config": []
          },
          "sensitive_attributes": [],
          "private": "eyJlMmJmYjczMC1lY2FhLTExZTYtOGY4OC0zNDM2M2JjN2M0YzAiOnsiY3JlYXRlIjo2MDAwMDAwMDAwMDB9fQ==",
          "dependencies": [
            "module.lambda_functions.aws_iam_role.lambda_execution_role",
            "module.lambda_functions.aws_s3_bucket.lambda_bucket",
            "module.lambda_functions.aws_s3_object.lambda_code",
            "module.lambda_functions.data.archive_file.lambda_code"
          ]
        },
        {
          "index_key": "goodbye-qa",
          "schema_version": 0,
          "attributes": {
            "architectures": [
              "x86_64"
            ],
            "arn": "arn:aws:lambda:us-east-1:155516267556:function:goodbye-handler-qa",
            "code_signing_config_arn": "",
            "dead_letter_config": [],
            "description": "",
            "environment": [],
            "ephemeral_storage": [
              {
                "size": 512
              }
            ],
            "file_system_config": [],
            "filename": null,
            "function_name": "goodbye-handler-qa",
            "handler": "index.handler",
            "id": "goodbye-handler-qa",
            "image_config": [],
            "image_uri": "",
            "invoke_arn": "arn:aws:apigateway:us-east-1:lambda:path/2015-03-31/functions/arn:aws:lambda:us-east-1:155516267556:function:goodbye-handler-qa/invocations",
            "kms_key_arn": "",
            "last_modified": "2022-07-26T18:09:59.775+0000",
            "layers": null,
            "memory_size": 128,
            "package_type": "Zip",
            "publish": false,
            "qualified_arn": "arn:aws:lambda:us-east-1:155516267556:function:goodbye-handler-qa:$LATEST",
            "reserved_concurrent_executions": -1,
            "role": "arn:aws:iam::155516267556:role/lambda_execution_role_goodbye-handler-qa",
            "runtime": "nodejs16.x",
            "s3_bucket": "terraform-api-gateway-lambda-demo-logan-test-1",
            "s3_key": "goodbye.zip",
            "s3_object_version": null,
            "signing_job_arn": "",
            "signing_profile_version_arn": "",
            "source_code_hash": "E1W5XQtnsBaWDsLERfZnR4TAwoH3JJ/0OGF4/Pa7oUk=",
            "source_code_size": 330,
            "tags": null,
            "tags_all": {},
            "timeout": 3,
            "timeouts": null,
            "tracing_config": [
              {
                "mode": "PassThrough"
              }
            ],
            "version": "$LATEST",
            "vpc_config": []
          },
          "sensitive_attributes": [],
          "private": "eyJlMmJmYjczMC1lY2FhLTExZTYtOGY4OC0zNDM2M2JjN2M0YzAiOnsiY3JlYXRlIjo2MDAwMDAwMDAwMDB9fQ==",
          "dependencies": [
            "module.lambda_functions.aws_iam_role.lambda_execution_role",
            "module.lambda_functions.aws_s3_bucket.lambda_bucket",
            "module.lambda_functions.aws_s3_object.lambda_code",
            "module.lambda_functions.data.archive_file.lambda_code"
          ]
        },
        {
          "index_key": "goodbye-uat",
          "schema_version": 0,
          "attributes": {
            "architectures": [
              "x86_64"
            ],
            "arn": "arn:aws:lambda:us-east-1:155516267556:function:goodbye-handler-uat",
            "code_signing_config_arn": "",
            "dead_letter_config": [],
            "description": "",
            "environment": [],
            "ephemeral_storage": [
              {
                "size": 512
              }
            ],
            "file_system_config": [],
            "filename": null,
            "function_name": "goodbye-handler-uat",
            "handler": "index.handler",
            "id": "goodbye-handler-uat",
            "image_config": [],
            "image_uri": "",
            "invoke_arn": "arn:aws:apigateway:us-east-1:lambda:path/2015-03-31/functions/arn:aws:lambda:us-east-1:155516267556:function:goodbye-handler-uat/invocations",
            "kms_key_arn": "",
            "last_modified": "2022-07-26T18:09:59.865+0000",
            "layers": null,
            "memory_size": 128,
            "package_type": "Zip",
            "publish": false,
            "qualified_arn": "arn:aws:lambda:us-east-1:155516267556:function:goodbye-handler-uat:$LATEST",
            "reserved_concurrent_executions": -1,
            "role": "arn:aws:iam::155516267556:role/lambda_execution_role_goodbye-handler-uat",
            "runtime": "nodejs16.x",
            "s3_bucket": "terraform-api-gateway-lambda-demo-logan-test-1",
            "s3_key": "goodbye.zip",
            "s3_object_version": null,
            "signing_job_arn": "",
            "signing_profile_version_arn": "",
            "source_code_hash": "E1W5XQtnsBaWDsLERfZnR4TAwoH3JJ/0OGF4/Pa7oUk=",
            "source_code_size": 330,
            "tags": null,
            "tags_all": {},
            "timeout": 3,
            "timeouts": null,
            "tracing_config": [
              {
                "mode": "PassThrough"
              }
            ],
            "version": "$LATEST",
            "vpc_config": []
          },
          "sensitive_attributes": [],
          "private": "eyJlMmJmYjczMC1lY2FhLTExZTYtOGY4OC0zNDM2M2JjN2M0YzAiOnsiY3JlYXRlIjo2MDAwMDAwMDAwMDB9fQ==",
          "dependencies": [
            "module.lambda_functions.aws_iam_role.lambda_execution_role",
            "module.lambda_functions.aws_s3_bucket.lambda_bucket",
            "module.lambda_functions.aws_s3_object.lambda_code",
            "module.lambda_functions.data.archive_file.lambda_code"
          ]
        },
        {
          "index_key": "hello-dev",
          "schema_version": 0,
          "attributes": {
            "architectures": [
              "x86_64"
            ],
            "arn": "arn:aws:lambda:us-east-1:155516267556:function:hello-handler-dev",
            "code_signing_config_arn": "",
            "dead_letter_config": [],
            "description": "",
            "environment": [],
            "ephemeral_storage": [
              {
                "size": 512
              }
            ],
            "file_system_config": [],
            "filename": null,
            "function_name": "hello-handler-dev",
            "handler": "index.handler",
            "id": "hello-handler-dev",
            "image_config": [],
            "image_uri": "",
            "invoke_arn": "arn:aws:apigateway:us-east-1:lambda:path/2015-03-31/functions/arn:aws:lambda:us-east-1:155516267556:function:hello-handler-dev/invocations",
            "kms_key_arn": "",
            "last_modified": "2022-07-26T18:09:59.798+0000",
            "layers": null,
            "memory_size": 128,
            "package_type": "Zip",
            "publish": false,
            "qualified_arn": "arn:aws:lambda:us-east-1:155516267556:function:hello-handler-dev:$LATEST",
            "reserved_concurrent_executions": -1,
            "role": "arn:aws:iam::155516267556:role/lambda_execution_role_hello-handler-dev",
            "runtime": "nodejs16.x",
            "s3_bucket": "terraform-api-gateway-lambda-demo-logan-test-1",
            "s3_key": "hello.zip",
            "s3_object_version": null,
            "signing_job_arn": "",
            "signing_profile_version_arn": "",
            "source_code_hash": "qfmbFQ8dVwnKk0T3/vyz9+J2T81lkIPSq7c+9Lu0BlA=",
            "source_code_size": 328,
            "tags": null,
            "tags_all": {},
            "timeout": 3,
            "timeouts": null,
            "tracing_config": [
              {
                "mode": "PassThrough"
              }
            ],
            "version": "$LATEST",
            "vpc_config": []
          },
          "sensitive_attributes": [],
          "private": "eyJlMmJmYjczMC1lY2FhLTExZTYtOGY4OC0zNDM2M2JjN2M0YzAiOnsiY3JlYXRlIjo2MDAwMDAwMDAwMDB9fQ==",
          "dependencies": [
            "module.lambda_functions.aws_iam_role.lambda_execution_role",
            "module.lambda_functions.aws_s3_bucket.lambda_bucket",
            "module.lambda_functions.aws_s3_object.lambda_code",
            "module.lambda_functions.data.archive_file.lambda_code"
          ]
        },
        {
          "index_key": "hello-ng",
          "schema_version": 0,
          "attributes": {
            "architectures": [
              "x86_64"
            ],
            "arn": "arn:aws:lambda:us-east-1:155516267556:function:hello-handler-ng",
            "code_signing_config_arn": "",
            "dead_letter_config": [],
            "description": "",
            "environment": [],
            "ephemeral_storage": [
              {
                "size": 512
              }
            ],
            "file_system_config": [],
            "filename": null,
            "function_name": "hello-handler-ng",
            "handler": "index.handler",
            "id": "hello-handler-ng",
            "image_config": [],
            "image_uri": "",
            "invoke_arn": "arn:aws:apigateway:us-east-1:lambda:path/2015-03-31/functions/arn:aws:lambda:us-east-1:155516267556:function:hello-handler-ng/invocations",
            "kms_key_arn": "",
            "last_modified": "2022-07-26T18:10:07.907+0000",
            "layers": null,
            "memory_size": 128,
            "package_type": "Zip",
            "publish": false,
            "qualified_arn": "arn:aws:lambda:us-east-1:155516267556:function:hello-handler-ng:$LATEST",
            "reserved_concurrent_executions": -1,
            "role": "arn:aws:iam::155516267556:role/lambda_execution_role_hello-handler-ng",
            "runtime": "nodejs16.x",
            "s3_bucket": "terraform-api-gateway-lambda-demo-logan-test-1",
            "s3_key": "hello.zip",
            "s3_object_version": null,
            "signing_job_arn": "",
            "signing_profile_version_arn": "",
            "source_code_hash": "qfmbFQ8dVwnKk0T3/vyz9+J2T81lkIPSq7c+9Lu0BlA=",
            "source_code_size": 328,
            "tags": null,
            "tags_all": {},
            "timeout": 3,
            "timeouts": null,
            "tracing_config": [
              {
                "mode": "PassThrough"
              }
            ],
            "version": "$LATEST",
            "vpc_config": []
          },
          "sensitive_attributes": [],
          "private": "eyJlMmJmYjczMC1lY2FhLTExZTYtOGY4OC0zNDM2M2JjN2M0YzAiOnsiY3JlYXRlIjo2MDAwMDAwMDAwMDB9fQ==",
          "dependencies": [
            "module.lambda_functions.aws_iam_role.lambda_execution_role",
            "module.lambda_functions.aws_s3_bucket.lambda_bucket",
            "module.lambda_functions.aws_s3_object.lambda_code",
            "module.lambda_functions.data.archive_file.lambda_code"
          ]
        },
        {
          "index_key": "hello-qa",
          "schema_version": 0,
          "attributes": {
            "architectures": [
              "x86_64"
            ],
            "arn": "arn:aws:lambda:us-east-1:155516267556:function:hello-handler-qa",
            "code_signing_config_arn": "",
            "dead_letter_config": [],
            "description": "",
            "environment": [],
            "ephemeral_storage": [
              {
                "size": 512
              }
            ],
            "file_system_config": [],
            "filename": null,
            "function_name": "hello-handler-qa",
            "handler": "index.handler",
            "id": "hello-handler-qa",
            "image_config": [],
            "image_uri": "",
            "invoke_arn": "arn:aws:apigateway:us-east-1:lambda:path/2015-03-31/functions/arn:aws:lambda:us-east-1:155516267556:function:hello-handler-qa/invocations",
            "kms_key_arn": "",
            "last_modified": "2022-07-26T18:09:59.772+0000",
            "layers": null,
            "memory_size": 128,
            "package_type": "Zip",
            "publish": false,
            "qualified_arn": "arn:aws:lambda:us-east-1:155516267556:function:hello-handler-qa:$LATEST",
            "reserved_concurrent_executions": -1,
            "role": "arn:aws:iam::155516267556:role/lambda_execution_role_hello-handler-qa",
            "runtime": "nodejs16.x",
            "s3_bucket": "terraform-api-gateway-lambda-demo-logan-test-1",
            "s3_key": "hello.zip",
            "s3_object_version": null,
            "signing_job_arn": "",
            "signing_profile_version_arn": "",
            "source_code_hash": "qfmbFQ8dVwnKk0T3/vyz9+J2T81lkIPSq7c+9Lu0BlA=",
            "source_code_size": 328,
            "tags": null,
            "tags_all": {},
            "timeout": 3,
            "timeouts": null,
            "tracing_config": [
              {
                "mode": "PassThrough"
              }
            ],
            "version": "$LATEST",
            "vpc_config": []
          },
          "sensitive_attributes": [],
          "private": "eyJlMmJmYjczMC1lY2FhLTExZTYtOGY4OC0zNDM2M2JjN2M0YzAiOnsiY3JlYXRlIjo2MDAwMDAwMDAwMDB9fQ==",
          "dependencies": [
            "module.lambda_functions.aws_iam_role.lambda_execution_role",
            "module.lambda_functions.aws_s3_bucket.lambda_bucket",
            "module.lambda_functions.aws_s3_object.lambda_code",
            "module.lambda_functions.data.archive_file.lambda_code"
          ]
        },
        {
          "index_key": "hello-uat",
          "schema_version": 0,
          "attributes": {
            "architectures": [
              "x86_64"
            ],
            "arn": "arn:aws:lambda:us-east-1:155516267556:function:hello-handler-uat",
            "code_signing_config_arn": "",
            "dead_letter_config": [],
            "description": "",
            "environment": [],
            "ephemeral_storage": [
              {
                "size": 512
              }
            ],
            "file_system_config": [],
            "filename": null,
            "function_name": "hello-handler-uat",
            "handler": "index.handler",
            "id": "hello-handler-uat",
            "image_config": [],
            "image_uri": "",
            "invoke_arn": "arn:aws:apigateway:us-east-1:lambda:path/2015-03-31/functions/arn:aws:lambda:us-east-1:155516267556:function:hello-handler-uat/invocations",
            "kms_key_arn": "",
            "last_modified": "2022-07-26T18:10:00.292+0000",
            "layers": null,
            "memory_size": 128,
            "package_type": "Zip",
            "publish": false,
            "qualified_arn": "arn:aws:lambda:us-east-1:155516267556:function:hello-handler-uat:$LATEST",
            "reserved_concurrent_executions": -1,
            "role": "arn:aws:iam::155516267556:role/lambda_execution_role_hello-handler-uat",
            "runtime": "nodejs16.x",
            "s3_bucket": "terraform-api-gateway-lambda-demo-logan-test-1",
            "s3_key": "hello.zip",
            "s3_object_version": null,
            "signing_job_arn": "",
            "signing_profile_version_arn": "",
            "source_code_hash": "qfmbFQ8dVwnKk0T3/vyz9+J2T81lkIPSq7c+9Lu0BlA=",
            "source_code_size": 328,
            "tags": null,
            "tags_all": {},
            "timeout": 3,
            "timeouts": null,
            "tracing_config": [
              {
                "mode": "PassThrough"
              }
            ],
            "version": "$LATEST",
            "vpc_config": []
          },
          "sensitive_attributes": [],
          "private": "eyJlMmJmYjczMC1lY2FhLTExZTYtOGY4OC0zNDM2M2JjN2M0YzAiOnsiY3JlYXRlIjo2MDAwMDAwMDAwMDB9fQ==",
          "dependencies": [
            "module.lambda_functions.aws_iam_role.lambda_execution_role",
            "module.lambda_functions.aws_s3_bucket.lambda_bucket",
            "module.lambda_functions.aws_s3_object.lambda_code",
            "module.lambda_functions.data.archive_file.lambda_code"
          ]
        }
      ]
    },
    {
      "module": "module.lambda_functions",
      "mode": "managed",
      "type": "aws_s3_bucket",
      "name": "lambda_bucket",
      "provider": "provider[\"registry.terraform.io/hashicorp/aws\"]",
      "instances": [
        {
          "schema_version": 0,
          "attributes": {
            "acceleration_status": "",
            "acl": null,
            "arn": "arn:aws:s3:::terraform-api-gateway-lambda-demo-logan-test-1",
            "bucket": "terraform-api-gateway-lambda-demo-logan-test-1",
            "bucket_domain_name": "terraform-api-gateway-lambda-demo-logan-test-1.s3.amazonaws.com",
            "bucket_prefix": null,
            "bucket_regional_domain_name": "terraform-api-gateway-lambda-demo-logan-test-1.s3.amazonaws.com",
            "cors_rule": [],
            "force_destroy": false,
            "grant": [
              {
                "id": "647e1bdf65dd9fd8cd9c2735fa0b4c7b383f48e6f5bb59cd92b55dc48085bd89",
                "permissions": [
                  "FULL_CONTROL"
                ],
                "type": "CanonicalUser",
                "uri": ""
              }
            ],
            "hosted_zone_id": "Z3AQBSTGFYJSTF",
            "id": "terraform-api-gateway-lambda-demo-logan-test-1",
            "lifecycle_rule": [],
            "logging": [],
            "object_lock_configuration": [],
            "object_lock_enabled": false,
            "policy": "",
            "region": "us-east-1",
            "replication_configuration": [],
            "request_payer": "BucketOwner",
            "server_side_encryption_configuration": [],
            "tags": {},
            "tags_all": {},
            "versioning": [
              {
                "enabled": false,
                "mfa_delete": false
              }
            ],
            "website": [],
            "website_domain": null,
            "website_endpoint": null
          },
          "sensitive_attributes": [],
          "private": "bnVsbA=="
        }
      ]
    },
    {
      "module": "module.lambda_functions",
      "mode": "managed",
      "type": "aws_s3_bucket_acl",
      "name": "lambda_bucket_acl",
      "provider": "provider[\"registry.terraform.io/hashicorp/aws\"]",
      "instances": [
        {
          "schema_version": 0,
          "attributes": {
            "access_control_policy": [
              {
                "grant": [
                  {
                    "grantee": [
                      {
                        "display_name": "loganarn5",
                        "email_address": "",
                        "id": "647e1bdf65dd9fd8cd9c2735fa0b4c7b383f48e6f5bb59cd92b55dc48085bd89",
                        "type": "CanonicalUser",
                        "uri": ""
                      }
                    ],
                    "permission": "FULL_CONTROL"
                  }
                ],
                "owner": [
                  {
                    "display_name": "loganarn5",
                    "id": "647e1bdf65dd9fd8cd9c2735fa0b4c7b383f48e6f5bb59cd92b55dc48085bd89"
                  }
                ]
              }
            ],
            "acl": "private",
            "bucket": "terraform-api-gateway-lambda-demo-logan-test-1",
            "expected_bucket_owner": "",
            "id": "terraform-api-gateway-lambda-demo-logan-test-1,private"
          },
          "sensitive_attributes": [],
          "private": "bnVsbA==",
          "dependencies": [
            "module.lambda_functions.aws_s3_bucket.lambda_bucket"
          ]
        }
      ]
    },
    {
      "module": "module.lambda_functions",
      "mode": "managed",
      "type": "aws_s3_object",
      "name": "lambda_code",
      "provider": "provider[\"registry.terraform.io/hashicorp/aws\"]",
      "instances": [
        {
          "index_key": "goodbye-dev",
          "schema_version": 0,
          "attributes": {
            "acl": "private",
            "bucket": "terraform-api-gateway-lambda-demo-logan-test-1",
            "bucket_key_enabled": false,
            "cache_control": "",
            "content": null,
            "content_base64": null,
            "content_disposition": "",
            "content_encoding": "",
            "content_language": "",
            "content_type": "binary/octet-stream",
            "etag": "5be50170cfb621f1fab9ddf5a5d8c73d",
            "force_destroy": false,
            "id": "goodbye.zip",
            "key": "goodbye.zip",
            "kms_key_id": null,
            "metadata": null,
            "object_lock_legal_hold_status": "",
            "object_lock_mode": "",
            "object_lock_retain_until_date": "",
            "server_side_encryption": "",
            "source": "./../goodbye.zip",
            "source_hash": null,
            "storage_class": "STANDARD",
            "tags": null,
            "tags_all": {},
            "version_id": "",
            "website_redirect": ""
          },
          "sensitive_attributes": [],
          "private": "bnVsbA==",
          "dependencies": [
            "module.lambda_functions.aws_s3_bucket.lambda_bucket",
            "module.lambda_functions.data.archive_file.lambda_code"
          ]
        },
        {
          "index_key": "goodbye-ng",
          "schema_version": 0,
          "attributes": {
            "acl": "private",
            "bucket": "terraform-api-gateway-lambda-demo-logan-test-1",
            "bucket_key_enabled": false,
            "cache_control": "",
            "content": null,
            "content_base64": null,
            "content_disposition": "",
            "content_encoding": "",
            "content_language": "",
            "content_type": "binary/octet-stream",
            "etag": "5be50170cfb621f1fab9ddf5a5d8c73d",
            "force_destroy": false,
            "id": "goodbye.zip",
            "key": "goodbye.zip",
            "kms_key_id": null,
            "metadata": null,
            "object_lock_legal_hold_status": "",
            "object_lock_mode": "",
            "object_lock_retain_until_date": "",
            "server_side_encryption": "",
            "source": "./../goodbye.zip",
            "source_hash": null,
            "storage_class": "STANDARD",
            "tags": null,
            "tags_all": {},
            "version_id": "",
            "website_redirect": ""
          },
          "sensitive_attributes": [],
          "private": "bnVsbA==",
          "dependencies": [
            "module.lambda_functions.aws_s3_bucket.lambda_bucket",
            "module.lambda_functions.data.archive_file.lambda_code"
          ]
        },
        {
          "index_key": "goodbye-qa",
          "schema_version": 0,
          "attributes": {
            "acl": "private",
            "bucket": "terraform-api-gateway-lambda-demo-logan-test-1",
            "bucket_key_enabled": false,
            "cache_control": "",
            "content": null,
            "content_base64": null,
            "content_disposition": "",
            "content_encoding": "",
            "content_language": "",
            "content_type": "binary/octet-stream",
            "etag": "5be50170cfb621f1fab9ddf5a5d8c73d",
            "force_destroy": false,
            "id": "goodbye.zip",
            "key": "goodbye.zip",
            "kms_key_id": null,
            "metadata": null,
            "object_lock_legal_hold_status": "",
            "object_lock_mode": "",
            "object_lock_retain_until_date": "",
            "server_side_encryption": "",
            "source": "./../goodbye.zip",
            "source_hash": null,
            "storage_class": "STANDARD",
            "tags": null,
            "tags_all": {},
            "version_id": "",
            "website_redirect": ""
          },
          "sensitive_attributes": [],
          "private": "bnVsbA==",
          "dependencies": [
            "module.lambda_functions.aws_s3_bucket.lambda_bucket",
            "module.lambda_functions.data.archive_file.lambda_code"
          ]
        },
        {
          "index_key": "goodbye-uat",
          "schema_version": 0,
          "attributes": {
            "acl": "private",
            "bucket": "terraform-api-gateway-lambda-demo-logan-test-1",
            "bucket_key_enabled": false,
            "cache_control": "",
            "content": null,
            "content_base64": null,
            "content_disposition": "",
            "content_encoding": "",
            "content_language": "",
            "content_type": "binary/octet-stream",
            "etag": "5be50170cfb621f1fab9ddf5a5d8c73d",
            "force_destroy": false,
            "id": "goodbye.zip",
            "key": "goodbye.zip",
            "kms_key_id": null,
            "metadata": null,
            "object_lock_legal_hold_status": "",
            "object_lock_mode": "",
            "object_lock_retain_until_date": "",
            "server_side_encryption": "",
            "source": "./../goodbye.zip",
            "source_hash": null,
            "storage_class": "STANDARD",
            "tags": null,
            "tags_all": {},
            "version_id": "",
            "website_redirect": ""
          },
          "sensitive_attributes": [],
          "private": "bnVsbA==",
          "dependencies": [
            "module.lambda_functions.aws_s3_bucket.lambda_bucket",
            "module.lambda_functions.data.archive_file.lambda_code"
          ]
        },
        {
          "index_key": "hello-dev",
          "schema_version": 0,
          "attributes": {
            "acl": "private",
            "bucket": "terraform-api-gateway-lambda-demo-logan-test-1",
            "bucket_key_enabled": false,
            "cache_control": "",
            "content": null,
            "content_base64": null,
            "content_disposition": "",
            "content_encoding": "",
            "content_language": "",
            "content_type": "binary/octet-stream",
            "etag": "0d0f4d31dfc8e9f5eafb9e60779b250b",
            "force_destroy": false,
            "id": "hello.zip",
            "key": "hello.zip",
            "kms_key_id": null,
            "metadata": null,
            "object_lock_legal_hold_status": "",
            "object_lock_mode": "",
            "object_lock_retain_until_date": "",
            "server_side_encryption": "",
            "source": "./../hello.zip",
            "source_hash": null,
            "storage_class": "STANDARD",
            "tags": null,
            "tags_all": {},
            "version_id": "",
            "website_redirect": ""
          },
          "sensitive_attributes": [],
          "private": "bnVsbA==",
          "dependencies": [
            "module.lambda_functions.aws_s3_bucket.lambda_bucket",
            "module.lambda_functions.data.archive_file.lambda_code"
          ]
        },
        {
          "index_key": "hello-ng",
          "schema_version": 0,
          "attributes": {
            "acl": "private",
            "bucket": "terraform-api-gateway-lambda-demo-logan-test-1",
            "bucket_key_enabled": false,
            "cache_control": "",
            "content": null,
            "content_base64": null,
            "content_disposition": "",
            "content_encoding": "",
            "content_language": "",
            "content_type": "binary/octet-stream",
            "etag": "0d0f4d31dfc8e9f5eafb9e60779b250b",
            "force_destroy": false,
            "id": "hello.zip",
            "key": "hello.zip",
            "kms_key_id": null,
            "metadata": null,
            "object_lock_legal_hold_status": "",
            "object_lock_mode": "",
            "object_lock_retain_until_date": "",
            "server_side_encryption": "",
            "source": "./../hello.zip",
            "source_hash": null,
            "storage_class": "STANDARD",
            "tags": null,
            "tags_all": {},
            "version_id": "",
            "website_redirect": ""
          },
          "sensitive_attributes": [],
          "private": "bnVsbA==",
          "dependencies": [
            "module.lambda_functions.aws_s3_bucket.lambda_bucket",
            "module.lambda_functions.data.archive_file.lambda_code"
          ]
        },
        {
          "index_key": "hello-qa",
          "schema_version": 0,
          "attributes": {
            "acl": "private",
            "bucket": "terraform-api-gateway-lambda-demo-logan-test-1",
            "bucket_key_enabled": false,
            "cache_control": "",
            "content": null,
            "content_base64": null,
            "content_disposition": "",
            "content_encoding": "",
            "content_language": "",
            "content_type": "binary/octet-stream",
            "etag": "0d0f4d31dfc8e9f5eafb9e60779b250b",
            "force_destroy": false,
            "id": "hello.zip",
            "key": "hello.zip",
            "kms_key_id": null,
            "metadata": null,
            "object_lock_legal_hold_status": "",
            "object_lock_mode": "",
            "object_lock_retain_until_date": "",
            "server_side_encryption": "",
            "source": "./../hello.zip",
            "source_hash": null,
            "storage_class": "STANDARD",
            "tags": null,
            "tags_all": {},
            "version_id": "",
            "website_redirect": ""
          },
          "sensitive_attributes": [],
          "private": "bnVsbA==",
          "dependencies": [
            "module.lambda_functions.aws_s3_bucket.lambda_bucket",
            "module.lambda_functions.data.archive_file.lambda_code"
          ]
        },
        {
          "index_key": "hello-uat",
          "schema_version": 0,
          "attributes": {
            "acl": "private",
            "bucket": "terraform-api-gateway-lambda-demo-logan-test-1",
            "bucket_key_enabled": false,
            "cache_control": "",
            "content": null,
            "content_base64": null,
            "content_disposition": "",
            "content_encoding": "",
            "content_language": "",
            "content_type": "binary/octet-stream",
            "etag": "0d0f4d31dfc8e9f5eafb9e60779b250b",
            "force_destroy": false,
            "id": "hello.zip",
            "key": "hello.zip",
            "kms_key_id": null,
            "metadata": null,
            "object_lock_legal_hold_status": "",
            "object_lock_mode": "",
            "object_lock_retain_until_date": "",
            "server_side_encryption": "",
            "source": "./../hello.zip",
            "source_hash": null,
            "storage_class": "STANDARD",
            "tags": null,
            "tags_all": {},
            "version_id": "",
            "website_redirect": ""
          },
          "sensitive_attributes": [],
          "private": "bnVsbA==",
          "dependencies": [
            "module.lambda_functions.aws_s3_bucket.lambda_bucket",
            "module.lambda_functions.data.archive_file.lambda_code"
          ]
        }
      ]
    }
  ]
}
