{
  "version": 4,
  "terraform_version": "1.2.6",
  "serial": 674,
  "lineage": "e1c4347a-064c-4f01-f91f-1d87abf50003",
  "outputs": {},
  "resources": [
    {
      "module": "module.api_gateway",
      "mode": "managed",
      "type": "aws_api_gateway_deployment",
      "name": "rest_api_deployment",
      "provider": "provider[\"registry.terraform.io/hashicorp/aws\"]",
      "instances": []
    },
    {
      "module": "module.api_gateway",
      "mode": "managed",
      "type": "aws_api_gateway_integration",
      "name": "rest_api_get_method_integration",
      "provider": "provider[\"registry.terraform.io/hashicorp/aws\"]",
      "instances": []
    },
    {
      "module": "module.api_gateway",
      "mode": "managed",
      "type": "aws_api_gateway_integration",
      "name": "rest_api_get_method_integration_child",
      "provider": "provider[\"registry.terraform.io/hashicorp/aws\"]",
      "instances": []
    },
    {
      "module": "module.api_gateway",
      "mode": "managed",
      "type": "aws_api_gateway_integration_response",
      "name": "rest_api_get_method_integration_response_200",
      "provider": "provider[\"registry.terraform.io/hashicorp/aws\"]",
      "instances": []
    },
    {
      "module": "module.api_gateway",
      "mode": "managed",
      "type": "aws_api_gateway_integration_response",
      "name": "rest_api_get_method_integration_response_200_child",
      "provider": "provider[\"registry.terraform.io/hashicorp/aws\"]",
      "instances": []
    },
    {
      "module": "module.api_gateway",
      "mode": "managed",
      "type": "aws_api_gateway_method",
      "name": "rest_api_get_method",
      "provider": "provider[\"registry.terraform.io/hashicorp/aws\"]",
      "instances": []
    },
    {
      "module": "module.api_gateway",
      "mode": "managed",
      "type": "aws_api_gateway_method",
      "name": "rest_api_get_method_child",
      "provider": "provider[\"registry.terraform.io/hashicorp/aws\"]",
      "instances": []
    },
    {
      "module": "module.api_gateway",
      "mode": "managed",
      "type": "aws_api_gateway_method_response",
      "name": "rest_api_get_method_response_200",
      "provider": "provider[\"registry.terraform.io/hashicorp/aws\"]",
      "instances": []
    },
    {
      "module": "module.api_gateway",
      "mode": "managed",
      "type": "aws_api_gateway_method_response",
      "name": "rest_api_get_method_response_200_child",
      "provider": "provider[\"registry.terraform.io/hashicorp/aws\"]",
      "instances": []
    },
    {
      "module": "module.api_gateway",
      "mode": "managed",
      "type": "aws_api_gateway_resource",
      "name": "rest_api_resource",
      "provider": "provider[\"registry.terraform.io/hashicorp/aws\"]",
      "instances": [
        {
          "index_key": "goodbye-ng",
          "schema_version": 0,
          "attributes": {
            "id": "4733nf",
            "parent_id": "6g68ysf04l",
            "path": "/goodbye",
            "path_part": "goodbye",
            "rest_api_id": "2igs09l2di"
          },
          "sensitive_attributes": [],
          "private": "bnVsbA==",
          "dependencies": [
            "module.api_gateway.aws_api_gateway_rest_api.rest_api",
            "module.lambda_functions.aws_cloudwatch_log_group.lambda_log_group",
            "module.lambda_functions.aws_cloudwatch_log_group.lambda_log_group_child",
            "module.lambda_functions.aws_iam_role.lambda_execution_role",
            "module.lambda_functions.aws_iam_role.lambda_execution_role_child",
            "module.lambda_functions.aws_iam_role_policy_attachment.lambda_policy",
            "module.lambda_functions.aws_iam_role_policy_attachment.lambda_policy_child",
            "module.lambda_functions.aws_lambda_function.lambda_function",
            "module.lambda_functions.aws_lambda_function.lambda_function_child",
            "module.lambda_functions.aws_s3_bucket.lambda_bucket",
            "module.lambda_functions.aws_s3_bucket_acl.lambda_bucket_acl",
            "module.lambda_functions.aws_s3_object.lambda_code",
            "module.lambda_functions.aws_s3_object.lambda_code_child",
            "module.lambda_functions.data.archive_file.lambda_code",
            "module.lambda_functions.data.archive_file.lambda_code_child"
          ]
        },
        {
          "index_key": "hello-dev",
          "schema_version": 0,
          "attributes": {
            "id": "v293v1",
            "parent_id": "6g68ysf04l",
            "path": "/hello",
            "path_part": "hello",
            "rest_api_id": "2igs09l2di"
          },
          "sensitive_attributes": [],
          "private": "bnVsbA==",
          "dependencies": [
            "module.api_gateway.aws_api_gateway_rest_api.rest_api",
            "module.lambda_functions.aws_cloudwatch_log_group.lambda_log_group",
            "module.lambda_functions.aws_cloudwatch_log_group.lambda_log_group_child",
            "module.lambda_functions.aws_iam_role.lambda_execution_role",
            "module.lambda_functions.aws_iam_role.lambda_execution_role_child",
            "module.lambda_functions.aws_iam_role_policy_attachment.lambda_policy",
            "module.lambda_functions.aws_iam_role_policy_attachment.lambda_policy_child",
            "module.lambda_functions.aws_lambda_function.lambda_function",
            "module.lambda_functions.aws_lambda_function.lambda_function_child",
            "module.lambda_functions.aws_s3_bucket.lambda_bucket",
            "module.lambda_functions.aws_s3_bucket_acl.lambda_bucket_acl",
            "module.lambda_functions.aws_s3_object.lambda_code",
            "module.lambda_functions.aws_s3_object.lambda_code_child",
            "module.lambda_functions.data.archive_file.lambda_code",
            "module.lambda_functions.data.archive_file.lambda_code_child"
          ]
        },
        {
          "index_key": "hello-qa",
          "schema_version": 0,
          "attributes": {
            "id": "c2xnr8",
            "parent_id": "6g68ysf04l",
            "path": "/hello",
            "path_part": "hello",
            "rest_api_id": "2igs09l2di"
          },
          "sensitive_attributes": [],
          "private": "bnVsbA==",
          "dependencies": [
            "module.api_gateway.aws_api_gateway_rest_api.rest_api",
            "module.lambda_functions.aws_cloudwatch_log_group.lambda_log_group",
            "module.lambda_functions.aws_cloudwatch_log_group.lambda_log_group_child",
            "module.lambda_functions.aws_iam_role.lambda_execution_role",
            "module.lambda_functions.aws_iam_role.lambda_execution_role_child",
            "module.lambda_functions.aws_iam_role_policy_attachment.lambda_policy",
            "module.lambda_functions.aws_iam_role_policy_attachment.lambda_policy_child",
            "module.lambda_functions.aws_lambda_function.lambda_function",
            "module.lambda_functions.aws_lambda_function.lambda_function_child",
            "module.lambda_functions.aws_s3_bucket.lambda_bucket",
            "module.lambda_functions.aws_s3_bucket_acl.lambda_bucket_acl",
            "module.lambda_functions.aws_s3_object.lambda_code",
            "module.lambda_functions.aws_s3_object.lambda_code_child",
            "module.lambda_functions.data.archive_file.lambda_code",
            "module.lambda_functions.data.archive_file.lambda_code_child"
          ]
        },
        {
          "index_key": "hello-uat",
          "schema_version": 0,
          "attributes": {
            "id": "sh6mbd",
            "parent_id": "6g68ysf04l",
            "path": "/hello",
            "path_part": "hello",
            "rest_api_id": "2igs09l2di"
          },
          "sensitive_attributes": [],
          "private": "bnVsbA==",
          "dependencies": [
            "module.api_gateway.aws_api_gateway_rest_api.rest_api",
            "module.lambda_functions.aws_cloudwatch_log_group.lambda_log_group",
            "module.lambda_functions.aws_cloudwatch_log_group.lambda_log_group_child",
            "module.lambda_functions.aws_iam_role.lambda_execution_role",
            "module.lambda_functions.aws_iam_role.lambda_execution_role_child",
            "module.lambda_functions.aws_iam_role_policy_attachment.lambda_policy",
            "module.lambda_functions.aws_iam_role_policy_attachment.lambda_policy_child",
            "module.lambda_functions.aws_lambda_function.lambda_function",
            "module.lambda_functions.aws_lambda_function.lambda_function_child",
            "module.lambda_functions.aws_s3_bucket.lambda_bucket",
            "module.lambda_functions.aws_s3_bucket_acl.lambda_bucket_acl",
            "module.lambda_functions.aws_s3_object.lambda_code",
            "module.lambda_functions.aws_s3_object.lambda_code_child",
            "module.lambda_functions.data.archive_file.lambda_code",
            "module.lambda_functions.data.archive_file.lambda_code_child"
          ]
        },
        {
          "index_key": "users-dev",
          "status": "tainted",
          "schema_version": 0,
          "attributes": {
            "id": "hjioyr",
            "parent_id": "6g68ysf04l",
            "path": null,
            "path_part": "users",
            "rest_api_id": "2igs09l2di"
          },
          "sensitive_attributes": [],
          "private": "bnVsbA==",
          "dependencies": [
            "module.api_gateway.aws_api_gateway_rest_api.rest_api",
            "module.lambda_functions.aws_cloudwatch_log_group.lambda_log_group",
            "module.lambda_functions.aws_cloudwatch_log_group.lambda_log_group_child",
            "module.lambda_functions.aws_iam_role.lambda_execution_role",
            "module.lambda_functions.aws_iam_role.lambda_execution_role_child",
            "module.lambda_functions.aws_iam_role_policy_attachment.lambda_policy",
            "module.lambda_functions.aws_iam_role_policy_attachment.lambda_policy_child",
            "module.lambda_functions.aws_lambda_function.lambda_function",
            "module.lambda_functions.aws_lambda_function.lambda_function_child",
            "module.lambda_functions.aws_s3_bucket.lambda_bucket",
            "module.lambda_functions.aws_s3_bucket_acl.lambda_bucket_acl",
            "module.lambda_functions.aws_s3_object.lambda_code",
            "module.lambda_functions.aws_s3_object.lambda_code_child",
            "module.lambda_functions.data.archive_file.lambda_code",
            "module.lambda_functions.data.archive_file.lambda_code_child"
          ]
        },
        {
          "index_key": "users-uat",
          "schema_version": 0,
          "attributes": {
            "id": "bcvz71",
            "parent_id": "6g68ysf04l",
            "path": "/users",
            "path_part": "users",
            "rest_api_id": "2igs09l2di"
          },
          "sensitive_attributes": [],
          "private": "bnVsbA==",
          "dependencies": [
            "module.api_gateway.aws_api_gateway_rest_api.rest_api",
            "module.lambda_functions.aws_cloudwatch_log_group.lambda_log_group",
            "module.lambda_functions.aws_cloudwatch_log_group.lambda_log_group_child",
            "module.lambda_functions.aws_iam_role.lambda_execution_role",
            "module.lambda_functions.aws_iam_role.lambda_execution_role_child",
            "module.lambda_functions.aws_iam_role_policy_attachment.lambda_policy",
            "module.lambda_functions.aws_iam_role_policy_attachment.lambda_policy_child",
            "module.lambda_functions.aws_lambda_function.lambda_function",
            "module.lambda_functions.aws_lambda_function.lambda_function_child",
            "module.lambda_functions.aws_s3_bucket.lambda_bucket",
            "module.lambda_functions.aws_s3_bucket_acl.lambda_bucket_acl",
            "module.lambda_functions.aws_s3_object.lambda_code",
            "module.lambda_functions.aws_s3_object.lambda_code_child",
            "module.lambda_functions.data.archive_file.lambda_code",
            "module.lambda_functions.data.archive_file.lambda_code_child"
          ]
        }
      ]
    },
    {
      "module": "module.api_gateway",
      "mode": "managed",
      "type": "aws_api_gateway_resource",
      "name": "rest_api_resource_child",
      "provider": "provider[\"registry.terraform.io/hashicorp/aws\"]",
      "instances": []
    },
    {
      "module": "module.api_gateway",
      "mode": "managed",
      "type": "aws_api_gateway_rest_api",
      "name": "rest_api",
      "provider": "provider[\"registry.terraform.io/hashicorp/aws\"]",
      "instances": [
        {
          "schema_version": 0,
          "attributes": {
            "api_key_source": "HEADER",
            "arn": "arn:aws:apigateway:us-east-1::/restapis/2igs09l2di",
            "binary_media_types": [],
            "body": null,
            "created_date": "2022-08-31T11:40:32Z",
            "description": "",
            "disable_execute_api_endpoint": false,
            "endpoint_configuration": [
              {
                "types": [
                  "EDGE"
                ],
                "vpc_endpoint_ids": []
              }
            ],
            "execution_arn": "arn:aws:execute-api:us-east-1:155516267556:2igs09l2di",
            "id": "2igs09l2di",
            "minimum_compression_size": -1,
            "name": "terraform-api-gateway-example",
            "parameters": null,
            "policy": "",
            "root_resource_id": "6g68ysf04l",
            "tags": null,
            "tags_all": {}
          },
          "sensitive_attributes": [],
          "private": "bnVsbA==",
          "dependencies": [
            "module.lambda_functions.aws_cloudwatch_log_group.lambda_log_group",
            "module.lambda_functions.aws_cloudwatch_log_group.lambda_log_group_child",
            "module.lambda_functions.aws_iam_role.lambda_execution_role",
            "module.lambda_functions.aws_iam_role.lambda_execution_role_child",
            "module.lambda_functions.aws_iam_role_policy_attachment.lambda_policy",
            "module.lambda_functions.aws_iam_role_policy_attachment.lambda_policy_child",
            "module.lambda_functions.aws_lambda_function.lambda_function",
            "module.lambda_functions.aws_lambda_function.lambda_function_child",
            "module.lambda_functions.aws_s3_bucket.lambda_bucket",
            "module.lambda_functions.aws_s3_bucket_acl.lambda_bucket_acl",
            "module.lambda_functions.aws_s3_object.lambda_code",
            "module.lambda_functions.aws_s3_object.lambda_code_child",
            "module.lambda_functions.data.archive_file.lambda_code",
            "module.lambda_functions.data.archive_file.lambda_code_child"
          ]
        }
      ]
    },
    {
      "module": "module.api_gateway",
      "mode": "managed",
      "type": "aws_api_gateway_stage",
      "name": "rest_api_stage",
      "provider": "provider[\"registry.terraform.io/hashicorp/aws\"]",
      "instances": []
    },
    {
      "module": "module.api_gateway",
      "mode": "managed",
      "type": "aws_lambda_permission",
      "name": "api_gateway_lambda",
      "provider": "provider[\"registry.terraform.io/hashicorp/aws\"]",
      "instances": []
    },
    {
      "module": "module.api_gateway",
      "mode": "managed",
      "type": "aws_lambda_permission",
      "name": "api_gateway_lambda_child",
      "provider": "provider[\"registry.terraform.io/hashicorp/aws\"]",
      "instances": []
    },
    {
      "module": "module.lambda_functions",
      "mode": "data",
      "type": "archive_file",
      "name": "lambda_code",
      "provider": "provider[\"registry.terraform.io/hashicorp/archive\"]",
      "instances": [
        {
          "index_key": "goodbye-dev",
          "schema_version": 0,
          "attributes": {
            "excludes": null,
            "id": "cd06565eb0a56911ff65b43f44c28c3b43ca432c",
            "output_base64sha256": "E1W5XQtnsBaWDsLERfZnR4TAwoH3JJ/0OGF4/Pa7oUk=",
            "output_file_mode": null,
            "output_md5": "5be50170cfb621f1fab9ddf5a5d8c73d",
            "output_path": "./../goodbye.zip",
            "output_sha": "cd06565eb0a56911ff65b43f44c28c3b43ca432c",
            "output_size": 330,
            "source": [],
            "source_content": null,
            "source_content_filename": null,
            "source_dir": "./../handlers/goodbye",
            "source_file": null,
            "type": "zip"
          },
          "sensitive_attributes": []
        },
        {
          "index_key": "goodbye-ng",
          "schema_version": 0,
          "attributes": {
            "excludes": null,
            "id": "cd06565eb0a56911ff65b43f44c28c3b43ca432c",
            "output_base64sha256": "E1W5XQtnsBaWDsLERfZnR4TAwoH3JJ/0OGF4/Pa7oUk=",
            "output_file_mode": null,
            "output_md5": "5be50170cfb621f1fab9ddf5a5d8c73d",
            "output_path": "./../goodbye.zip",
            "output_sha": "cd06565eb0a56911ff65b43f44c28c3b43ca432c",
            "output_size": 330,
            "source": [],
            "source_content": null,
            "source_content_filename": null,
            "source_dir": "./../handlers/goodbye",
            "source_file": null,
            "type": "zip"
          },
          "sensitive_attributes": []
        },
        {
          "index_key": "goodbye-qa",
          "schema_version": 0,
          "attributes": {
            "excludes": null,
            "id": "cd06565eb0a56911ff65b43f44c28c3b43ca432c",
            "output_base64sha256": "E1W5XQtnsBaWDsLERfZnR4TAwoH3JJ/0OGF4/Pa7oUk=",
            "output_file_mode": null,
            "output_md5": "5be50170cfb621f1fab9ddf5a5d8c73d",
            "output_path": "./../goodbye.zip",
            "output_sha": "cd06565eb0a56911ff65b43f44c28c3b43ca432c",
            "output_size": 330,
            "source": [],
            "source_content": null,
            "source_content_filename": null,
            "source_dir": "./../handlers/goodbye",
            "source_file": null,
            "type": "zip"
          },
          "sensitive_attributes": []
        },
        {
          "index_key": "goodbye-uat",
          "schema_version": 0,
          "attributes": {
            "excludes": null,
            "id": "cd06565eb0a56911ff65b43f44c28c3b43ca432c",
            "output_base64sha256": "E1W5XQtnsBaWDsLERfZnR4TAwoH3JJ/0OGF4/Pa7oUk=",
            "output_file_mode": null,
            "output_md5": "5be50170cfb621f1fab9ddf5a5d8c73d",
            "output_path": "./../goodbye.zip",
            "output_sha": "cd06565eb0a56911ff65b43f44c28c3b43ca432c",
            "output_size": 330,
            "source": [],
            "source_content": null,
            "source_content_filename": null,
            "source_dir": "./../handlers/goodbye",
            "source_file": null,
            "type": "zip"
          },
          "sensitive_attributes": []
        },
        {
          "index_key": "hello-dev",
          "schema_version": 0,
          "attributes": {
            "excludes": null,
            "id": "a99fdfb5da55c200f3b66931fab4a66baa6084e0",
            "output_base64sha256": "qfmbFQ8dVwnKk0T3/vyz9+J2T81lkIPSq7c+9Lu0BlA=",
            "output_file_mode": null,
            "output_md5": "0d0f4d31dfc8e9f5eafb9e60779b250b",
            "output_path": "./../hello.zip",
            "output_sha": "a99fdfb5da55c200f3b66931fab4a66baa6084e0",
            "output_size": 328,
            "source": [],
            "source_content": null,
            "source_content_filename": null,
            "source_dir": "./../handlers/hello",
            "source_file": null,
            "type": "zip"
          },
          "sensitive_attributes": []
        },
        {
          "index_key": "hello-ng",
          "schema_version": 0,
          "attributes": {
            "excludes": null,
            "id": "a99fdfb5da55c200f3b66931fab4a66baa6084e0",
            "output_base64sha256": "qfmbFQ8dVwnKk0T3/vyz9+J2T81lkIPSq7c+9Lu0BlA=",
            "output_file_mode": null,
            "output_md5": "0d0f4d31dfc8e9f5eafb9e60779b250b",
            "output_path": "./../hello.zip",
            "output_sha": "a99fdfb5da55c200f3b66931fab4a66baa6084e0",
            "output_size": 328,
            "source": [],
            "source_content": null,
            "source_content_filename": null,
            "source_dir": "./../handlers/hello",
            "source_file": null,
            "type": "zip"
          },
          "sensitive_attributes": []
        },
        {
          "index_key": "hello-qa",
          "schema_version": 0,
          "attributes": {
            "excludes": null,
            "id": "a99fdfb5da55c200f3b66931fab4a66baa6084e0",
            "output_base64sha256": "qfmbFQ8dVwnKk0T3/vyz9+J2T81lkIPSq7c+9Lu0BlA=",
            "output_file_mode": null,
            "output_md5": "0d0f4d31dfc8e9f5eafb9e60779b250b",
            "output_path": "./../hello.zip",
            "output_sha": "a99fdfb5da55c200f3b66931fab4a66baa6084e0",
            "output_size": 328,
            "source": [],
            "source_content": null,
            "source_content_filename": null,
            "source_dir": "./../handlers/hello",
            "source_file": null,
            "type": "zip"
          },
          "sensitive_attributes": []
        },
        {
          "index_key": "hello-uat",
          "schema_version": 0,
          "attributes": {
            "excludes": null,
            "id": "a99fdfb5da55c200f3b66931fab4a66baa6084e0",
            "output_base64sha256": "qfmbFQ8dVwnKk0T3/vyz9+J2T81lkIPSq7c+9Lu0BlA=",
            "output_file_mode": null,
            "output_md5": "0d0f4d31dfc8e9f5eafb9e60779b250b",
            "output_path": "./../hello.zip",
            "output_sha": "a99fdfb5da55c200f3b66931fab4a66baa6084e0",
            "output_size": 328,
            "source": [],
            "source_content": null,
            "source_content_filename": null,
            "source_dir": "./../handlers/hello",
            "source_file": null,
            "type": "zip"
          },
          "sensitive_attributes": []
        },
        {
          "index_key": "users-dev",
          "schema_version": 0,
          "attributes": {
            "excludes": null,
            "id": "ed174a6c810b1ee4e5ba42210d7979dbef5f7a80",
            "output_base64sha256": "5+E2HsnqA3/lvLv7w0CFVjc0RNbBlF353Ou9P2d3Pyg=",
            "output_file_mode": null,
            "output_md5": "b0d650aee81836ce738b924a08be777a",
            "output_path": "./../users.zip",
            "output_sha": "ed174a6c810b1ee4e5ba42210d7979dbef5f7a80",
            "output_size": 328,
            "source": [],
            "source_content": null,
            "source_content_filename": null,
            "source_dir": "./../handlers/users",
            "source_file": null,
            "type": "zip"
          },
          "sensitive_attributes": []
        },
        {
          "index_key": "users-ng",
          "schema_version": 0,
          "attributes": {
            "excludes": null,
            "id": "ed174a6c810b1ee4e5ba42210d7979dbef5f7a80",
            "output_base64sha256": "5+E2HsnqA3/lvLv7w0CFVjc0RNbBlF353Ou9P2d3Pyg=",
            "output_file_mode": null,
            "output_md5": "b0d650aee81836ce738b924a08be777a",
            "output_path": "./../users.zip",
            "output_sha": "ed174a6c810b1ee4e5ba42210d7979dbef5f7a80",
            "output_size": 328,
            "source": [],
            "source_content": null,
            "source_content_filename": null,
            "source_dir": "./../handlers/users",
            "source_file": null,
            "type": "zip"
          },
          "sensitive_attributes": []
        },
        {
          "index_key": "users-qa",
          "schema_version": 0,
          "attributes": {
            "excludes": null,
            "id": "ed174a6c810b1ee4e5ba42210d7979dbef5f7a80",
            "output_base64sha256": "5+E2HsnqA3/lvLv7w0CFVjc0RNbBlF353Ou9P2d3Pyg=",
            "output_file_mode": null,
            "output_md5": "b0d650aee81836ce738b924a08be777a",
            "output_path": "./../users.zip",
            "output_sha": "ed174a6c810b1ee4e5ba42210d7979dbef5f7a80",
            "output_size": 328,
            "source": [],
            "source_content": null,
            "source_content_filename": null,
            "source_dir": "./../handlers/users",
            "source_file": null,
            "type": "zip"
          },
          "sensitive_attributes": []
        },
        {
          "index_key": "users-uat",
          "schema_version": 0,
          "attributes": {
            "excludes": null,
            "id": "ed174a6c810b1ee4e5ba42210d7979dbef5f7a80",
            "output_base64sha256": "5+E2HsnqA3/lvLv7w0CFVjc0RNbBlF353Ou9P2d3Pyg=",
            "output_file_mode": null,
            "output_md5": "b0d650aee81836ce738b924a08be777a",
            "output_path": "./../users.zip",
            "output_sha": "ed174a6c810b1ee4e5ba42210d7979dbef5f7a80",
            "output_size": 328,
            "source": [],
            "source_content": null,
            "source_content_filename": null,
            "source_dir": "./../handlers/users",
            "source_file": null,
            "type": "zip"
          },
          "sensitive_attributes": []
        }
      ]
    },
    {
      "module": "module.lambda_functions",
      "mode": "data",
      "type": "archive_file",
      "name": "lambda_code_child",
      "provider": "provider[\"registry.terraform.io/hashicorp/archive\"]",
      "instances": [
        {
          "index_key": "userId-dev",
          "schema_version": 0,
          "attributes": {
            "excludes": null,
            "id": "80af1fda7980ef0ceccfbaf994f4ff884e470e95",
            "output_base64sha256": "70h1P2w1H4DI3C+mL/TdGkbNRL7wEdGpsOSOnxThid8=",
            "output_file_mode": null,
            "output_md5": "70b4474d22cb0a0ba9f1b71ca745e8a3",
            "output_path": "./../userId.zip",
            "output_sha": "80af1fda7980ef0ceccfbaf994f4ff884e470e95",
            "output_size": 330,
            "source": [],
            "source_content": null,
            "source_content_filename": null,
            "source_dir": "./../handlers/userId",
            "source_file": null,
            "type": "zip"
          },
          "sensitive_attributes": []
        },
        {
          "index_key": "userId-ng",
          "schema_version": 0,
          "attributes": {
            "excludes": null,
            "id": "80af1fda7980ef0ceccfbaf994f4ff884e470e95",
            "output_base64sha256": "70h1P2w1H4DI3C+mL/TdGkbNRL7wEdGpsOSOnxThid8=",
            "output_file_mode": null,
            "output_md5": "70b4474d22cb0a0ba9f1b71ca745e8a3",
            "output_path": "./../userId.zip",
            "output_sha": "80af1fda7980ef0ceccfbaf994f4ff884e470e95",
            "output_size": 330,
            "source": [],
            "source_content": null,
            "source_content_filename": null,
            "source_dir": "./../handlers/userId",
            "source_file": null,
            "type": "zip"
          },
          "sensitive_attributes": []
        },
        {
          "index_key": "userId-qa",
          "schema_version": 0,
          "attributes": {
            "excludes": null,
            "id": "80af1fda7980ef0ceccfbaf994f4ff884e470e95",
            "output_base64sha256": "70h1P2w1H4DI3C+mL/TdGkbNRL7wEdGpsOSOnxThid8=",
            "output_file_mode": null,
            "output_md5": "70b4474d22cb0a0ba9f1b71ca745e8a3",
            "output_path": "./../userId.zip",
            "output_sha": "80af1fda7980ef0ceccfbaf994f4ff884e470e95",
            "output_size": 330,
            "source": [],
            "source_content": null,
            "source_content_filename": null,
            "source_dir": "./../handlers/userId",
            "source_file": null,
            "type": "zip"
          },
          "sensitive_attributes": []
        },
        {
          "index_key": "userId-uat",
          "schema_version": 0,
          "attributes": {
            "excludes": null,
            "id": "80af1fda7980ef0ceccfbaf994f4ff884e470e95",
            "output_base64sha256": "70h1P2w1H4DI3C+mL/TdGkbNRL7wEdGpsOSOnxThid8=",
            "output_file_mode": null,
            "output_md5": "70b4474d22cb0a0ba9f1b71ca745e8a3",
            "output_path": "./../userId.zip",
            "output_sha": "80af1fda7980ef0ceccfbaf994f4ff884e470e95",
            "output_size": 330,
            "source": [],
            "source_content": null,
            "source_content_filename": null,
            "source_dir": "./../handlers/userId",
            "source_file": null,
            "type": "zip"
          },
          "sensitive_attributes": []
        }
      ]
    },
    {
      "module": "module.lambda_functions",
      "mode": "managed",
      "type": "aws_cloudwatch_log_group",
      "name": "lambda_log_group",
      "provider": "provider[\"registry.terraform.io/hashicorp/aws\"]",
      "instances": [
        {
          "index_key": "goodbye-dev",
          "schema_version": 0,
          "attributes": {
            "arn": "arn:aws:logs:us-east-1:155516267556:log-group:/aws/lambda/goodbye-handler-dev",
            "id": "/aws/lambda/goodbye-handler-dev",
            "kms_key_id": "",
            "name": "/aws/lambda/goodbye-handler-dev",
            "name_prefix": null,
            "retention_in_days": 7,
            "tags": null,
            "tags_all": {}
          },
          "sensitive_attributes": [],
          "private": "bnVsbA=="
        },
        {
          "index_key": "goodbye-ng",
          "schema_version": 0,
          "attributes": {
            "arn": "arn:aws:logs:us-east-1:155516267556:log-group:/aws/lambda/goodbye-handler-ng",
            "id": "/aws/lambda/goodbye-handler-ng",
            "kms_key_id": "",
            "name": "/aws/lambda/goodbye-handler-ng",
            "name_prefix": null,
            "retention_in_days": 7,
            "tags": null,
            "tags_all": {}
          },
          "sensitive_attributes": [],
          "private": "bnVsbA=="
        },
        {
          "index_key": "goodbye-qa",
          "schema_version": 0,
          "attributes": {
            "arn": "arn:aws:logs:us-east-1:155516267556:log-group:/aws/lambda/goodbye-handler-qa",
            "id": "/aws/lambda/goodbye-handler-qa",
            "kms_key_id": "",
            "name": "/aws/lambda/goodbye-handler-qa",
            "name_prefix": null,
            "retention_in_days": 7,
            "tags": null,
            "tags_all": {}
          },
          "sensitive_attributes": [],
          "private": "bnVsbA=="
        },
        {
          "index_key": "goodbye-uat",
          "schema_version": 0,
          "attributes": {
            "arn": "arn:aws:logs:us-east-1:155516267556:log-group:/aws/lambda/goodbye-handler-uat",
            "id": "/aws/lambda/goodbye-handler-uat",
            "kms_key_id": "",
            "name": "/aws/lambda/goodbye-handler-uat",
            "name_prefix": null,
            "retention_in_days": 7,
            "tags": null,
            "tags_all": {}
          },
          "sensitive_attributes": [],
          "private": "bnVsbA=="
        },
        {
          "index_key": "hello-dev",
          "schema_version": 0,
          "attributes": {
            "arn": "arn:aws:logs:us-east-1:155516267556:log-group:/aws/lambda/hello-handler-dev",
            "id": "/aws/lambda/hello-handler-dev",
            "kms_key_id": "",
            "name": "/aws/lambda/hello-handler-dev",
            "name_prefix": null,
            "retention_in_days": 7,
            "tags": null,
            "tags_all": {}
          },
          "sensitive_attributes": [],
          "private": "bnVsbA=="
        },
        {
          "index_key": "hello-ng",
          "schema_version": 0,
          "attributes": {
            "arn": "arn:aws:logs:us-east-1:155516267556:log-group:/aws/lambda/hello-handler-ng",
            "id": "/aws/lambda/hello-handler-ng",
            "kms_key_id": "",
            "name": "/aws/lambda/hello-handler-ng",
            "name_prefix": null,
            "retention_in_days": 7,
            "tags": null,
            "tags_all": {}
          },
          "sensitive_attributes": [],
          "private": "bnVsbA=="
        },
        {
          "index_key": "hello-qa",
          "schema_version": 0,
          "attributes": {
            "arn": "arn:aws:logs:us-east-1:155516267556:log-group:/aws/lambda/hello-handler-qa",
            "id": "/aws/lambda/hello-handler-qa",
            "kms_key_id": "",
            "name": "/aws/lambda/hello-handler-qa",
            "name_prefix": null,
            "retention_in_days": 7,
            "tags": null,
            "tags_all": {}
          },
          "sensitive_attributes": [],
          "private": "bnVsbA=="
        },
        {
          "index_key": "hello-uat",
          "schema_version": 0,
          "attributes": {
            "arn": "arn:aws:logs:us-east-1:155516267556:log-group:/aws/lambda/hello-handler-uat",
            "id": "/aws/lambda/hello-handler-uat",
            "kms_key_id": "",
            "name": "/aws/lambda/hello-handler-uat",
            "name_prefix": null,
            "retention_in_days": 7,
            "tags": null,
            "tags_all": {}
          },
          "sensitive_attributes": [],
          "private": "bnVsbA=="
        },
        {
          "index_key": "users-dev",
          "schema_version": 0,
          "attributes": {
            "arn": "arn:aws:logs:us-east-1:155516267556:log-group:/aws/lambda/users-handler-dev",
            "id": "/aws/lambda/users-handler-dev",
            "kms_key_id": "",
            "name": "/aws/lambda/users-handler-dev",
            "name_prefix": null,
            "retention_in_days": 7,
            "tags": null,
            "tags_all": {}
          },
          "sensitive_attributes": [],
          "private": "bnVsbA=="
        },
        {
          "index_key": "users-ng",
          "schema_version": 0,
          "attributes": {
            "arn": "arn:aws:logs:us-east-1:155516267556:log-group:/aws/lambda/users-handler-ng",
            "id": "/aws/lambda/users-handler-ng",
            "kms_key_id": "",
            "name": "/aws/lambda/users-handler-ng",
            "name_prefix": null,
            "retention_in_days": 7,
            "tags": null,
            "tags_all": {}
          },
          "sensitive_attributes": [],
          "private": "bnVsbA=="
        },
        {
          "index_key": "users-qa",
          "schema_version": 0,
          "attributes": {
            "arn": "arn:aws:logs:us-east-1:155516267556:log-group:/aws/lambda/users-handler-qa",
            "id": "/aws/lambda/users-handler-qa",
            "kms_key_id": "",
            "name": "/aws/lambda/users-handler-qa",
            "name_prefix": null,
            "retention_in_days": 7,
            "tags": null,
            "tags_all": {}
          },
          "sensitive_attributes": [],
          "private": "bnVsbA=="
        },
        {
          "index_key": "users-uat",
          "schema_version": 0,
          "attributes": {
            "arn": "arn:aws:logs:us-east-1:155516267556:log-group:/aws/lambda/users-handler-uat",
            "id": "/aws/lambda/users-handler-uat",
            "kms_key_id": "",
            "name": "/aws/lambda/users-handler-uat",
            "name_prefix": null,
            "retention_in_days": 7,
            "tags": null,
            "tags_all": {}
          },
          "sensitive_attributes": [],
          "private": "bnVsbA=="
        }
      ]
    },
    {
      "module": "module.lambda_functions",
      "mode": "managed",
      "type": "aws_cloudwatch_log_group",
      "name": "lambda_log_group_child",
      "provider": "provider[\"registry.terraform.io/hashicorp/aws\"]",
      "instances": [
        {
          "index_key": "userId-dev",
          "schema_version": 0,
          "attributes": {
            "arn": "arn:aws:logs:us-east-1:155516267556:log-group:/aws/lambda/userId-handler-dev",
            "id": "/aws/lambda/userId-handler-dev",
            "kms_key_id": "",
            "name": "/aws/lambda/userId-handler-dev",
            "name_prefix": null,
            "retention_in_days": 7,
            "tags": null,
            "tags_all": {}
          },
          "sensitive_attributes": [],
          "private": "bnVsbA=="
        },
        {
          "index_key": "userId-ng",
          "schema_version": 0,
          "attributes": {
            "arn": "arn:aws:logs:us-east-1:155516267556:log-group:/aws/lambda/userId-handler-ng",
            "id": "/aws/lambda/userId-handler-ng",
            "kms_key_id": "",
            "name": "/aws/lambda/userId-handler-ng",
            "name_prefix": null,
            "retention_in_days": 7,
            "tags": null,
            "tags_all": {}
          },
          "sensitive_attributes": [],
          "private": "bnVsbA=="
        },
        {
          "index_key": "userId-qa",
          "schema_version": 0,
          "attributes": {
            "arn": "arn:aws:logs:us-east-1:155516267556:log-group:/aws/lambda/userId-handler-qa",
            "id": "/aws/lambda/userId-handler-qa",
            "kms_key_id": "",
            "name": "/aws/lambda/userId-handler-qa",
            "name_prefix": null,
            "retention_in_days": 7,
            "tags": null,
            "tags_all": {}
          },
          "sensitive_attributes": [],
          "private": "bnVsbA=="
        },
        {
          "index_key": "userId-uat",
          "schema_version": 0,
          "attributes": {
            "arn": "arn:aws:logs:us-east-1:155516267556:log-group:/aws/lambda/userId-handler-uat",
            "id": "/aws/lambda/userId-handler-uat",
            "kms_key_id": "",
            "name": "/aws/lambda/userId-handler-uat",
            "name_prefix": null,
            "retention_in_days": 7,
            "tags": null,
            "tags_all": {}
          },
          "sensitive_attributes": [],
          "private": "bnVsbA=="
        }
      ]
    },
    {
      "module": "module.lambda_functions",
      "mode": "managed",
      "type": "aws_iam_role",
      "name": "lambda_execution_role",
      "provider": "provider[\"registry.terraform.io/hashicorp/aws\"]",
      "instances": [
        {
          "index_key": "goodbye-dev",
          "schema_version": 0,
          "attributes": {
            "arn": "arn:aws:iam::155516267556:role/lambda_execution_role_goodbye-handler-dev",
            "assume_role_policy": "{\"Statement\":[{\"Action\":\"sts:AssumeRole\",\"Effect\":\"Allow\",\"Principal\":{\"Service\":\"lambda.amazonaws.com\"},\"Sid\":\"\"}],\"Version\":\"2012-10-17\"}",
            "create_date": "2022-08-31T11:39:58Z",
            "description": "",
            "force_detach_policies": false,
            "id": "lambda_execution_role_goodbye-handler-dev",
            "inline_policy": [],
            "managed_policy_arns": [],
            "max_session_duration": 3600,
            "name": "lambda_execution_role_goodbye-handler-dev",
            "name_prefix": "",
            "path": "/",
            "permissions_boundary": null,
            "tags": null,
            "tags_all": {},
            "unique_id": "AROASINL55QSBYKDBGLTL"
          },
          "sensitive_attributes": [],
          "private": "bnVsbA=="
        },
        {
          "index_key": "goodbye-ng",
          "schema_version": 0,
          "attributes": {
            "arn": "arn:aws:iam::155516267556:role/lambda_execution_role_goodbye-handler-ng",
            "assume_role_policy": "{\"Statement\":[{\"Action\":\"sts:AssumeRole\",\"Effect\":\"Allow\",\"Principal\":{\"Service\":\"lambda.amazonaws.com\"},\"Sid\":\"\"}],\"Version\":\"2012-10-17\"}",
            "create_date": "2022-08-31T11:39:58Z",
            "description": "",
            "force_detach_policies": false,
            "id": "lambda_execution_role_goodbye-handler-ng",
            "inline_policy": [],
            "managed_policy_arns": [],
            "max_session_duration": 3600,
            "name": "lambda_execution_role_goodbye-handler-ng",
            "name_prefix": "",
            "path": "/",
            "permissions_boundary": null,
            "tags": null,
            "tags_all": {},
            "unique_id": "AROASINL55QSLSUJYSANN"
          },
          "sensitive_attributes": [],
          "private": "bnVsbA=="
        },
        {
          "index_key": "goodbye-qa",
          "schema_version": 0,
          "attributes": {
            "arn": "arn:aws:iam::155516267556:role/lambda_execution_role_goodbye-handler-qa",
            "assume_role_policy": "{\"Statement\":[{\"Action\":\"sts:AssumeRole\",\"Effect\":\"Allow\",\"Principal\":{\"Service\":\"lambda.amazonaws.com\"},\"Sid\":\"\"}],\"Version\":\"2012-10-17\"}",
            "create_date": "2022-08-31T11:39:57Z",
            "description": "",
            "force_detach_policies": false,
            "id": "lambda_execution_role_goodbye-handler-qa",
            "inline_policy": [],
            "managed_policy_arns": [],
            "max_session_duration": 3600,
            "name": "lambda_execution_role_goodbye-handler-qa",
            "name_prefix": "",
            "path": "/",
            "permissions_boundary": null,
            "tags": null,
            "tags_all": {},
            "unique_id": "AROASINL55QSHDUHYNBVS"
          },
          "sensitive_attributes": [],
          "private": "bnVsbA=="
        },
        {
          "index_key": "goodbye-uat",
          "schema_version": 0,
          "attributes": {
            "arn": "arn:aws:iam::155516267556:role/lambda_execution_role_goodbye-handler-uat",
            "assume_role_policy": "{\"Statement\":[{\"Action\":\"sts:AssumeRole\",\"Effect\":\"Allow\",\"Principal\":{\"Service\":\"lambda.amazonaws.com\"},\"Sid\":\"\"}],\"Version\":\"2012-10-17\"}",
            "create_date": "2022-08-31T11:39:58Z",
            "description": "",
            "force_detach_policies": false,
            "id": "lambda_execution_role_goodbye-handler-uat",
            "inline_policy": [],
            "managed_policy_arns": [],
            "max_session_duration": 3600,
            "name": "lambda_execution_role_goodbye-handler-uat",
            "name_prefix": "",
            "path": "/",
            "permissions_boundary": null,
            "tags": null,
            "tags_all": {},
            "unique_id": "AROASINL55QSLF7TK2XLQ"
          },
          "sensitive_attributes": [],
          "private": "bnVsbA=="
        },
        {
          "index_key": "hello-dev",
          "schema_version": 0,
          "attributes": {
            "arn": "arn:aws:iam::155516267556:role/lambda_execution_role_hello-handler-dev",
            "assume_role_policy": "{\"Statement\":[{\"Action\":\"sts:AssumeRole\",\"Effect\":\"Allow\",\"Principal\":{\"Service\":\"lambda.amazonaws.com\"},\"Sid\":\"\"}],\"Version\":\"2012-10-17\"}",
            "create_date": "2022-08-31T11:39:58Z",
            "description": "",
            "force_detach_policies": false,
            "id": "lambda_execution_role_hello-handler-dev",
            "inline_policy": [],
            "managed_policy_arns": [],
            "max_session_duration": 3600,
            "name": "lambda_execution_role_hello-handler-dev",
            "name_prefix": "",
            "path": "/",
            "permissions_boundary": null,
            "tags": null,
            "tags_all": {},
            "unique_id": "AROASINL55QSPNFVESQB5"
          },
          "sensitive_attributes": [],
          "private": "bnVsbA=="
        },
        {
          "index_key": "hello-ng",
          "schema_version": 0,
          "attributes": {
            "arn": "arn:aws:iam::155516267556:role/lambda_execution_role_hello-handler-ng",
            "assume_role_policy": "{\"Statement\":[{\"Action\":\"sts:AssumeRole\",\"Effect\":\"Allow\",\"Principal\":{\"Service\":\"lambda.amazonaws.com\"},\"Sid\":\"\"}],\"Version\":\"2012-10-17\"}",
            "create_date": "2022-08-31T11:39:58Z",
            "description": "",
            "force_detach_policies": false,
            "id": "lambda_execution_role_hello-handler-ng",
            "inline_policy": [],
            "managed_policy_arns": [],
            "max_session_duration": 3600,
            "name": "lambda_execution_role_hello-handler-ng",
            "name_prefix": "",
            "path": "/",
            "permissions_boundary": null,
            "tags": null,
            "tags_all": {},
            "unique_id": "AROASINL55QSDH76FELAR"
          },
          "sensitive_attributes": [],
          "private": "bnVsbA=="
        },
        {
          "index_key": "hello-qa",
          "schema_version": 0,
          "attributes": {
            "arn": "arn:aws:iam::155516267556:role/lambda_execution_role_hello-handler-qa",
            "assume_role_policy": "{\"Statement\":[{\"Action\":\"sts:AssumeRole\",\"Effect\":\"Allow\",\"Principal\":{\"Service\":\"lambda.amazonaws.com\"},\"Sid\":\"\"}],\"Version\":\"2012-10-17\"}",
            "create_date": "2022-08-31T11:39:58Z",
            "description": "",
            "force_detach_policies": false,
            "id": "lambda_execution_role_hello-handler-qa",
            "inline_policy": [],
            "managed_policy_arns": [],
            "max_session_duration": 3600,
            "name": "lambda_execution_role_hello-handler-qa",
            "name_prefix": "",
            "path": "/",
            "permissions_boundary": null,
            "tags": null,
            "tags_all": {},
            "unique_id": "AROASINL55QSMBHTJO4XU"
          },
          "sensitive_attributes": [],
          "private": "bnVsbA=="
        },
        {
          "index_key": "hello-uat",
          "schema_version": 0,
          "attributes": {
            "arn": "arn:aws:iam::155516267556:role/lambda_execution_role_hello-handler-uat",
            "assume_role_policy": "{\"Statement\":[{\"Action\":\"sts:AssumeRole\",\"Effect\":\"Allow\",\"Principal\":{\"Service\":\"lambda.amazonaws.com\"},\"Sid\":\"\"}],\"Version\":\"2012-10-17\"}",
            "create_date": "2022-08-31T11:39:57Z",
            "description": "",
            "force_detach_policies": false,
            "id": "lambda_execution_role_hello-handler-uat",
            "inline_policy": [],
            "managed_policy_arns": [],
            "max_session_duration": 3600,
            "name": "lambda_execution_role_hello-handler-uat",
            "name_prefix": "",
            "path": "/",
            "permissions_boundary": null,
            "tags": null,
            "tags_all": {},
            "unique_id": "AROASINL55QSFES3U3IPU"
          },
          "sensitive_attributes": [],
          "private": "bnVsbA=="
        },
        {
          "index_key": "users-dev",
          "schema_version": 0,
          "attributes": {
            "arn": "arn:aws:iam::155516267556:role/lambda_execution_role_users-handler-dev",
            "assume_role_policy": "{\"Statement\":[{\"Action\":\"sts:AssumeRole\",\"Effect\":\"Allow\",\"Principal\":{\"Service\":\"lambda.amazonaws.com\"},\"Sid\":\"\"}],\"Version\":\"2012-10-17\"}",
            "create_date": "2022-08-31T11:39:57Z",
            "description": "",
            "force_detach_policies": false,
            "id": "lambda_execution_role_users-handler-dev",
            "inline_policy": [],
            "managed_policy_arns": [],
            "max_session_duration": 3600,
            "name": "lambda_execution_role_users-handler-dev",
            "name_prefix": "",
            "path": "/",
            "permissions_boundary": null,
            "tags": null,
            "tags_all": {},
            "unique_id": "AROASINL55QSGQYFFKFCV"
          },
          "sensitive_attributes": [],
          "private": "bnVsbA=="
        },
        {
          "index_key": "users-ng",
          "schema_version": 0,
          "attributes": {
            "arn": "arn:aws:iam::155516267556:role/lambda_execution_role_users-handler-ng",
            "assume_role_policy": "{\"Statement\":[{\"Action\":\"sts:AssumeRole\",\"Effect\":\"Allow\",\"Principal\":{\"Service\":\"lambda.amazonaws.com\"},\"Sid\":\"\"}],\"Version\":\"2012-10-17\"}",
            "create_date": "2022-08-31T11:39:58Z",
            "description": "",
            "force_detach_policies": false,
            "id": "lambda_execution_role_users-handler-ng",
            "inline_policy": [],
            "managed_policy_arns": [],
            "max_session_duration": 3600,
            "name": "lambda_execution_role_users-handler-ng",
            "name_prefix": "",
            "path": "/",
            "permissions_boundary": null,
            "tags": null,
            "tags_all": {},
            "unique_id": "AROASINL55QSBIAY4KHJL"
          },
          "sensitive_attributes": [],
          "private": "bnVsbA=="
        },
        {
          "index_key": "users-qa",
          "schema_version": 0,
          "attributes": {
            "arn": "arn:aws:iam::155516267556:role/lambda_execution_role_users-handler-qa",
            "assume_role_policy": "{\"Statement\":[{\"Action\":\"sts:AssumeRole\",\"Effect\":\"Allow\",\"Principal\":{\"Service\":\"lambda.amazonaws.com\"},\"Sid\":\"\"}],\"Version\":\"2012-10-17\"}",
            "create_date": "2022-08-31T11:39:57Z",
            "description": "",
            "force_detach_policies": false,
            "id": "lambda_execution_role_users-handler-qa",
            "inline_policy": [],
            "managed_policy_arns": [],
            "max_session_duration": 3600,
            "name": "lambda_execution_role_users-handler-qa",
            "name_prefix": "",
            "path": "/",
            "permissions_boundary": null,
            "tags": null,
            "tags_all": {},
            "unique_id": "AROASINL55QSMFDMLIIVZ"
          },
          "sensitive_attributes": [],
          "private": "bnVsbA=="
        },
        {
          "index_key": "users-uat",
          "schema_version": 0,
          "attributes": {
            "arn": "arn:aws:iam::155516267556:role/lambda_execution_role_users-handler-uat",
            "assume_role_policy": "{\"Statement\":[{\"Action\":\"sts:AssumeRole\",\"Effect\":\"Allow\",\"Principal\":{\"Service\":\"lambda.amazonaws.com\"},\"Sid\":\"\"}],\"Version\":\"2012-10-17\"}",
            "create_date": "2022-08-31T11:39:57Z",
            "description": "",
            "force_detach_policies": false,
            "id": "lambda_execution_role_users-handler-uat",
            "inline_policy": [],
            "managed_policy_arns": [],
            "max_session_duration": 3600,
            "name": "lambda_execution_role_users-handler-uat",
            "name_prefix": "",
            "path": "/",
            "permissions_boundary": null,
            "tags": null,
            "tags_all": {},
            "unique_id": "AROASINL55QSDNH6VZK3O"
          },
          "sensitive_attributes": [],
          "private": "bnVsbA=="
        }
      ]
    },
    {
      "module": "module.lambda_functions",
      "mode": "managed",
      "type": "aws_iam_role",
      "name": "lambda_execution_role_child",
      "provider": "provider[\"registry.terraform.io/hashicorp/aws\"]",
      "instances": [
        {
          "index_key": "userId-dev",
          "schema_version": 0,
          "attributes": {
            "arn": "arn:aws:iam::155516267556:role/lambda_execution_role_child_userId-handler-dev",
            "assume_role_policy": "{\"Statement\":[{\"Action\":\"sts:AssumeRole\",\"Effect\":\"Allow\",\"Principal\":{\"Service\":\"lambda.amazonaws.com\"},\"Sid\":\"\"}],\"Version\":\"2012-10-17\"}",
            "create_date": "2022-08-31T11:39:57Z",
            "description": "",
            "force_detach_policies": false,
            "id": "lambda_execution_role_child_userId-handler-dev",
            "inline_policy": [],
            "managed_policy_arns": [],
            "max_session_duration": 3600,
            "name": "lambda_execution_role_child_userId-handler-dev",
            "name_prefix": "",
            "path": "/",
            "permissions_boundary": null,
            "tags": null,
            "tags_all": {},
            "unique_id": "AROASINL55QSN4QS2Y7LC"
          },
          "sensitive_attributes": [],
          "private": "bnVsbA=="
        },
        {
          "index_key": "userId-ng",
          "schema_version": 0,
          "attributes": {
            "arn": "arn:aws:iam::155516267556:role/lambda_execution_role_child_userId-handler-ng",
            "assume_role_policy": "{\"Statement\":[{\"Action\":\"sts:AssumeRole\",\"Effect\":\"Allow\",\"Principal\":{\"Service\":\"lambda.amazonaws.com\"},\"Sid\":\"\"}],\"Version\":\"2012-10-17\"}",
            "create_date": "2022-08-31T11:39:57Z",
            "description": "",
            "force_detach_policies": false,
            "id": "lambda_execution_role_child_userId-handler-ng",
            "inline_policy": [],
            "managed_policy_arns": [],
            "max_session_duration": 3600,
            "name": "lambda_execution_role_child_userId-handler-ng",
            "name_prefix": "",
            "path": "/",
            "permissions_boundary": null,
            "tags": null,
            "tags_all": {},
            "unique_id": "AROASINL55QSHIJ243DTB"
          },
          "sensitive_attributes": [],
          "private": "bnVsbA=="
        },
        {
          "index_key": "userId-qa",
          "schema_version": 0,
          "attributes": {
            "arn": "arn:aws:iam::155516267556:role/lambda_execution_role_child_userId-handler-qa",
            "assume_role_policy": "{\"Statement\":[{\"Action\":\"sts:AssumeRole\",\"Effect\":\"Allow\",\"Principal\":{\"Service\":\"lambda.amazonaws.com\"},\"Sid\":\"\"}],\"Version\":\"2012-10-17\"}",
            "create_date": "2022-08-31T11:39:57Z",
            "description": "",
            "force_detach_policies": false,
            "id": "lambda_execution_role_child_userId-handler-qa",
            "inline_policy": [],
            "managed_policy_arns": [],
            "max_session_duration": 3600,
            "name": "lambda_execution_role_child_userId-handler-qa",
            "name_prefix": "",
            "path": "/",
            "permissions_boundary": null,
            "tags": null,
            "tags_all": {},
            "unique_id": "AROASINL55QSNDTTLXJJA"
          },
          "sensitive_attributes": [],
          "private": "bnVsbA=="
        },
        {
          "index_key": "userId-uat",
          "schema_version": 0,
          "attributes": {
            "arn": "arn:aws:iam::155516267556:role/lambda_execution_role_child_userId-handler-uat",
            "assume_role_policy": "{\"Statement\":[{\"Action\":\"sts:AssumeRole\",\"Effect\":\"Allow\",\"Principal\":{\"Service\":\"lambda.amazonaws.com\"},\"Sid\":\"\"}],\"Version\":\"2012-10-17\"}",
            "create_date": "2022-08-31T11:39:57Z",
            "description": "",
            "force_detach_policies": false,
            "id": "lambda_execution_role_child_userId-handler-uat",
            "inline_policy": [],
            "managed_policy_arns": [],
            "max_session_duration": 3600,
            "name": "lambda_execution_role_child_userId-handler-uat",
            "name_prefix": "",
            "path": "/",
            "permissions_boundary": null,
            "tags": null,
            "tags_all": {},
            "unique_id": "AROASINL55QSHA35IIZ6K"
          },
          "sensitive_attributes": [],
          "private": "bnVsbA=="
        }
      ]
    },
    {
      "module": "module.lambda_functions",
      "mode": "managed",
      "type": "aws_iam_role_policy_attachment",
      "name": "lambda_policy",
      "provider": "provider[\"registry.terraform.io/hashicorp/aws\"]",
      "instances": [
        {
          "index_key": "goodbye-dev",
          "schema_version": 0,
          "attributes": {
            "id": "lambda_execution_role_goodbye-handler-dev-2022083111395952060000000a",
            "policy_arn": "arn:aws:iam::aws:policy/service-role/AWSLambdaBasicExecutionRole",
            "role": "lambda_execution_role_goodbye-handler-dev"
          },
          "sensitive_attributes": [],
          "private": "bnVsbA==",
          "dependencies": [
            "module.lambda_functions.aws_iam_role.lambda_execution_role"
          ]
        },
        {
          "index_key": "goodbye-ng",
          "schema_version": 0,
          "attributes": {
            "id": "lambda_execution_role_goodbye-handler-ng-20220831113959509600000006",
            "policy_arn": "arn:aws:iam::aws:policy/service-role/AWSLambdaBasicExecutionRole",
            "role": "lambda_execution_role_goodbye-handler-ng"
          },
          "sensitive_attributes": [],
          "private": "bnVsbA==",
          "dependencies": [
            "module.lambda_functions.aws_iam_role.lambda_execution_role"
          ]
        },
        {
          "index_key": "goodbye-qa",
          "schema_version": 0,
          "attributes": {
            "id": "lambda_execution_role_goodbye-handler-qa-20220831113959511600000007",
            "policy_arn": "arn:aws:iam::aws:policy/service-role/AWSLambdaBasicExecutionRole",
            "role": "lambda_execution_role_goodbye-handler-qa"
          },
          "sensitive_attributes": [],
          "private": "bnVsbA==",
          "dependencies": [
            "module.lambda_functions.aws_iam_role.lambda_execution_role"
          ]
        },
        {
          "index_key": "goodbye-uat",
          "schema_version": 0,
          "attributes": {
            "id": "lambda_execution_role_goodbye-handler-uat-20220831113959514600000008",
            "policy_arn": "arn:aws:iam::aws:policy/service-role/AWSLambdaBasicExecutionRole",
            "role": "lambda_execution_role_goodbye-handler-uat"
          },
          "sensitive_attributes": [],
          "private": "bnVsbA==",
          "dependencies": [
            "module.lambda_functions.aws_iam_role.lambda_execution_role"
          ]
        },
        {
          "index_key": "hello-dev",
          "schema_version": 0,
          "attributes": {
            "id": "lambda_execution_role_hello-handler-dev-2022083111395952370000000c",
            "policy_arn": "arn:aws:iam::aws:policy/service-role/AWSLambdaBasicExecutionRole",
            "role": "lambda_execution_role_hello-handler-dev"
          },
          "sensitive_attributes": [],
          "private": "bnVsbA==",
          "dependencies": [
            "module.lambda_functions.aws_iam_role.lambda_execution_role"
          ]
        },
        {
          "index_key": "hello-ng",
          "schema_version": 0,
          "attributes": {
            "id": "lambda_execution_role_hello-handler-ng-2022083111395981110000000e",
            "policy_arn": "arn:aws:iam::aws:policy/service-role/AWSLambdaBasicExecutionRole",
            "role": "lambda_execution_role_hello-handler-ng"
          },
          "sensitive_attributes": [],
          "private": "bnVsbA==",
          "dependencies": [
            "module.lambda_functions.aws_iam_role.lambda_execution_role"
          ]
        },
        {
          "index_key": "hello-qa",
          "schema_version": 0,
          "attributes": {
            "id": "lambda_execution_role_hello-handler-qa-20220831113959517000000009",
            "policy_arn": "arn:aws:iam::aws:policy/service-role/AWSLambdaBasicExecutionRole",
            "role": "lambda_execution_role_hello-handler-qa"
          },
          "sensitive_attributes": [],
          "private": "bnVsbA==",
          "dependencies": [
            "module.lambda_functions.aws_iam_role.lambda_execution_role"
          ]
        },
        {
          "index_key": "hello-uat",
          "schema_version": 0,
          "attributes": {
            "id": "lambda_execution_role_hello-handler-uat-2022083111395952140000000b",
            "policy_arn": "arn:aws:iam::aws:policy/service-role/AWSLambdaBasicExecutionRole",
            "role": "lambda_execution_role_hello-handler-uat"
          },
          "sensitive_attributes": [],
          "private": "bnVsbA==",
          "dependencies": [
            "module.lambda_functions.aws_iam_role.lambda_execution_role"
          ]
        },
        {
          "index_key": "users-dev",
          "schema_version": 0,
          "attributes": {
            "id": "lambda_execution_role_users-handler-dev-2022083111395952620000000d",
            "policy_arn": "arn:aws:iam::aws:policy/service-role/AWSLambdaBasicExecutionRole",
            "role": "lambda_execution_role_users-handler-dev"
          },
          "sensitive_attributes": [],
          "private": "bnVsbA==",
          "dependencies": [
            "module.lambda_functions.aws_iam_role.lambda_execution_role"
          ]
        },
        {
          "index_key": "users-ng",
          "schema_version": 0,
          "attributes": {
            "id": "lambda_execution_role_users-handler-ng-20220831113959507200000005",
            "policy_arn": "arn:aws:iam::aws:policy/service-role/AWSLambdaBasicExecutionRole",
            "role": "lambda_execution_role_users-handler-ng"
          },
          "sensitive_attributes": [],
          "private": "bnVsbA==",
          "dependencies": [
            "module.lambda_functions.aws_iam_role.lambda_execution_role"
          ]
        },
        {
          "index_key": "users-qa",
          "schema_version": 0,
          "attributes": {
            "id": "lambda_execution_role_users-handler-qa-20220831113959831900000010",
            "policy_arn": "arn:aws:iam::aws:policy/service-role/AWSLambdaBasicExecutionRole",
            "role": "lambda_execution_role_users-handler-qa"
          },
          "sensitive_attributes": [],
          "private": "bnVsbA==",
          "dependencies": [
            "module.lambda_functions.aws_iam_role.lambda_execution_role"
          ]
        },
        {
          "index_key": "users-uat",
          "schema_version": 0,
          "attributes": {
            "id": "lambda_execution_role_users-handler-uat-2022083111395981350000000f",
            "policy_arn": "arn:aws:iam::aws:policy/service-role/AWSLambdaBasicExecutionRole",
            "role": "lambda_execution_role_users-handler-uat"
          },
          "sensitive_attributes": [],
          "private": "bnVsbA==",
          "dependencies": [
            "module.lambda_functions.aws_iam_role.lambda_execution_role"
          ]
        }
      ]
    },
    {
      "module": "module.lambda_functions",
      "mode": "managed",
      "type": "aws_iam_role_policy_attachment",
      "name": "lambda_policy_child",
      "provider": "provider[\"registry.terraform.io/hashicorp/aws\"]",
      "instances": [
        {
          "index_key": "userId-dev",
          "schema_version": 0,
          "attributes": {
            "id": "lambda_execution_role_child_userId-handler-dev-20220831113958646100000001",
            "policy_arn": "arn:aws:iam::aws:policy/service-role/AWSLambdaBasicExecutionRole",
            "role": "lambda_execution_role_child_userId-handler-dev"
          },
          "sensitive_attributes": [],
          "private": "bnVsbA==",
          "dependencies": [
            "module.lambda_functions.aws_iam_role.lambda_execution_role_child"
          ]
        },
        {
          "index_key": "userId-ng",
          "schema_version": 0,
          "attributes": {
            "id": "lambda_execution_role_child_userId-handler-ng-20220831113958939000000004",
            "policy_arn": "arn:aws:iam::aws:policy/service-role/AWSLambdaBasicExecutionRole",
            "role": "lambda_execution_role_child_userId-handler-ng"
          },
          "sensitive_attributes": [],
          "private": "bnVsbA==",
          "dependencies": [
            "module.lambda_functions.aws_iam_role.lambda_execution_role_child"
          ]
        },
        {
          "index_key": "userId-qa",
          "schema_version": 0,
          "attributes": {
            "id": "lambda_execution_role_child_userId-handler-qa-20220831113958937000000003",
            "policy_arn": "arn:aws:iam::aws:policy/service-role/AWSLambdaBasicExecutionRole",
            "role": "lambda_execution_role_child_userId-handler-qa"
          },
          "sensitive_attributes": [],
          "private": "bnVsbA==",
          "dependencies": [
            "module.lambda_functions.aws_iam_role.lambda_execution_role_child"
          ]
        },
        {
          "index_key": "userId-uat",
          "schema_version": 0,
          "attributes": {
            "id": "lambda_execution_role_child_userId-handler-uat-20220831113958647400000002",
            "policy_arn": "arn:aws:iam::aws:policy/service-role/AWSLambdaBasicExecutionRole",
            "role": "lambda_execution_role_child_userId-handler-uat"
          },
          "sensitive_attributes": [],
          "private": "bnVsbA==",
          "dependencies": [
            "module.lambda_functions.aws_iam_role.lambda_execution_role_child"
          ]
        }
      ]
    },
    {
      "module": "module.lambda_functions",
      "mode": "managed",
      "type": "aws_lambda_function",
      "name": "lambda_function",
      "provider": "provider[\"registry.terraform.io/hashicorp/aws\"]",
      "instances": [
        {
          "index_key": "goodbye-dev",
          "schema_version": 0,
          "attributes": {
            "architectures": [
              "x86_64"
            ],
            "arn": "arn:aws:lambda:us-east-1:155516267556:function:goodbye-handler-dev",
            "code_signing_config_arn": "",
            "dead_letter_config": [],
            "description": "",
            "environment": [],
            "ephemeral_storage": [
              {
                "size": 512
              }
            ],
            "file_system_config": [],
            "filename": null,
            "function_name": "goodbye-handler-dev",
            "handler": "index.handler",
            "id": "goodbye-handler-dev",
            "image_config": [],
            "image_uri": "",
            "invoke_arn": "arn:aws:apigateway:us-east-1:lambda:path/2015-03-31/functions/arn:aws:lambda:us-east-1:155516267556:function:goodbye-handler-dev/invocations",
            "kms_key_arn": "",
            "last_modified": "2022-08-31T11:40:19.945+0000",
            "layers": null,
            "memory_size": 128,
            "package_type": "Zip",
            "publish": false,
            "qualified_arn": "arn:aws:lambda:us-east-1:155516267556:function:goodbye-handler-dev:$LATEST",
            "reserved_concurrent_executions": -1,
            "role": "arn:aws:iam::155516267556:role/lambda_execution_role_goodbye-handler-dev",
            "runtime": "nodejs16.x",
            "s3_bucket": "terraform-api-gateway-lambda-demo-logan-test-2",
            "s3_key": "goodbye.zip",
            "s3_object_version": null,
            "signing_job_arn": "",
            "signing_profile_version_arn": "",
            "source_code_hash": "E1W5XQtnsBaWDsLERfZnR4TAwoH3JJ/0OGF4/Pa7oUk=",
            "source_code_size": 330,
            "tags": null,
            "tags_all": {},
            "timeout": 3,
            "timeouts": null,
            "tracing_config": [
              {
                "mode": "PassThrough"
              }
            ],
            "version": "$LATEST",
            "vpc_config": []
          },
          "sensitive_attributes": [],
          "private": "eyJlMmJmYjczMC1lY2FhLTExZTYtOGY4OC0zNDM2M2JjN2M0YzAiOnsiY3JlYXRlIjo2MDAwMDAwMDAwMDB9fQ==",
          "dependencies": [
            "module.lambda_functions.aws_iam_role.lambda_execution_role",
            "module.lambda_functions.aws_s3_bucket.lambda_bucket",
            "module.lambda_functions.aws_s3_object.lambda_code",
            "module.lambda_functions.data.archive_file.lambda_code"
          ]
        },
        {
          "index_key": "goodbye-ng",
          "schema_version": 0,
          "attributes": {
            "architectures": [
              "x86_64"
            ],
            "arn": "arn:aws:lambda:us-east-1:155516267556:function:goodbye-handler-ng",
            "code_signing_config_arn": "",
            "dead_letter_config": [],
            "description": "",
            "environment": [],
            "ephemeral_storage": [
              {
                "size": 512
              }
            ],
            "file_system_config": [],
            "filename": null,
            "function_name": "goodbye-handler-ng",
            "handler": "index.handler",
            "id": "goodbye-handler-ng",
            "image_config": [],
            "image_uri": "",
            "invoke_arn": "arn:aws:apigateway:us-east-1:lambda:path/2015-03-31/functions/arn:aws:lambda:us-east-1:155516267556:function:goodbye-handler-ng/invocations",
            "kms_key_arn": "",
            "last_modified": "2022-08-31T11:40:19.944+0000",
            "layers": null,
            "memory_size": 128,
            "package_type": "Zip",
            "publish": false,
            "qualified_arn": "arn:aws:lambda:us-east-1:155516267556:function:goodbye-handler-ng:$LATEST",
            "reserved_concurrent_executions": -1,
            "role": "arn:aws:iam::155516267556:role/lambda_execution_role_goodbye-handler-ng",
            "runtime": "nodejs16.x",
            "s3_bucket": "terraform-api-gateway-lambda-demo-logan-test-2",
            "s3_key": "goodbye.zip",
            "s3_object_version": null,
            "signing_job_arn": "",
            "signing_profile_version_arn": "",
            "source_code_hash": "E1W5XQtnsBaWDsLERfZnR4TAwoH3JJ/0OGF4/Pa7oUk=",
            "source_code_size": 330,
            "tags": null,
            "tags_all": {},
            "timeout": 3,
            "timeouts": null,
            "tracing_config": [
              {
                "mode": "PassThrough"
              }
            ],
            "version": "$LATEST",
            "vpc_config": []
          },
          "sensitive_attributes": [],
          "private": "eyJlMmJmYjczMC1lY2FhLTExZTYtOGY4OC0zNDM2M2JjN2M0YzAiOnsiY3JlYXRlIjo2MDAwMDAwMDAwMDB9fQ==",
          "dependencies": [
            "module.lambda_functions.aws_iam_role.lambda_execution_role",
            "module.lambda_functions.aws_s3_bucket.lambda_bucket",
            "module.lambda_functions.aws_s3_object.lambda_code",
            "module.lambda_functions.data.archive_file.lambda_code"
          ]
        },
        {
          "index_key": "goodbye-qa",
          "schema_version": 0,
          "attributes": {
            "architectures": [
              "x86_64"
            ],
            "arn": "arn:aws:lambda:us-east-1:155516267556:function:goodbye-handler-qa",
            "code_signing_config_arn": "",
            "dead_letter_config": [],
            "description": "",
            "environment": [],
            "ephemeral_storage": [
              {
                "size": 512
              }
            ],
            "file_system_config": [],
            "filename": null,
            "function_name": "goodbye-handler-qa",
            "handler": "index.handler",
            "id": "goodbye-handler-qa",
            "image_config": [],
            "image_uri": "",
            "invoke_arn": "arn:aws:apigateway:us-east-1:lambda:path/2015-03-31/functions/arn:aws:lambda:us-east-1:155516267556:function:goodbye-handler-qa/invocations",
            "kms_key_arn": "",
            "last_modified": "2022-08-31T11:40:19.946+0000",
            "layers": null,
            "memory_size": 128,
            "package_type": "Zip",
            "publish": false,
            "qualified_arn": "arn:aws:lambda:us-east-1:155516267556:function:goodbye-handler-qa:$LATEST",
            "reserved_concurrent_executions": -1,
            "role": "arn:aws:iam::155516267556:role/lambda_execution_role_goodbye-handler-qa",
            "runtime": "nodejs16.x",
            "s3_bucket": "terraform-api-gateway-lambda-demo-logan-test-2",
            "s3_key": "goodbye.zip",
            "s3_object_version": null,
            "signing_job_arn": "",
            "signing_profile_version_arn": "",
            "source_code_hash": "E1W5XQtnsBaWDsLERfZnR4TAwoH3JJ/0OGF4/Pa7oUk=",
            "source_code_size": 330,
            "tags": null,
            "tags_all": {},
            "timeout": 3,
            "timeouts": null,
            "tracing_config": [
              {
                "mode": "PassThrough"
              }
            ],
            "version": "$LATEST",
            "vpc_config": []
          },
          "sensitive_attributes": [],
          "private": "eyJlMmJmYjczMC1lY2FhLTExZTYtOGY4OC0zNDM2M2JjN2M0YzAiOnsiY3JlYXRlIjo2MDAwMDAwMDAwMDB9fQ==",
          "dependencies": [
            "module.lambda_functions.aws_iam_role.lambda_execution_role",
            "module.lambda_functions.aws_s3_bucket.lambda_bucket",
            "module.lambda_functions.aws_s3_object.lambda_code",
            "module.lambda_functions.data.archive_file.lambda_code"
          ]
        },
        {
          "index_key": "goodbye-uat",
          "schema_version": 0,
          "attributes": {
            "architectures": [
              "x86_64"
            ],
            "arn": "arn:aws:lambda:us-east-1:155516267556:function:goodbye-handler-uat",
            "code_signing_config_arn": "",
            "dead_letter_config": [],
            "description": "",
            "environment": [],
            "ephemeral_storage": [
              {
                "size": 512
              }
            ],
            "file_system_config": [],
            "filename": null,
            "function_name": "goodbye-handler-uat",
            "handler": "index.handler",
            "id": "goodbye-handler-uat",
            "image_config": [],
            "image_uri": "",
            "invoke_arn": "arn:aws:apigateway:us-east-1:lambda:path/2015-03-31/functions/arn:aws:lambda:us-east-1:155516267556:function:goodbye-handler-uat/invocations",
            "kms_key_arn": "",
            "last_modified": "2022-08-31T11:40:19.763+0000",
            "layers": null,
            "memory_size": 128,
            "package_type": "Zip",
            "publish": false,
            "qualified_arn": "arn:aws:lambda:us-east-1:155516267556:function:goodbye-handler-uat:$LATEST",
            "reserved_concurrent_executions": -1,
            "role": "arn:aws:iam::155516267556:role/lambda_execution_role_goodbye-handler-uat",
            "runtime": "nodejs16.x",
            "s3_bucket": "terraform-api-gateway-lambda-demo-logan-test-2",
            "s3_key": "goodbye.zip",
            "s3_object_version": null,
            "signing_job_arn": "",
            "signing_profile_version_arn": "",
            "source_code_hash": "E1W5XQtnsBaWDsLERfZnR4TAwoH3JJ/0OGF4/Pa7oUk=",
            "source_code_size": 330,
            "tags": null,
            "tags_all": {},
            "timeout": 3,
            "timeouts": null,
            "tracing_config": [
              {
                "mode": "PassThrough"
              }
            ],
            "version": "$LATEST",
            "vpc_config": []
          },
          "sensitive_attributes": [],
          "private": "eyJlMmJmYjczMC1lY2FhLTExZTYtOGY4OC0zNDM2M2JjN2M0YzAiOnsiY3JlYXRlIjo2MDAwMDAwMDAwMDB9fQ==",
          "dependencies": [
            "module.lambda_functions.aws_iam_role.lambda_execution_role",
            "module.lambda_functions.aws_s3_bucket.lambda_bucket",
            "module.lambda_functions.aws_s3_object.lambda_code",
            "module.lambda_functions.data.archive_file.lambda_code"
          ]
        },
        {
          "index_key": "hello-dev",
          "schema_version": 0,
          "attributes": {
            "architectures": [
              "x86_64"
            ],
            "arn": "arn:aws:lambda:us-east-1:155516267556:function:hello-handler-dev",
            "code_signing_config_arn": "",
            "dead_letter_config": [],
            "description": "",
            "environment": [],
            "ephemeral_storage": [
              {
                "size": 512
              }
            ],
            "file_system_config": [],
            "filename": null,
            "function_name": "hello-handler-dev",
            "handler": "index.handler",
            "id": "hello-handler-dev",
            "image_config": [],
            "image_uri": "",
            "invoke_arn": "arn:aws:apigateway:us-east-1:lambda:path/2015-03-31/functions/arn:aws:lambda:us-east-1:155516267556:function:hello-handler-dev/invocations",
            "kms_key_arn": "",
            "last_modified": "2022-08-31T11:40:13.902+0000",
            "layers": null,
            "memory_size": 128,
            "package_type": "Zip",
            "publish": false,
            "qualified_arn": "arn:aws:lambda:us-east-1:155516267556:function:hello-handler-dev:$LATEST",
            "reserved_concurrent_executions": -1,
            "role": "arn:aws:iam::155516267556:role/lambda_execution_role_hello-handler-dev",
            "runtime": "nodejs16.x",
            "s3_bucket": "terraform-api-gateway-lambda-demo-logan-test-2",
            "s3_key": "hello.zip",
            "s3_object_version": null,
            "signing_job_arn": "",
            "signing_profile_version_arn": "",
            "source_code_hash": "qfmbFQ8dVwnKk0T3/vyz9+J2T81lkIPSq7c+9Lu0BlA=",
            "source_code_size": 328,
            "tags": null,
            "tags_all": {},
            "timeout": 3,
            "timeouts": null,
            "tracing_config": [
              {
                "mode": "PassThrough"
              }
            ],
            "version": "$LATEST",
            "vpc_config": []
          },
          "sensitive_attributes": [],
          "private": "eyJlMmJmYjczMC1lY2FhLTExZTYtOGY4OC0zNDM2M2JjN2M0YzAiOnsiY3JlYXRlIjo2MDAwMDAwMDAwMDB9fQ==",
          "dependencies": [
            "module.lambda_functions.aws_iam_role.lambda_execution_role",
            "module.lambda_functions.aws_s3_bucket.lambda_bucket",
            "module.lambda_functions.aws_s3_object.lambda_code",
            "module.lambda_functions.data.archive_file.lambda_code"
          ]
        },
        {
          "index_key": "hello-ng",
          "schema_version": 0,
          "attributes": {
            "architectures": [
              "x86_64"
            ],
            "arn": "arn:aws:lambda:us-east-1:155516267556:function:hello-handler-ng",
            "code_signing_config_arn": "",
            "dead_letter_config": [],
            "description": "",
            "environment": [],
            "ephemeral_storage": [
              {
                "size": 512
              }
            ],
            "file_system_config": [],
            "filename": null,
            "function_name": "hello-handler-ng",
            "handler": "index.handler",
            "id": "hello-handler-ng",
            "image_config": [],
            "image_uri": "",
            "invoke_arn": "arn:aws:apigateway:us-east-1:lambda:path/2015-03-31/functions/arn:aws:lambda:us-east-1:155516267556:function:hello-handler-ng/invocations",
            "kms_key_arn": "",
            "last_modified": "2022-08-31T11:40:13.897+0000",
            "layers": null,
            "memory_size": 128,
            "package_type": "Zip",
            "publish": false,
            "qualified_arn": "arn:aws:lambda:us-east-1:155516267556:function:hello-handler-ng:$LATEST",
            "reserved_concurrent_executions": -1,
            "role": "arn:aws:iam::155516267556:role/lambda_execution_role_hello-handler-ng",
            "runtime": "nodejs16.x",
            "s3_bucket": "terraform-api-gateway-lambda-demo-logan-test-2",
            "s3_key": "hello.zip",
            "s3_object_version": null,
            "signing_job_arn": "",
            "signing_profile_version_arn": "",
            "source_code_hash": "qfmbFQ8dVwnKk0T3/vyz9+J2T81lkIPSq7c+9Lu0BlA=",
            "source_code_size": 328,
            "tags": null,
            "tags_all": {},
            "timeout": 3,
            "timeouts": null,
            "tracing_config": [
              {
                "mode": "PassThrough"
              }
            ],
            "version": "$LATEST",
            "vpc_config": []
          },
          "sensitive_attributes": [],
          "private": "eyJlMmJmYjczMC1lY2FhLTExZTYtOGY4OC0zNDM2M2JjN2M0YzAiOnsiY3JlYXRlIjo2MDAwMDAwMDAwMDB9fQ==",
          "dependencies": [
            "module.lambda_functions.aws_iam_role.lambda_execution_role",
            "module.lambda_functions.aws_s3_bucket.lambda_bucket",
            "module.lambda_functions.aws_s3_object.lambda_code",
            "module.lambda_functions.data.archive_file.lambda_code"
          ]
        },
        {
          "index_key": "hello-qa",
          "schema_version": 0,
          "attributes": {
            "architectures": [
              "x86_64"
            ],
            "arn": "arn:aws:lambda:us-east-1:155516267556:function:hello-handler-qa",
            "code_signing_config_arn": "",
            "dead_letter_config": [],
            "description": "",
            "environment": [],
            "ephemeral_storage": [
              {
                "size": 512
              }
            ],
            "file_system_config": [],
            "filename": null,
            "function_name": "hello-handler-qa",
            "handler": "index.handler",
            "id": "hello-handler-qa",
            "image_config": [],
            "image_uri": "",
            "invoke_arn": "arn:aws:apigateway:us-east-1:lambda:path/2015-03-31/functions/arn:aws:lambda:us-east-1:155516267556:function:hello-handler-qa/invocations",
            "kms_key_arn": "",
            "last_modified": "2022-08-31T11:40:13.906+0000",
            "layers": null,
            "memory_size": 128,
            "package_type": "Zip",
            "publish": false,
            "qualified_arn": "arn:aws:lambda:us-east-1:155516267556:function:hello-handler-qa:$LATEST",
            "reserved_concurrent_executions": -1,
            "role": "arn:aws:iam::155516267556:role/lambda_execution_role_hello-handler-qa",
            "runtime": "nodejs16.x",
            "s3_bucket": "terraform-api-gateway-lambda-demo-logan-test-2",
            "s3_key": "hello.zip",
            "s3_object_version": null,
            "signing_job_arn": "",
            "signing_profile_version_arn": "",
            "source_code_hash": "qfmbFQ8dVwnKk0T3/vyz9+J2T81lkIPSq7c+9Lu0BlA=",
            "source_code_size": 328,
            "tags": null,
            "tags_all": {},
            "timeout": 3,
            "timeouts": null,
            "tracing_config": [
              {
                "mode": "PassThrough"
              }
            ],
            "version": "$LATEST",
            "vpc_config": []
          },
          "sensitive_attributes": [],
          "private": "eyJlMmJmYjczMC1lY2FhLTExZTYtOGY4OC0zNDM2M2JjN2M0YzAiOnsiY3JlYXRlIjo2MDAwMDAwMDAwMDB9fQ==",
          "dependencies": [
            "module.lambda_functions.aws_iam_role.lambda_execution_role",
            "module.lambda_functions.aws_s3_bucket.lambda_bucket",
            "module.lambda_functions.aws_s3_object.lambda_code",
            "module.lambda_functions.data.archive_file.lambda_code"
          ]
        },
        {
          "index_key": "hello-uat",
          "schema_version": 0,
          "attributes": {
            "architectures": [
              "x86_64"
            ],
            "arn": "arn:aws:lambda:us-east-1:155516267556:function:hello-handler-uat",
            "code_signing_config_arn": "",
            "dead_letter_config": [],
            "description": "",
            "environment": [],
            "ephemeral_storage": [
              {
                "size": 512
              }
            ],
            "file_system_config": [],
            "filename": null,
            "function_name": "hello-handler-uat",
            "handler": "index.handler",
            "id": "hello-handler-uat",
            "image_config": [],
            "image_uri": "",
            "invoke_arn": "arn:aws:apigateway:us-east-1:lambda:path/2015-03-31/functions/arn:aws:lambda:us-east-1:155516267556:function:hello-handler-uat/invocations",
            "kms_key_arn": "",
            "last_modified": "2022-08-31T11:40:13.896+0000",
            "layers": null,
            "memory_size": 128,
            "package_type": "Zip",
            "publish": false,
            "qualified_arn": "arn:aws:lambda:us-east-1:155516267556:function:hello-handler-uat:$LATEST",
            "reserved_concurrent_executions": -1,
            "role": "arn:aws:iam::155516267556:role/lambda_execution_role_hello-handler-uat",
            "runtime": "nodejs16.x",
            "s3_bucket": "terraform-api-gateway-lambda-demo-logan-test-2",
            "s3_key": "hello.zip",
            "s3_object_version": null,
            "signing_job_arn": "",
            "signing_profile_version_arn": "",
            "source_code_hash": "qfmbFQ8dVwnKk0T3/vyz9+J2T81lkIPSq7c+9Lu0BlA=",
            "source_code_size": 328,
            "tags": null,
            "tags_all": {},
            "timeout": 3,
            "timeouts": null,
            "tracing_config": [
              {
                "mode": "PassThrough"
              }
            ],
            "version": "$LATEST",
            "vpc_config": []
          },
          "sensitive_attributes": [],
          "private": "eyJlMmJmYjczMC1lY2FhLTExZTYtOGY4OC0zNDM2M2JjN2M0YzAiOnsiY3JlYXRlIjo2MDAwMDAwMDAwMDB9fQ==",
          "dependencies": [
            "module.lambda_functions.aws_iam_role.lambda_execution_role",
            "module.lambda_functions.aws_s3_bucket.lambda_bucket",
            "module.lambda_functions.aws_s3_object.lambda_code",
            "module.lambda_functions.data.archive_file.lambda_code"
          ]
        },
        {
          "index_key": "users-dev",
          "schema_version": 0,
          "attributes": {
            "architectures": [
              "x86_64"
            ],
            "arn": "arn:aws:lambda:us-east-1:155516267556:function:users-handler-dev",
            "code_signing_config_arn": "",
            "dead_letter_config": [],
            "description": "",
            "environment": [],
            "ephemeral_storage": [
              {
                "size": 512
              }
            ],
            "file_system_config": [],
            "filename": null,
            "function_name": "users-handler-dev",
            "handler": "index.handler",
            "id": "users-handler-dev",
            "image_config": [],
            "image_uri": "",
            "invoke_arn": "arn:aws:apigateway:us-east-1:lambda:path/2015-03-31/functions/arn:aws:lambda:us-east-1:155516267556:function:users-handler-dev/invocations",
            "kms_key_arn": "",
            "last_modified": "2022-08-31T11:40:19.913+0000",
            "layers": null,
            "memory_size": 128,
            "package_type": "Zip",
            "publish": false,
            "qualified_arn": "arn:aws:lambda:us-east-1:155516267556:function:users-handler-dev:$LATEST",
            "reserved_concurrent_executions": -1,
            "role": "arn:aws:iam::155516267556:role/lambda_execution_role_users-handler-dev",
            "runtime": "nodejs16.x",
            "s3_bucket": "terraform-api-gateway-lambda-demo-logan-test-2",
            "s3_key": "users.zip",
            "s3_object_version": null,
            "signing_job_arn": "",
            "signing_profile_version_arn": "",
            "source_code_hash": "5+E2HsnqA3/lvLv7w0CFVjc0RNbBlF353Ou9P2d3Pyg=",
            "source_code_size": 328,
            "tags": null,
            "tags_all": {},
            "timeout": 3,
            "timeouts": null,
            "tracing_config": [
              {
                "mode": "PassThrough"
              }
            ],
            "version": "$LATEST",
            "vpc_config": []
          },
          "sensitive_attributes": [],
          "private": "eyJlMmJmYjczMC1lY2FhLTExZTYtOGY4OC0zNDM2M2JjN2M0YzAiOnsiY3JlYXRlIjo2MDAwMDAwMDAwMDB9fQ==",
          "dependencies": [
            "module.lambda_functions.aws_iam_role.lambda_execution_role",
            "module.lambda_functions.aws_s3_bucket.lambda_bucket",
            "module.lambda_functions.aws_s3_object.lambda_code",
            "module.lambda_functions.data.archive_file.lambda_code"
          ]
        },
        {
          "index_key": "users-ng",
          "schema_version": 0,
          "attributes": {
            "architectures": [
              "x86_64"
            ],
            "arn": "arn:aws:lambda:us-east-1:155516267556:function:users-handler-ng",
            "code_signing_config_arn": "",
            "dead_letter_config": [],
            "description": "",
            "environment": [],
            "ephemeral_storage": [
              {
                "size": 512
              }
            ],
            "file_system_config": [],
            "filename": null,
            "function_name": "users-handler-ng",
            "handler": "index.handler",
            "id": "users-handler-ng",
            "image_config": [],
            "image_uri": "",
            "invoke_arn": "arn:aws:apigateway:us-east-1:lambda:path/2015-03-31/functions/arn:aws:lambda:us-east-1:155516267556:function:users-handler-ng/invocations",
            "kms_key_arn": "",
            "last_modified": "2022-08-31T11:40:13.897+0000",
            "layers": null,
            "memory_size": 128,
            "package_type": "Zip",
            "publish": false,
            "qualified_arn": "arn:aws:lambda:us-east-1:155516267556:function:users-handler-ng:$LATEST",
            "reserved_concurrent_executions": -1,
            "role": "arn:aws:iam::155516267556:role/lambda_execution_role_users-handler-ng",
            "runtime": "nodejs16.x",
            "s3_bucket": "terraform-api-gateway-lambda-demo-logan-test-2",
            "s3_key": "users.zip",
            "s3_object_version": null,
            "signing_job_arn": "",
            "signing_profile_version_arn": "",
            "source_code_hash": "5+E2HsnqA3/lvLv7w0CFVjc0RNbBlF353Ou9P2d3Pyg=",
            "source_code_size": 328,
            "tags": null,
            "tags_all": {},
            "timeout": 3,
            "timeouts": null,
            "tracing_config": [
              {
                "mode": "PassThrough"
              }
            ],
            "version": "$LATEST",
            "vpc_config": []
          },
          "sensitive_attributes": [],
          "private": "eyJlMmJmYjczMC1lY2FhLTExZTYtOGY4OC0zNDM2M2JjN2M0YzAiOnsiY3JlYXRlIjo2MDAwMDAwMDAwMDB9fQ==",
          "dependencies": [
            "module.lambda_functions.aws_iam_role.lambda_execution_role",
            "module.lambda_functions.aws_s3_bucket.lambda_bucket",
            "module.lambda_functions.aws_s3_object.lambda_code",
            "module.lambda_functions.data.archive_file.lambda_code"
          ]
        },
        {
          "index_key": "users-qa",
          "schema_version": 0,
          "attributes": {
            "architectures": [
              "x86_64"
            ],
            "arn": "arn:aws:lambda:us-east-1:155516267556:function:users-handler-qa",
            "code_signing_config_arn": "",
            "dead_letter_config": [],
            "description": "",
            "environment": [],
            "ephemeral_storage": [
              {
                "size": 512
              }
            ],
            "file_system_config": [],
            "filename": null,
            "function_name": "users-handler-qa",
            "handler": "index.handler",
            "id": "users-handler-qa",
            "image_config": [],
            "image_uri": "",
            "invoke_arn": "arn:aws:apigateway:us-east-1:lambda:path/2015-03-31/functions/arn:aws:lambda:us-east-1:155516267556:function:users-handler-qa/invocations",
            "kms_key_arn": "",
            "last_modified": "2022-08-31T11:40:13.898+0000",
            "layers": null,
            "memory_size": 128,
            "package_type": "Zip",
            "publish": false,
            "qualified_arn": "arn:aws:lambda:us-east-1:155516267556:function:users-handler-qa:$LATEST",
            "reserved_concurrent_executions": -1,
            "role": "arn:aws:iam::155516267556:role/lambda_execution_role_users-handler-qa",
            "runtime": "nodejs16.x",
            "s3_bucket": "terraform-api-gateway-lambda-demo-logan-test-2",
            "s3_key": "users.zip",
            "s3_object_version": null,
            "signing_job_arn": "",
            "signing_profile_version_arn": "",
            "source_code_hash": "5+E2HsnqA3/lvLv7w0CFVjc0RNbBlF353Ou9P2d3Pyg=",
            "source_code_size": 328,
            "tags": null,
            "tags_all": {},
            "timeout": 3,
            "timeouts": null,
            "tracing_config": [
              {
                "mode": "PassThrough"
              }
            ],
            "version": "$LATEST",
            "vpc_config": []
          },
          "sensitive_attributes": [],
          "private": "eyJlMmJmYjczMC1lY2FhLTExZTYtOGY4OC0zNDM2M2JjN2M0YzAiOnsiY3JlYXRlIjo2MDAwMDAwMDAwMDB9fQ==",
          "dependencies": [
            "module.lambda_functions.aws_iam_role.lambda_execution_role",
            "module.lambda_functions.aws_s3_bucket.lambda_bucket",
            "module.lambda_functions.aws_s3_object.lambda_code",
            "module.lambda_functions.data.archive_file.lambda_code"
          ]
        },
        {
          "index_key": "users-uat",
          "schema_version": 0,
          "attributes": {
            "architectures": [
              "x86_64"
            ],
            "arn": "arn:aws:lambda:us-east-1:155516267556:function:users-handler-uat",
            "code_signing_config_arn": "",
            "dead_letter_config": [],
            "description": "",
            "environment": [],
            "ephemeral_storage": [
              {
                "size": 512
              }
            ],
            "file_system_config": [],
            "filename": null,
            "function_name": "users-handler-uat",
            "handler": "index.handler",
            "id": "users-handler-uat",
            "image_config": [],
            "image_uri": "",
            "invoke_arn": "arn:aws:apigateway:us-east-1:lambda:path/2015-03-31/functions/arn:aws:lambda:us-east-1:155516267556:function:users-handler-uat/invocations",
            "kms_key_arn": "",
            "last_modified": "2022-08-31T11:40:19.889+0000",
            "layers": null,
            "memory_size": 128,
            "package_type": "Zip",
            "publish": false,
            "qualified_arn": "arn:aws:lambda:us-east-1:155516267556:function:users-handler-uat:$LATEST",
            "reserved_concurrent_executions": -1,
            "role": "arn:aws:iam::155516267556:role/lambda_execution_role_users-handler-uat",
            "runtime": "nodejs16.x",
            "s3_bucket": "terraform-api-gateway-lambda-demo-logan-test-2",
            "s3_key": "users.zip",
            "s3_object_version": null,
            "signing_job_arn": "",
            "signing_profile_version_arn": "",
            "source_code_hash": "5+E2HsnqA3/lvLv7w0CFVjc0RNbBlF353Ou9P2d3Pyg=",
            "source_code_size": 328,
            "tags": null,
            "tags_all": {},
            "timeout": 3,
            "timeouts": null,
            "tracing_config": [
              {
                "mode": "PassThrough"
              }
            ],
            "version": "$LATEST",
            "vpc_config": []
          },
          "sensitive_attributes": [],
          "private": "eyJlMmJmYjczMC1lY2FhLTExZTYtOGY4OC0zNDM2M2JjN2M0YzAiOnsiY3JlYXRlIjo2MDAwMDAwMDAwMDB9fQ==",
          "dependencies": [
            "module.lambda_functions.aws_iam_role.lambda_execution_role",
            "module.lambda_functions.aws_s3_bucket.lambda_bucket",
            "module.lambda_functions.aws_s3_object.lambda_code",
            "module.lambda_functions.data.archive_file.lambda_code"
          ]
        }
      ]
    },
    {
      "module": "module.lambda_functions",
      "mode": "managed",
      "type": "aws_lambda_function",
      "name": "lambda_function_child",
      "provider": "provider[\"registry.terraform.io/hashicorp/aws\"]",
      "instances": [
        {
          "index_key": "userId-dev",
          "schema_version": 0,
          "attributes": {
            "architectures": [
              "x86_64"
            ],
            "arn": "arn:aws:lambda:us-east-1:155516267556:function:userId-handler-dev",
            "code_signing_config_arn": "",
            "dead_letter_config": [],
            "description": "",
            "environment": [],
            "ephemeral_storage": [
              {
                "size": 512
              }
            ],
            "file_system_config": [],
            "filename": null,
            "function_name": "userId-handler-dev",
            "handler": "index.handler",
            "id": "userId-handler-dev",
            "image_config": [],
            "image_uri": "",
            "invoke_arn": "arn:aws:apigateway:us-east-1:lambda:path/2015-03-31/functions/arn:aws:lambda:us-east-1:155516267556:function:userId-handler-dev/invocations",
            "kms_key_arn": "",
            "last_modified": "2022-08-31T11:40:13.907+0000",
            "layers": null,
            "memory_size": 128,
            "package_type": "Zip",
            "publish": false,
            "qualified_arn": "arn:aws:lambda:us-east-1:155516267556:function:userId-handler-dev:$LATEST",
            "reserved_concurrent_executions": -1,
            "role": "arn:aws:iam::155516267556:role/lambda_execution_role_child_userId-handler-dev",
            "runtime": "nodejs16.x",
            "s3_bucket": "terraform-api-gateway-lambda-demo-logan-test-2",
            "s3_key": "userId.zip",
            "s3_object_version": null,
            "signing_job_arn": "",
            "signing_profile_version_arn": "",
            "source_code_hash": "70h1P2w1H4DI3C+mL/TdGkbNRL7wEdGpsOSOnxThid8=",
            "source_code_size": 330,
            "tags": null,
            "tags_all": {},
            "timeout": 3,
            "timeouts": null,
            "tracing_config": [
              {
                "mode": "PassThrough"
              }
            ],
            "version": "$LATEST",
            "vpc_config": []
          },
          "sensitive_attributes": [],
          "private": "eyJlMmJmYjczMC1lY2FhLTExZTYtOGY4OC0zNDM2M2JjN2M0YzAiOnsiY3JlYXRlIjo2MDAwMDAwMDAwMDB9fQ==",
          "dependencies": [
            "module.lambda_functions.aws_iam_role.lambda_execution_role_child",
            "module.lambda_functions.aws_s3_bucket.lambda_bucket",
            "module.lambda_functions.aws_s3_object.lambda_code_child",
            "module.lambda_functions.data.archive_file.lambda_code_child"
          ]
        },
        {
          "index_key": "userId-ng",
          "schema_version": 0,
          "attributes": {
            "architectures": [
              "x86_64"
            ],
            "arn": "arn:aws:lambda:us-east-1:155516267556:function:userId-handler-ng",
            "code_signing_config_arn": "",
            "dead_letter_config": [],
            "description": "",
            "environment": [],
            "ephemeral_storage": [
              {
                "size": 512
              }
            ],
            "file_system_config": [],
            "filename": null,
            "function_name": "userId-handler-ng",
            "handler": "index.handler",
            "id": "userId-handler-ng",
            "image_config": [],
            "image_uri": "",
            "invoke_arn": "arn:aws:apigateway:us-east-1:lambda:path/2015-03-31/functions/arn:aws:lambda:us-east-1:155516267556:function:userId-handler-ng/invocations",
            "kms_key_arn": "",
            "last_modified": "2022-08-31T11:40:13.900+0000",
            "layers": null,
            "memory_size": 128,
            "package_type": "Zip",
            "publish": false,
            "qualified_arn": "arn:aws:lambda:us-east-1:155516267556:function:userId-handler-ng:$LATEST",
            "reserved_concurrent_executions": -1,
            "role": "arn:aws:iam::155516267556:role/lambda_execution_role_child_userId-handler-ng",
            "runtime": "nodejs16.x",
            "s3_bucket": "terraform-api-gateway-lambda-demo-logan-test-2",
            "s3_key": "userId.zip",
            "s3_object_version": null,
            "signing_job_arn": "",
            "signing_profile_version_arn": "",
            "source_code_hash": "70h1P2w1H4DI3C+mL/TdGkbNRL7wEdGpsOSOnxThid8=",
            "source_code_size": 330,
            "tags": null,
            "tags_all": {},
            "timeout": 3,
            "timeouts": null,
            "tracing_config": [
              {
                "mode": "PassThrough"
              }
            ],
            "version": "$LATEST",
            "vpc_config": []
          },
          "sensitive_attributes": [],
          "private": "eyJlMmJmYjczMC1lY2FhLTExZTYtOGY4OC0zNDM2M2JjN2M0YzAiOnsiY3JlYXRlIjo2MDAwMDAwMDAwMDB9fQ==",
          "dependencies": [
            "module.lambda_functions.aws_iam_role.lambda_execution_role_child",
            "module.lambda_functions.aws_s3_bucket.lambda_bucket",
            "module.lambda_functions.aws_s3_object.lambda_code_child",
            "module.lambda_functions.data.archive_file.lambda_code_child"
          ]
        },
        {
          "index_key": "userId-qa",
          "schema_version": 0,
          "attributes": {
            "architectures": [
              "x86_64"
            ],
            "arn": "arn:aws:lambda:us-east-1:155516267556:function:userId-handler-qa",
            "code_signing_config_arn": "",
            "dead_letter_config": [],
            "description": "",
            "environment": [],
            "ephemeral_storage": [
              {
                "size": 512
              }
            ],
            "file_system_config": [],
            "filename": null,
            "function_name": "userId-handler-qa",
            "handler": "index.handler",
            "id": "userId-handler-qa",
            "image_config": [],
            "image_uri": "",
            "invoke_arn": "arn:aws:apigateway:us-east-1:lambda:path/2015-03-31/functions/arn:aws:lambda:us-east-1:155516267556:function:userId-handler-qa/invocations",
            "kms_key_arn": "",
            "last_modified": "2022-08-31T11:40:13.894+0000",
            "layers": null,
            "memory_size": 128,
            "package_type": "Zip",
            "publish": false,
            "qualified_arn": "arn:aws:lambda:us-east-1:155516267556:function:userId-handler-qa:$LATEST",
            "reserved_concurrent_executions": -1,
            "role": "arn:aws:iam::155516267556:role/lambda_execution_role_child_userId-handler-qa",
            "runtime": "nodejs16.x",
            "s3_bucket": "terraform-api-gateway-lambda-demo-logan-test-2",
            "s3_key": "userId.zip",
            "s3_object_version": null,
            "signing_job_arn": "",
            "signing_profile_version_arn": "",
            "source_code_hash": "70h1P2w1H4DI3C+mL/TdGkbNRL7wEdGpsOSOnxThid8=",
            "source_code_size": 330,
            "tags": null,
            "tags_all": {},
            "timeout": 3,
            "timeouts": null,
            "tracing_config": [
              {
                "mode": "PassThrough"
              }
            ],
            "version": "$LATEST",
            "vpc_config": []
          },
          "sensitive_attributes": [],
          "private": "eyJlMmJmYjczMC1lY2FhLTExZTYtOGY4OC0zNDM2M2JjN2M0YzAiOnsiY3JlYXRlIjo2MDAwMDAwMDAwMDB9fQ==",
          "dependencies": [
            "module.lambda_functions.aws_iam_role.lambda_execution_role_child",
            "module.lambda_functions.aws_s3_bucket.lambda_bucket",
            "module.lambda_functions.aws_s3_object.lambda_code_child",
            "module.lambda_functions.data.archive_file.lambda_code_child"
          ]
        },
        {
          "index_key": "userId-uat",
          "schema_version": 0,
          "attributes": {
            "architectures": [
              "x86_64"
            ],
            "arn": "arn:aws:lambda:us-east-1:155516267556:function:userId-handler-uat",
            "code_signing_config_arn": "",
            "dead_letter_config": [],
            "description": "",
            "environment": [],
            "ephemeral_storage": [
              {
                "size": 512
              }
            ],
            "file_system_config": [],
            "filename": null,
            "function_name": "userId-handler-uat",
            "handler": "index.handler",
            "id": "userId-handler-uat",
            "image_config": [],
            "image_uri": "",
            "invoke_arn": "arn:aws:apigateway:us-east-1:lambda:path/2015-03-31/functions/arn:aws:lambda:us-east-1:155516267556:function:userId-handler-uat/invocations",
            "kms_key_arn": "",
            "last_modified": "2022-08-31T11:40:13.895+0000",
            "layers": null,
            "memory_size": 128,
            "package_type": "Zip",
            "publish": false,
            "qualified_arn": "arn:aws:lambda:us-east-1:155516267556:function:userId-handler-uat:$LATEST",
            "reserved_concurrent_executions": -1,
            "role": "arn:aws:iam::155516267556:role/lambda_execution_role_child_userId-handler-uat",
            "runtime": "nodejs16.x",
            "s3_bucket": "terraform-api-gateway-lambda-demo-logan-test-2",
            "s3_key": "userId.zip",
            "s3_object_version": null,
            "signing_job_arn": "",
            "signing_profile_version_arn": "",
            "source_code_hash": "70h1P2w1H4DI3C+mL/TdGkbNRL7wEdGpsOSOnxThid8=",
            "source_code_size": 330,
            "tags": null,
            "tags_all": {},
            "timeout": 3,
            "timeouts": null,
            "tracing_config": [
              {
                "mode": "PassThrough"
              }
            ],
            "version": "$LATEST",
            "vpc_config": []
          },
          "sensitive_attributes": [],
          "private": "eyJlMmJmYjczMC1lY2FhLTExZTYtOGY4OC0zNDM2M2JjN2M0YzAiOnsiY3JlYXRlIjo2MDAwMDAwMDAwMDB9fQ==",
          "dependencies": [
            "module.lambda_functions.aws_iam_role.lambda_execution_role_child",
            "module.lambda_functions.aws_s3_bucket.lambda_bucket",
            "module.lambda_functions.aws_s3_object.lambda_code_child",
            "module.lambda_functions.data.archive_file.lambda_code_child"
          ]
        }
      ]
    },
    {
      "module": "module.lambda_functions",
      "mode": "managed",
      "type": "aws_s3_bucket",
      "name": "lambda_bucket",
      "provider": "provider[\"registry.terraform.io/hashicorp/aws\"]",
      "instances": [
        {
          "schema_version": 0,
          "attributes": {
            "acceleration_status": "",
            "acl": null,
            "arn": "arn:aws:s3:::terraform-api-gateway-lambda-demo-logan-test-2",
            "bucket": "terraform-api-gateway-lambda-demo-logan-test-2",
            "bucket_domain_name": "terraform-api-gateway-lambda-demo-logan-test-2.s3.amazonaws.com",
            "bucket_prefix": null,
            "bucket_regional_domain_name": "terraform-api-gateway-lambda-demo-logan-test-2.s3.amazonaws.com",
            "cors_rule": [],
            "force_destroy": false,
            "grant": [
              {
                "id": "647e1bdf65dd9fd8cd9c2735fa0b4c7b383f48e6f5bb59cd92b55dc48085bd89",
                "permissions": [
                  "FULL_CONTROL"
                ],
                "type": "CanonicalUser",
                "uri": ""
              }
            ],
            "hosted_zone_id": "Z3AQBSTGFYJSTF",
            "id": "terraform-api-gateway-lambda-demo-logan-test-2",
            "lifecycle_rule": [],
            "logging": [],
            "object_lock_configuration": [],
            "object_lock_enabled": false,
            "policy": "",
            "region": "us-east-1",
            "replication_configuration": [],
            "request_payer": "BucketOwner",
            "server_side_encryption_configuration": [],
            "tags": null,
            "tags_all": {},
            "versioning": [
              {
                "enabled": false,
                "mfa_delete": false
              }
            ],
            "website": [],
            "website_domain": null,
            "website_endpoint": null
          },
          "sensitive_attributes": [],
          "private": "bnVsbA=="
        }
      ]
    },
    {
      "module": "module.lambda_functions",
      "mode": "managed",
      "type": "aws_s3_bucket_acl",
      "name": "lambda_bucket_acl",
      "provider": "provider[\"registry.terraform.io/hashicorp/aws\"]",
      "instances": [
        {
          "schema_version": 0,
          "attributes": {
            "access_control_policy": [
              {
                "grant": [
                  {
                    "grantee": [
                      {
                        "display_name": "loganarn5",
                        "email_address": "",
                        "id": "647e1bdf65dd9fd8cd9c2735fa0b4c7b383f48e6f5bb59cd92b55dc48085bd89",
                        "type": "CanonicalUser",
                        "uri": ""
                      }
                    ],
                    "permission": "FULL_CONTROL"
                  }
                ],
                "owner": [
                  {
                    "display_name": "loganarn5",
                    "id": "647e1bdf65dd9fd8cd9c2735fa0b4c7b383f48e6f5bb59cd92b55dc48085bd89"
                  }
                ]
              }
            ],
            "acl": "private",
            "bucket": "terraform-api-gateway-lambda-demo-logan-test-2",
            "expected_bucket_owner": "",
            "id": "terraform-api-gateway-lambda-demo-logan-test-2,private"
          },
          "sensitive_attributes": [],
          "private": "bnVsbA==",
          "dependencies": [
            "module.lambda_functions.aws_s3_bucket.lambda_bucket"
          ]
        }
      ]
    },
    {
      "module": "module.lambda_functions",
      "mode": "managed",
      "type": "aws_s3_object",
      "name": "lambda_code",
      "provider": "provider[\"registry.terraform.io/hashicorp/aws\"]",
      "instances": [
        {
          "index_key": "goodbye-dev",
          "schema_version": 0,
          "attributes": {
            "acl": "private",
            "bucket": "terraform-api-gateway-lambda-demo-logan-test-2",
            "bucket_key_enabled": false,
            "cache_control": "",
            "content": null,
            "content_base64": null,
            "content_disposition": "",
            "content_encoding": "",
            "content_language": "",
            "content_type": "binary/octet-stream",
            "etag": "5be50170cfb621f1fab9ddf5a5d8c73d",
            "force_destroy": false,
            "id": "goodbye.zip",
            "key": "goodbye.zip",
            "kms_key_id": null,
            "metadata": null,
            "object_lock_legal_hold_status": "",
            "object_lock_mode": "",
            "object_lock_retain_until_date": "",
            "server_side_encryption": "",
            "source": "./../goodbye.zip",
            "source_hash": null,
            "storage_class": "STANDARD",
            "tags": null,
            "tags_all": {},
            "version_id": "",
            "website_redirect": ""
          },
          "sensitive_attributes": [],
          "private": "bnVsbA==",
          "dependencies": [
            "module.lambda_functions.aws_s3_bucket.lambda_bucket",
            "module.lambda_functions.data.archive_file.lambda_code"
          ]
        },
        {
          "index_key": "goodbye-ng",
          "schema_version": 0,
          "attributes": {
            "acl": "private",
            "bucket": "terraform-api-gateway-lambda-demo-logan-test-2",
            "bucket_key_enabled": false,
            "cache_control": "",
            "content": null,
            "content_base64": null,
            "content_disposition": "",
            "content_encoding": "",
            "content_language": "",
            "content_type": "binary/octet-stream",
            "etag": "5be50170cfb621f1fab9ddf5a5d8c73d",
            "force_destroy": false,
            "id": "goodbye.zip",
            "key": "goodbye.zip",
            "kms_key_id": null,
            "metadata": null,
            "object_lock_legal_hold_status": "",
            "object_lock_mode": "",
            "object_lock_retain_until_date": "",
            "server_side_encryption": "",
            "source": "./../goodbye.zip",
            "source_hash": null,
            "storage_class": "STANDARD",
            "tags": null,
            "tags_all": {},
            "version_id": "",
            "website_redirect": ""
          },
          "sensitive_attributes": [],
          "private": "bnVsbA==",
          "dependencies": [
            "module.lambda_functions.aws_s3_bucket.lambda_bucket",
            "module.lambda_functions.data.archive_file.lambda_code"
          ]
        },
        {
          "index_key": "goodbye-qa",
          "schema_version": 0,
          "attributes": {
            "acl": "private",
            "bucket": "terraform-api-gateway-lambda-demo-logan-test-2",
            "bucket_key_enabled": false,
            "cache_control": "",
            "content": null,
            "content_base64": null,
            "content_disposition": "",
            "content_encoding": "",
            "content_language": "",
            "content_type": "binary/octet-stream",
            "etag": "5be50170cfb621f1fab9ddf5a5d8c73d",
            "force_destroy": false,
            "id": "goodbye.zip",
            "key": "goodbye.zip",
            "kms_key_id": null,
            "metadata": null,
            "object_lock_legal_hold_status": "",
            "object_lock_mode": "",
            "object_lock_retain_until_date": "",
            "server_side_encryption": "",
            "source": "./../goodbye.zip",
            "source_hash": null,
            "storage_class": "STANDARD",
            "tags": null,
            "tags_all": {},
            "version_id": "",
            "website_redirect": ""
          },
          "sensitive_attributes": [],
          "private": "bnVsbA==",
          "dependencies": [
            "module.lambda_functions.aws_s3_bucket.lambda_bucket",
            "module.lambda_functions.data.archive_file.lambda_code"
          ]
        },
        {
          "index_key": "goodbye-uat",
          "schema_version": 0,
          "attributes": {
            "acl": "private",
            "bucket": "terraform-api-gateway-lambda-demo-logan-test-2",
            "bucket_key_enabled": false,
            "cache_control": "",
            "content": null,
            "content_base64": null,
            "content_disposition": "",
            "content_encoding": "",
            "content_language": "",
            "content_type": "binary/octet-stream",
            "etag": "5be50170cfb621f1fab9ddf5a5d8c73d",
            "force_destroy": false,
            "id": "goodbye.zip",
            "key": "goodbye.zip",
            "kms_key_id": null,
            "metadata": null,
            "object_lock_legal_hold_status": "",
            "object_lock_mode": "",
            "object_lock_retain_until_date": "",
            "server_side_encryption": "",
            "source": "./../goodbye.zip",
            "source_hash": null,
            "storage_class": "STANDARD",
            "tags": null,
            "tags_all": {},
            "version_id": "",
            "website_redirect": ""
          },
          "sensitive_attributes": [],
          "private": "bnVsbA==",
          "dependencies": [
            "module.lambda_functions.aws_s3_bucket.lambda_bucket",
            "module.lambda_functions.data.archive_file.lambda_code"
          ]
        },
        {
          "index_key": "hello-dev",
          "schema_version": 0,
          "attributes": {
            "acl": "private",
            "bucket": "terraform-api-gateway-lambda-demo-logan-test-2",
            "bucket_key_enabled": false,
            "cache_control": "",
            "content": null,
            "content_base64": null,
            "content_disposition": "",
            "content_encoding": "",
            "content_language": "",
            "content_type": "binary/octet-stream",
            "etag": "0d0f4d31dfc8e9f5eafb9e60779b250b",
            "force_destroy": false,
            "id": "hello.zip",
            "key": "hello.zip",
            "kms_key_id": null,
            "metadata": null,
            "object_lock_legal_hold_status": "",
            "object_lock_mode": "",
            "object_lock_retain_until_date": "",
            "server_side_encryption": "",
            "source": "./../hello.zip",
            "source_hash": null,
            "storage_class": "STANDARD",
            "tags": null,
            "tags_all": {},
            "version_id": "",
            "website_redirect": ""
          },
          "sensitive_attributes": [],
          "private": "bnVsbA==",
          "dependencies": [
            "module.lambda_functions.aws_s3_bucket.lambda_bucket",
            "module.lambda_functions.data.archive_file.lambda_code"
          ]
        },
        {
          "index_key": "hello-ng",
          "schema_version": 0,
          "attributes": {
            "acl": "private",
            "bucket": "terraform-api-gateway-lambda-demo-logan-test-2",
            "bucket_key_enabled": false,
            "cache_control": "",
            "content": null,
            "content_base64": null,
            "content_disposition": "",
            "content_encoding": "",
            "content_language": "",
            "content_type": "binary/octet-stream",
            "etag": "0d0f4d31dfc8e9f5eafb9e60779b250b",
            "force_destroy": false,
            "id": "hello.zip",
            "key": "hello.zip",
            "kms_key_id": null,
            "metadata": null,
            "object_lock_legal_hold_status": "",
            "object_lock_mode": "",
            "object_lock_retain_until_date": "",
            "server_side_encryption": "",
            "source": "./../hello.zip",
            "source_hash": null,
            "storage_class": "STANDARD",
            "tags": null,
            "tags_all": {},
            "version_id": "",
            "website_redirect": ""
          },
          "sensitive_attributes": [],
          "private": "bnVsbA==",
          "dependencies": [
            "module.lambda_functions.aws_s3_bucket.lambda_bucket",
            "module.lambda_functions.data.archive_file.lambda_code"
          ]
        },
        {
          "index_key": "hello-qa",
          "schema_version": 0,
          "attributes": {
            "acl": "private",
            "bucket": "terraform-api-gateway-lambda-demo-logan-test-2",
            "bucket_key_enabled": false,
            "cache_control": "",
            "content": null,
            "content_base64": null,
            "content_disposition": "",
            "content_encoding": "",
            "content_language": "",
            "content_type": "binary/octet-stream",
            "etag": "0d0f4d31dfc8e9f5eafb9e60779b250b",
            "force_destroy": false,
            "id": "hello.zip",
            "key": "hello.zip",
            "kms_key_id": null,
            "metadata": null,
            "object_lock_legal_hold_status": "",
            "object_lock_mode": "",
            "object_lock_retain_until_date": "",
            "server_side_encryption": "",
            "source": "./../hello.zip",
            "source_hash": null,
            "storage_class": "STANDARD",
            "tags": null,
            "tags_all": {},
            "version_id": "",
            "website_redirect": ""
          },
          "sensitive_attributes": [],
          "private": "bnVsbA==",
          "dependencies": [
            "module.lambda_functions.aws_s3_bucket.lambda_bucket",
            "module.lambda_functions.data.archive_file.lambda_code"
          ]
        },
        {
          "index_key": "hello-uat",
          "schema_version": 0,
          "attributes": {
            "acl": "private",
            "bucket": "terraform-api-gateway-lambda-demo-logan-test-2",
            "bucket_key_enabled": false,
            "cache_control": "",
            "content": null,
            "content_base64": null,
            "content_disposition": "",
            "content_encoding": "",
            "content_language": "",
            "content_type": "binary/octet-stream",
            "etag": "0d0f4d31dfc8e9f5eafb9e60779b250b",
            "force_destroy": false,
            "id": "hello.zip",
            "key": "hello.zip",
            "kms_key_id": null,
            "metadata": null,
            "object_lock_legal_hold_status": "",
            "object_lock_mode": "",
            "object_lock_retain_until_date": "",
            "server_side_encryption": "",
            "source": "./../hello.zip",
            "source_hash": null,
            "storage_class": "STANDARD",
            "tags": null,
            "tags_all": {},
            "version_id": "",
            "website_redirect": ""
          },
          "sensitive_attributes": [],
          "private": "bnVsbA==",
          "dependencies": [
            "module.lambda_functions.aws_s3_bucket.lambda_bucket",
            "module.lambda_functions.data.archive_file.lambda_code"
          ]
        },
        {
          "index_key": "users-dev",
          "schema_version": 0,
          "attributes": {
            "acl": "private",
            "bucket": "terraform-api-gateway-lambda-demo-logan-test-2",
            "bucket_key_enabled": false,
            "cache_control": "",
            "content": null,
            "content_base64": null,
            "content_disposition": "",
            "content_encoding": "",
            "content_language": "",
            "content_type": "binary/octet-stream",
            "etag": "b0d650aee81836ce738b924a08be777a",
            "force_destroy": false,
            "id": "users.zip",
            "key": "users.zip",
            "kms_key_id": null,
            "metadata": null,
            "object_lock_legal_hold_status": "",
            "object_lock_mode": "",
            "object_lock_retain_until_date": "",
            "server_side_encryption": "",
            "source": "./../users.zip",
            "source_hash": null,
            "storage_class": "STANDARD",
            "tags": null,
            "tags_all": {},
            "version_id": "",
            "website_redirect": ""
          },
          "sensitive_attributes": [],
          "private": "bnVsbA==",
          "dependencies": [
            "module.lambda_functions.aws_s3_bucket.lambda_bucket",
            "module.lambda_functions.data.archive_file.lambda_code"
          ]
        },
        {
          "index_key": "users-ng",
          "schema_version": 0,
          "attributes": {
            "acl": "private",
            "bucket": "terraform-api-gateway-lambda-demo-logan-test-2",
            "bucket_key_enabled": false,
            "cache_control": "",
            "content": null,
            "content_base64": null,
            "content_disposition": "",
            "content_encoding": "",
            "content_language": "",
            "content_type": "binary/octet-stream",
            "etag": "b0d650aee81836ce738b924a08be777a",
            "force_destroy": false,
            "id": "users.zip",
            "key": "users.zip",
            "kms_key_id": null,
            "metadata": null,
            "object_lock_legal_hold_status": "",
            "object_lock_mode": "",
            "object_lock_retain_until_date": "",
            "server_side_encryption": "",
            "source": "./../users.zip",
            "source_hash": null,
            "storage_class": "STANDARD",
            "tags": null,
            "tags_all": {},
            "version_id": "",
            "website_redirect": ""
          },
          "sensitive_attributes": [],
          "private": "bnVsbA==",
          "dependencies": [
            "module.lambda_functions.aws_s3_bucket.lambda_bucket",
            "module.lambda_functions.data.archive_file.lambda_code"
          ]
        },
        {
          "index_key": "users-qa",
          "schema_version": 0,
          "attributes": {
            "acl": "private",
            "bucket": "terraform-api-gateway-lambda-demo-logan-test-2",
            "bucket_key_enabled": false,
            "cache_control": "",
            "content": null,
            "content_base64": null,
            "content_disposition": "",
            "content_encoding": "",
            "content_language": "",
            "content_type": "binary/octet-stream",
            "etag": "b0d650aee81836ce738b924a08be777a",
            "force_destroy": false,
            "id": "users.zip",
            "key": "users.zip",
            "kms_key_id": null,
            "metadata": null,
            "object_lock_legal_hold_status": "",
            "object_lock_mode": "",
            "object_lock_retain_until_date": "",
            "server_side_encryption": "",
            "source": "./../users.zip",
            "source_hash": null,
            "storage_class": "STANDARD",
            "tags": null,
            "tags_all": {},
            "version_id": "",
            "website_redirect": ""
          },
          "sensitive_attributes": [],
          "private": "bnVsbA==",
          "dependencies": [
            "module.lambda_functions.aws_s3_bucket.lambda_bucket",
            "module.lambda_functions.data.archive_file.lambda_code"
          ]
        },
        {
          "index_key": "users-uat",
          "schema_version": 0,
          "attributes": {
            "acl": "private",
            "bucket": "terraform-api-gateway-lambda-demo-logan-test-2",
            "bucket_key_enabled": false,
            "cache_control": "",
            "content": null,
            "content_base64": null,
            "content_disposition": "",
            "content_encoding": "",
            "content_language": "",
            "content_type": "binary/octet-stream",
            "etag": "b0d650aee81836ce738b924a08be777a",
            "force_destroy": false,
            "id": "users.zip",
            "key": "users.zip",
            "kms_key_id": null,
            "metadata": null,
            "object_lock_legal_hold_status": "",
            "object_lock_mode": "",
            "object_lock_retain_until_date": "",
            "server_side_encryption": "",
            "source": "./../users.zip",
            "source_hash": null,
            "storage_class": "STANDARD",
            "tags": null,
            "tags_all": {},
            "version_id": "",
            "website_redirect": ""
          },
          "sensitive_attributes": [],
          "private": "bnVsbA==",
          "dependencies": [
            "module.lambda_functions.aws_s3_bucket.lambda_bucket",
            "module.lambda_functions.data.archive_file.lambda_code"
          ]
        }
      ]
    },
    {
      "module": "module.lambda_functions",
      "mode": "managed",
      "type": "aws_s3_object",
      "name": "lambda_code_child",
      "provider": "provider[\"registry.terraform.io/hashicorp/aws\"]",
      "instances": [
        {
          "index_key": "userId-dev",
          "schema_version": 0,
          "attributes": {
            "acl": "private",
            "bucket": "terraform-api-gateway-lambda-demo-logan-test-2",
            "bucket_key_enabled": false,
            "cache_control": "",
            "content": null,
            "content_base64": null,
            "content_disposition": "",
            "content_encoding": "",
            "content_language": "",
            "content_type": "binary/octet-stream",
            "etag": "70b4474d22cb0a0ba9f1b71ca745e8a3",
            "force_destroy": false,
            "id": "userId.zip",
            "key": "userId.zip",
            "kms_key_id": null,
            "metadata": null,
            "object_lock_legal_hold_status": "",
            "object_lock_mode": "",
            "object_lock_retain_until_date": "",
            "server_side_encryption": "",
            "source": "./../userId.zip",
            "source_hash": null,
            "storage_class": "STANDARD",
            "tags": null,
            "tags_all": {},
            "version_id": "",
            "website_redirect": ""
          },
          "sensitive_attributes": [],
          "private": "bnVsbA==",
          "dependencies": [
            "module.lambda_functions.aws_s3_bucket.lambda_bucket",
            "module.lambda_functions.data.archive_file.lambda_code_child"
          ]
        },
        {
          "index_key": "userId-ng",
          "schema_version": 0,
          "attributes": {
            "acl": "private",
            "bucket": "terraform-api-gateway-lambda-demo-logan-test-2",
            "bucket_key_enabled": false,
            "cache_control": "",
            "content": null,
            "content_base64": null,
            "content_disposition": "",
            "content_encoding": "",
            "content_language": "",
            "content_type": "binary/octet-stream",
            "etag": "70b4474d22cb0a0ba9f1b71ca745e8a3",
            "force_destroy": false,
            "id": "userId.zip",
            "key": "userId.zip",
            "kms_key_id": null,
            "metadata": null,
            "object_lock_legal_hold_status": "",
            "object_lock_mode": "",
            "object_lock_retain_until_date": "",
            "server_side_encryption": "",
            "source": "./../userId.zip",
            "source_hash": null,
            "storage_class": "STANDARD",
            "tags": null,
            "tags_all": {},
            "version_id": "",
            "website_redirect": ""
          },
          "sensitive_attributes": [],
          "private": "bnVsbA==",
          "dependencies": [
            "module.lambda_functions.aws_s3_bucket.lambda_bucket",
            "module.lambda_functions.data.archive_file.lambda_code_child"
          ]
        },
        {
          "index_key": "userId-qa",
          "schema_version": 0,
          "attributes": {
            "acl": "private",
            "bucket": "terraform-api-gateway-lambda-demo-logan-test-2",
            "bucket_key_enabled": false,
            "cache_control": "",
            "content": null,
            "content_base64": null,
            "content_disposition": "",
            "content_encoding": "",
            "content_language": "",
            "content_type": "binary/octet-stream",
            "etag": "70b4474d22cb0a0ba9f1b71ca745e8a3",
            "force_destroy": false,
            "id": "userId.zip",
            "key": "userId.zip",
            "kms_key_id": null,
            "metadata": null,
            "object_lock_legal_hold_status": "",
            "object_lock_mode": "",
            "object_lock_retain_until_date": "",
            "server_side_encryption": "",
            "source": "./../userId.zip",
            "source_hash": null,
            "storage_class": "STANDARD",
            "tags": null,
            "tags_all": {},
            "version_id": "",
            "website_redirect": ""
          },
          "sensitive_attributes": [],
          "private": "bnVsbA==",
          "dependencies": [
            "module.lambda_functions.aws_s3_bucket.lambda_bucket",
            "module.lambda_functions.data.archive_file.lambda_code_child"
          ]
        },
        {
          "index_key": "userId-uat",
          "schema_version": 0,
          "attributes": {
            "acl": "private",
            "bucket": "terraform-api-gateway-lambda-demo-logan-test-2",
            "bucket_key_enabled": false,
            "cache_control": "",
            "content": null,
            "content_base64": null,
            "content_disposition": "",
            "content_encoding": "",
            "content_language": "",
            "content_type": "binary/octet-stream",
            "etag": "70b4474d22cb0a0ba9f1b71ca745e8a3",
            "force_destroy": false,
            "id": "userId.zip",
            "key": "userId.zip",
            "kms_key_id": null,
            "metadata": null,
            "object_lock_legal_hold_status": "",
            "object_lock_mode": "",
            "object_lock_retain_until_date": "",
            "server_side_encryption": "",
            "source": "./../userId.zip",
            "source_hash": null,
            "storage_class": "STANDARD",
            "tags": null,
            "tags_all": {},
            "version_id": "",
            "website_redirect": ""
          },
          "sensitive_attributes": [],
          "private": "bnVsbA==",
          "dependencies": [
            "module.lambda_functions.aws_s3_bucket.lambda_bucket",
            "module.lambda_functions.data.archive_file.lambda_code_child"
          ]
        }
      ]
    }
  ]
}
